{
  "version": 4,
  "terraform_version": "1.9.5",
  "serial": 273,
  "lineage": "5d2dc8c7-d0a0-a191-d762-6e9179518dd0",
  "outputs": {},
  "resources": [
    {
      "module": "module.ec2",
      "mode": "managed",
      "type": "aws_instance",
      "name": "ec2-pub-wattson",
      "provider": "provider[\"registry.terraform.io/hashicorp/aws\"]",
      "instances": [
        {
          "schema_version": 1,
          "attributes": {
            "ami": "ami-0e86e20dae9224db8",
            "arn": "arn:aws:ec2:us-east-1:046578430624:instance/i-08817bdee29cc0704",
            "associate_public_ip_address": true,
            "availability_zone": "us-east-1a",
            "capacity_reservation_specification": [
              {
                "capacity_reservation_preference": "open",
                "capacity_reservation_target": []
              }
            ],
            "cpu_core_count": 1,
            "cpu_options": [
              {
                "amd_sev_snp": "",
                "core_count": 1,
                "threads_per_core": 1
              }
            ],
            "cpu_threads_per_core": 1,
            "credit_specification": [
              {
                "cpu_credits": "standard"
              }
            ],
            "disable_api_stop": false,
            "disable_api_termination": false,
            "ebs_block_device": [
              {
                "delete_on_termination": true,
                "device_name": "/dev/sda1",
                "encrypted": false,
                "iops": 3000,
                "kms_key_id": "",
                "snapshot_id": "",
                "tags": {},
                "throughput": 125,
                "volume_id": "vol-09d179b94770017c6",
                "volume_size": 15,
                "volume_type": "gp3"
              }
            ],
            "ebs_optimized": false,
            "enclave_options": [
              {
                "enabled": false
              }
            ],
            "ephemeral_block_device": [],
            "get_password_data": false,
            "hibernation": false,
            "host_id": "",
            "host_resource_group_arn": null,
            "iam_instance_profile": "",
            "id": "i-08817bdee29cc0704",
            "instance_initiated_shutdown_behavior": "stop",
            "instance_state": "running",
            "instance_type": "t2.micro",
            "ipv6_address_count": 0,
            "ipv6_addresses": [],
            "key_name": "public_key_wattson",
            "launch_template": [],
            "maintenance_options": [
              {
                "auto_recovery": "default"
              }
            ],
            "metadata_options": [
              {
                "http_endpoint": "enabled",
                "http_put_response_hop_limit": 2,
                "http_tokens": "required",
                "instance_metadata_tags": "disabled"
              }
            ],
            "monitoring": false,
            "network_interface": [],
            "outpost_arn": "",
            "password_data": "",
            "placement_group": "",
            "placement_partition_number": 0,
            "primary_network_interface_id": "eni-096089ddec4bfd38c",
            "private_dns": "ip-10-0-0-18.ec2.internal",
            "private_dns_name_options": [
              {
                "enable_resource_name_dns_a_record": true,
                "enable_resource_name_dns_aaaa_record": false,
                "hostname_type": "ip-name"
              }
            ],
            "private_ip": "10.0.0.18",
            "public_dns": "ec2-44-201-87-109.compute-1.amazonaws.com",
            "public_ip": "44.201.87.109",
            "root_block_device": [
              {
                "delete_on_termination": true,
                "device_name": "/dev/sda1",
                "encrypted": false,
                "iops": 3000,
                "kms_key_id": "",
                "tags": {},
                "throughput": 125,
                "volume_id": "vol-09d179b94770017c6",
                "volume_size": 15,
                "volume_type": "gp3"
              }
            ],
            "secondary_private_ips": [],
            "security_groups": [],
            "source_dest_check": true,
            "subnet_id": "subnet-0b62de5d6c9a6345b",
            "tags": {
              "Name": "ec2-wattson"
            },
            "tags_all": {
              "Name": "ec2-wattson"
            },
            "tenancy": "default",
            "timeouts": null,
            "user_data": null,
            "user_data_base64": null,
            "user_data_replace_on_change": false,
            "volume_tags": null,
            "vpc_security_group_ids": [
              "sg-06247b33780294249"
            ]
          },
          "sensitive_attributes": [],
          "private": "eyJlMmJmYjczMC1lY2FhLTExZTYtOGY4OC0zNDM2M2JjN2M0YzAiOnsiY3JlYXRlIjo2MDAwMDAwMDAwMDAsImRlbGV0ZSI6MTIwMDAwMDAwMDAwMCwidXBkYXRlIjo2MDAwMDAwMDAwMDB9LCJzY2hlbWFfdmVyc2lvbiI6IjEifQ==",
          "dependencies": [
            "module.keys.aws_key_pair.kp",
            "module.keys.tls_private_key.pk",
            "module.security_group.aws_security_group.sgp_pub_wattson",
            "module.vpc.aws_subnet.sub-pub-wattson",
            "module.vpc.aws_vpc.vpc-wattson"
          ]
        }
      ]
    },
    {
      "module": "module.keys",
      "mode": "managed",
      "type": "aws_key_pair",
      "name": "kp",
      "provider": "provider[\"registry.terraform.io/hashicorp/aws\"]",
      "instances": [
        {
          "schema_version": 1,
          "attributes": {
            "arn": "arn:aws:ec2:us-east-1:046578430624:key-pair/public_key_wattson",
            "fingerprint": "ea:fc:7a:b1:1e:5c:85:29:0d:2e:ad:26:37:4a:1b:1a",
            "id": "public_key_wattson",
            "key_name": "public_key_wattson",
            "key_name_prefix": "",
            "key_pair_id": "key-0b2de364c685b5348",
            "key_type": "rsa",
            "public_key": "ssh-rsa AAAAB3NzaC1yc2EAAAADAQABAAACAQCfNgzcN7iWSU071AkMQop81ybPylEKBRM+p9rIi7i9HqPQTYT6LPIRK8LHFSRDcR2SqM0vurCg4hDzm5G/41ix+7J3jc086RVrT4zHuqXVAmlJOg1S6f1DLTGbnwThT9lg0FajR3CVHPTT8LcIcOANlIdWwtGpsh0Dqzg7GkuD5ipDQX+OI4wgcXtag4OCvk6I6Q4Xe5a3b0kRBcZM/o/lai9AIyeDiD6tAyEVeC4b2G4IRdbN7IW50TQFysqP9CN0VB3a0vIGGBM7EIewBm+/58lf5iQj97EtPugE2o1bOEBvp1KvTlkm4ASo2urRsyA4XYhPL8JD8JNDB8C/OwqJo/GNDcgLu0Afy3nldHZ2JqxxhQI80Qe9zyt8ftSvcNw/L7OmPxPXBxaF07/kXVHbn2KvyZ54nnrs8jW+ET4lNnWOI7DW/g46fpd/CkOKFM1azACEQnWxy4l+szccsgadt4gr5EW1JTm3U+EPDq3j86+hpAB0Tw/d40Ui9Qga/iA/S0WloJmagH81QSa062H1FRiiYuxNDycLZeDZAvNnd4PjhxtteZPlGp7tNkf93TXuG42A21VbjxVmSNg9TSwP1IUUegH24fkv0F3+uLKwV3KnJ+pmv/Q/WbsK42QYwxHDZj3ruiK8mxKpwjuU0H6IQ0O9pl2QIoilZL+9TyV5Aw==",
            "tags": null,
            "tags_all": {}
          },
          "sensitive_attributes": [],
          "private": "eyJzY2hlbWFfdmVyc2lvbiI6IjEifQ==",
          "dependencies": [
            "module.keys.tls_private_key.pk"
          ]
        }
      ]
    },
    {
      "module": "module.keys",
      "mode": "managed",
      "type": "local_file",
      "name": "ssh_key",
      "provider": "provider[\"registry.terraform.io/hashicorp/local\"]",
      "instances": [
        {
          "schema_version": 0,
          "attributes": {
            "content": "-----BEGIN RSA PRIVATE KEY-----\nMIIJJwIBAAKCAgEAnzYM3De4lklNO9QJDEKKfNcmz8pRCgUTPqfayIu4vR6j0E2E\n+izyESvCxxUkQ3EdkqjNL7qwoOIQ85uRv+NYsfuyd43NPOkVa0+Mx7ql1QJpSToN\nUun9Qy0xm58E4U/ZYNBWo0dwlRz00/C3CHDgDZSHVsLRqbIdA6s4OxpLg+YqQ0F/\njiOMIHF7WoODgr5OiOkOF3uWt29JEQXGTP6P5WovQCMng4g+rQMhFXguG9huCEXW\nzeyFudE0BcrKj/QjdFQd2tLyBhgTOxCHsAZvv+fJX+YkI/exLT7oBNqNWzhAb6dS\nr05ZJuAEqNrq0bMgOF2ITy/CQ/CTQwfAvzsKiaPxjQ3IC7tAH8t55XR2diascYUC\nPNEHvc8rfH7Ur3DcPy+zpj8T1wcWhdO/5F1R259ir8meeJ567PI1vhE+JTZ1jiOw\n1v4OOn6XfwpDihTNWswAhEJ1scuJfrM3HLIGnbeIK+RFtSU5t1PhDw6t4/OvoaQA\ndE8P3eNFIvUIGv4gP0tFpaCZmoB/NUEmtOth9RUYomLsTQ8nC2Xg2QLzZ3eD44cb\nbXmT5Rqe7TZH/d017huNgNtVW48VZkjYPU0sD9SFFHoB9uH5L9Bd/riysFdypyfq\nZr/0P1m7CuNkGMMRw2Y967oivJsSqcI7lNB+iENDvaZdkCKIpWS/vU8leQMCAwEA\nAQKCAgABmnW+sgD14n8YnyYILZNfdns5lHwEcdCjzOTzKBUQMoLL0jwImPNHIP2x\nK5FV7ImztGd8l5C3zg8FpQduu0dlY3eEpLTwbBh/ICn2yPZqkr+ksST5NMoMJyRc\nwNk3u6ogw3hb5JhJqCT/DWmKeDiJanmCcivSXazVIKBMWBNynJrIWpyCPfFnUj0/\nyBtG8cuwrUgrDF+UMVa3CSvaEqY4VT1sk+4N8Q1QiLuIj9FHDoLtKmbjZAJkwKqZ\ndFVd5cOFpGM4lO9DCHMJIT18lFQDxr3MbXDnu9LY9c04X0sVJBfiB/lZMpzLO25Q\nlQPQYNFuP+LjiUOXk5CoGCfkxR9yB1bA6aqHyEL+PCDg0wxK58KiJ28hNHlQ6po5\nPSAfWc+HhlSdWMLdipbr0RbhmdXHQk58saGnpJdgfw9XZ2S7RVnwQ3p/7P7SgfW1\nypFHGxxnYv6gMwBtSNWgZK9gF0aqkWMIcUFmeckaKTUb7twiio4lp9T/gDqkO1rZ\nhutkPzLbZepVBpWZu8/gzIM+CEDYyTXtKaJBXLJRjakD6xbENYEM1q0V5ZcgsXT5\nVLynojsSAI0opSX/tD/sudPiSQjLr+zNyJvDlgs8yGRwZYrVonEo4AMvZMiy25dW\nT4t66IPcP+7CRf7ut0hPPH9V3hRSRqO2bUaCVQL9wZjJIeZGAQKCAQEAwZ/TxrGv\nq5rW2PTD5XwTcet/JoqxkyaXW7lktUEt4nYMwBkt5F65Q1R0LQeWs6TfI1DYJXKB\nZ221B0yXBn/5yWpZpKUBt27LqhnXUWpXHxLDDA7/M0ZRaopYbRnJ6sp5fo9ndwfi\nKXR0EyAOhPovDtG44ZDQ84khbBUrDIpuPtGQj6z/od93MnyXTvkuFLmssLUxXmYM\nfzZ93zfIEdyo/VtmDDTZwibE2ciy/rqHP35uOY0ebPki91zN1vsANLZIOgXVo0ZY\nshybHWpnl2vfBJhRSQq9USgupFhglLF35oGGgXtm/GQaxu90yeGzhmX00R46EhI8\nI8OgVitgq9ZDwwKCAQEA0oAr7VDBYMyn7jWiXOV1TcHBeFhEBpk9wVrhvKLWI8ds\nrA71fk9f6l3WsIi241KS8tvtUQfJWZCs4zdS+Z+oSnD6imLy81OZ+BdaCeNpHLT4\nLVIGwV3PmUYLAGLXLh3yja8i9Q9iCeXdgjNfMT0/fKX5DvuIgXuyYdKJEHlX9fU9\nLC+OXecCLM2g5b/u/FQZDHOWbLOittn1fFrgzeoFve+6GGiumxoCjDbkOFV3DGCG\nPFCZZAaOmvfURi9s1hn13pLAnkctxtCftAd0OmYq0P5JAPvRyL/Kxyb4URsuDSNV\nzFH0KFTaYCbibUTLBPr1mCnBQbNujowXcnErf9rhwQKCAQB+rU+DtmqlTid0SCcG\nM/gQ1y8YCzOEf4IVO6T8xQj9GZjb8V1KBQMWXuGnOEjLfXmThGf1kAXDok4G2YAR\ne5bzxMWjZ2VJGo7a2g86L+WR6dd8Qy+J316S4rJZpr6pAxEb0Tyy7pBz6MGsZZO6\nQmiZPHLF+NYMD1KzgOHqUYMxTDBVH60bvbUhbcwcmgAhBR1LezAyf3d7ny4Y5Ujb\nDs/s+mg4Yjd5w52Ukq8w4t5rlw8MThxy1UigJ7JwDUWkNwHoHDsamIKc/QQq6Zue\nwK9nNTQxInqb5zskwMFnZvh38ZQLkK3fQKsYLj/teOHYc0oJqsn5Wr7H80wqNDUK\nF6O7AoIBAA5OU63vPRU9E3SnBH/XwF8meeWZ6hWguIe5i3nsfy0zUnlnEtwgvN4K\nvpqE0Bkm9YG33KsTImYJ5RYUHnmElkVo5D4fd29+EQrBW4csg2pGCk/aMUdW/tLl\n5b2C+ijSNDfY3UFWaE1P5/v/Tcrk5Lmt9f1ErwRNydPIITSTapz2q8+i88QB/S3a\nU8MJhk5z0Lf96w08MCTJL1viOUEFVJqR/k3GX4d+/wlUebIybMLUlIro12Pq5io2\nCaEze+wZG5Ki2qBnKf9HEnODxixp4SMPBRsiAiHolvlt9pZciIawDhaywysyiRzb\nx6uxbzLJc4OB4vZ6IVtivf0zH8eysoECggEAUfX+gAdBtGKvA/7CwJlIfIWwrCMs\n+irmzS2fB6LNsW2pzT9/7wa9qSvhZaALriI6pbUXIwI/dBfX+IEvup+Ar7D7roGz\n52ZFC+9AsVDcbCfGGLwFpqOLd+AS/e39BTCHcXES1cd4e+TpxeQvq6Fy2c88PqYT\nUemLbi47ymHe895Vbgn0kHqRoy7py2TseQQYKypsNpNLK1FGv0qDuSsHchxMJF8B\ng0H5L0JbqMvnru2MUSRxk8++mrtzV+9u72duB/sVzFxMG7ABG34eqPh4xwoAtPN/\nm4rRtIrZUgRecw/nql4aJIXiMFUgKVoDOiWpS/ldoNFC//76SN2fEeJtNw==\n-----END RSA PRIVATE KEY-----\n",
            "content_base64": null,
            "content_base64sha256": "m26UuSSBysE50yC/P/BoOlKsijUSl0FIdsbLMaxdbeI=",
            "content_base64sha512": "kkAjBK7eZFFJRJe7wLWiWzAywbYfoNPa2o2DFLZe7+Q6jMj7AhscPQRtepkema/MKNDbYfkxqpQ8pRDTGnTYSg==",
            "content_md5": "156c128202e8e36f30e2dcda3ce4991a",
            "content_sha1": "20d923fb5d435b45b99021494340cf5d57dbf986",
            "content_sha256": "9b6e94b92481cac139d320bf3ff0683a52ac8a351297414876c6cb31ac5d6de2",
            "content_sha512": "92402304aede6451494497bbc0b5a25b3032c1b61fa0d3dada8d8314b65eefe43a8cc8fb021b1c3d046d7a991e99afcc28d0db61f931aa943ca510d31a74d84a",
            "directory_permission": "0777",
            "file_permission": "0400",
            "filename": "public_key_wattson.pem",
            "id": "20d923fb5d435b45b99021494340cf5d57dbf986",
            "sensitive_content": null,
            "source": null
          },
          "sensitive_attributes": [
            [
              {
                "type": "get_attr",
                "value": "sensitive_content"
              }
            ],
            [
              {
                "type": "get_attr",
                "value": "content"
              }
            ]
          ],
          "dependencies": [
            "module.keys.aws_key_pair.kp",
            "module.keys.tls_private_key.pk"
          ]
        }
      ]
    },
    {
      "module": "module.keys",
      "mode": "managed",
      "type": "tls_private_key",
      "name": "pk",
      "provider": "provider[\"registry.terraform.io/hashicorp/tls\"]",
      "instances": [
        {
          "schema_version": 1,
          "attributes": {
            "algorithm": "RSA",
            "ecdsa_curve": "P224",
            "id": "9f1b3b6678017009a1d9b398548d8f71444d40b2",
            "private_key_openssh": "-----BEGIN OPENSSH PRIVATE KEY-----\nb3BlbnNzaC1rZXktdjEAAAAABG5vbmUAAAAEbm9uZQAAAAAAAAABAAACFwAAAAdz\nc2gtcnNhAAAAAwEAAQAAAgEAnzYM3De4lklNO9QJDEKKfNcmz8pRCgUTPqfayIu4\nvR6j0E2E+izyESvCxxUkQ3EdkqjNL7qwoOIQ85uRv+NYsfuyd43NPOkVa0+Mx7ql\n1QJpSToNUun9Qy0xm58E4U/ZYNBWo0dwlRz00/C3CHDgDZSHVsLRqbIdA6s4OxpL\ng+YqQ0F/jiOMIHF7WoODgr5OiOkOF3uWt29JEQXGTP6P5WovQCMng4g+rQMhFXgu\nG9huCEXWzeyFudE0BcrKj/QjdFQd2tLyBhgTOxCHsAZvv+fJX+YkI/exLT7oBNqN\nWzhAb6dSr05ZJuAEqNrq0bMgOF2ITy/CQ/CTQwfAvzsKiaPxjQ3IC7tAH8t55XR2\ndiascYUCPNEHvc8rfH7Ur3DcPy+zpj8T1wcWhdO/5F1R259ir8meeJ567PI1vhE+\nJTZ1jiOw1v4OOn6XfwpDihTNWswAhEJ1scuJfrM3HLIGnbeIK+RFtSU5t1PhDw6t\n4/OvoaQAdE8P3eNFIvUIGv4gP0tFpaCZmoB/NUEmtOth9RUYomLsTQ8nC2Xg2QLz\nZ3eD44cbbXmT5Rqe7TZH/d017huNgNtVW48VZkjYPU0sD9SFFHoB9uH5L9Bd/riy\nsFdypyfqZr/0P1m7CuNkGMMRw2Y967oivJsSqcI7lNB+iENDvaZdkCKIpWS/vU8l\neQMAAAc4jF8lFIxfJRQAAAAHc3NoLXJzYQAAAgEAnzYM3De4lklNO9QJDEKKfNcm\nz8pRCgUTPqfayIu4vR6j0E2E+izyESvCxxUkQ3EdkqjNL7qwoOIQ85uRv+NYsfuy\nd43NPOkVa0+Mx7ql1QJpSToNUun9Qy0xm58E4U/ZYNBWo0dwlRz00/C3CHDgDZSH\nVsLRqbIdA6s4OxpLg+YqQ0F/jiOMIHF7WoODgr5OiOkOF3uWt29JEQXGTP6P5Wov\nQCMng4g+rQMhFXguG9huCEXWzeyFudE0BcrKj/QjdFQd2tLyBhgTOxCHsAZvv+fJ\nX+YkI/exLT7oBNqNWzhAb6dSr05ZJuAEqNrq0bMgOF2ITy/CQ/CTQwfAvzsKiaPx\njQ3IC7tAH8t55XR2diascYUCPNEHvc8rfH7Ur3DcPy+zpj8T1wcWhdO/5F1R259i\nr8meeJ567PI1vhE+JTZ1jiOw1v4OOn6XfwpDihTNWswAhEJ1scuJfrM3HLIGnbeI\nK+RFtSU5t1PhDw6t4/OvoaQAdE8P3eNFIvUIGv4gP0tFpaCZmoB/NUEmtOth9RUY\nomLsTQ8nC2Xg2QLzZ3eD44cbbXmT5Rqe7TZH/d017huNgNtVW48VZkjYPU0sD9SF\nFHoB9uH5L9Bd/riysFdypyfqZr/0P1m7CuNkGMMRw2Y967oivJsSqcI7lNB+iEND\nvaZdkCKIpWS/vU8leQMAAAADAQABAAACAAGadb6yAPXifxifJggtk192ezmUfARx\n0KPM5PMoFRAygsvSPAiY80cg/bErkVXsibO0Z3yXkLfODwWlB267R2Vjd4SktPBs\nGH8gKfbI9mqSv6SxJPk0ygwnJFzA2Te7qiDDeFvkmEmoJP8NaYp4OIlqeYJyK9Jd\nrNUgoExYE3KcmshanII98WdSPT/IG0bxy7CtSCsMX5QxVrcJK9oSpjhVPWyT7g3x\nDVCIu4iP0UcOgu0qZuNkAmTAqpl0VV3lw4WkYziU70MIcwkhPXyUVAPGvcxtcOe7\n0tj1zThfSxUkF+IH+VkynMs7blCVA9Bg0W4/4uOJQ5eTkKgYJ+TFH3IHVsDpqofI\nQv48IODTDErnwqInbyE0eVDqmjk9IB9Zz4eGVJ1Ywt2KluvRFuGZ1cdCTnyxoaek\nl2B/D1dnZLtFWfBDen/s/tKB9bXKkUcbHGdi/qAzAG1I1aBkr2AXRqqRYwhxQWZ5\nyRopNRvu3CKKjiWn1P+AOqQ7WtmG62Q/Mttl6lUGlZm7z+DMgz4IQNjJNe0pokFc\nslGNqQPrFsQ1gQzWrRXllyCxdPlUvKeiOxIAjSilJf+0P+y50+JJCMuv7M3Im8OW\nCzzIZHBlitWicSjgAy9kyLLbl1ZPi3rog9w/7sJF/u63SE88f1XeFFJGo7ZtRoJV\nAv3BmMkh5kYBAAABAFH1/oAHQbRirwP+wsCZSHyFsKwjLPoq5s0tnweizbFtqc0/\nf+8Gvakr4WWgC64iOqW1FyMCP3QX1/iBL7qfgK+w+66Bs+dmRQvvQLFQ3Gwnxhi8\nBaaji3fgEv3t/QUwh3FxEtXHeHvk6cXkL6uhctnPPD6mE1Hpi24uO8ph3vPeVW4J\n9JB6kaMu6ctk7HkEGCsqbDaTSytRRr9Kg7krB3IcTCRfAYNB+S9CW6jL567tjFEk\ncZPPvpq7c1fvbu9nbgf7FcxcTBuwARt+Hqj4eMcKALTzf5uK0bSK2VIEXnMP56pe\nGiSF4jBVIClaAzolqUv5XaDRQv/++kjdnxHibTcAAAEBAMGf08axr6ua1tj0w+V8\nE3HrfyaKsZMml1u5ZLVBLeJ2DMAZLeReuUNUdC0HlrOk3yNQ2CVygWdttQdMlwZ/\n+clqWaSlAbduy6oZ11FqVx8SwwwO/zNGUWqKWG0ZyerKeX6PZ3cH4il0dBMgDoT6\nLw7RuOGQ0POJIWwVKwyKbj7RkI+s/6HfdzJ8l075LhS5rLC1MV5mDH82fd83yBHc\nqP1bZgw02cImxNnIsv66hz9+bjmNHmz5Ivdczdb7ADS2SDoF1aNGWLIcmx1qZ5dr\n3wSYUUkKvVEoLqRYYJSxd+aBhoF7ZvxkGsbvdMnhs4Zl9NEeOhISPCPDoFYrYKvW\nQ8MAAAEBANKAK+1QwWDMp+41olzldU3BwXhYRAaZPcFa4byi1iPHbKwO9X5PX+pd\n1rCItuNSkvLb7VEHyVmQrOM3UvmfqEpw+opi8vNTmfgXWgnjaRy0+C1SBsFdz5lG\nCwBi1y4d8o2vIvUPYgnl3YIzXzE9P3yl+Q77iIF7smHSiRB5V/X1PSwvjl3nAizN\noOW/7vxUGQxzlmyzorbZ9Xxa4M3qBb3vuhhorpsaAow25DhVdwxghjxQmWQGjpr3\n1EYvbNYZ9d6SwJ5HLcbQn7QHdDpmKtD+SQD70ci/yscm+FEbLg0jVcxR9ChU2mAm\n4m1EywT69ZgpwUGzbo6MF3JxK3/a4cEAAAAAAQID\n-----END OPENSSH PRIVATE KEY-----\n",
            "private_key_pem": "-----BEGIN RSA PRIVATE KEY-----\nMIIJJwIBAAKCAgEAnzYM3De4lklNO9QJDEKKfNcmz8pRCgUTPqfayIu4vR6j0E2E\n+izyESvCxxUkQ3EdkqjNL7qwoOIQ85uRv+NYsfuyd43NPOkVa0+Mx7ql1QJpSToN\nUun9Qy0xm58E4U/ZYNBWo0dwlRz00/C3CHDgDZSHVsLRqbIdA6s4OxpLg+YqQ0F/\njiOMIHF7WoODgr5OiOkOF3uWt29JEQXGTP6P5WovQCMng4g+rQMhFXguG9huCEXW\nzeyFudE0BcrKj/QjdFQd2tLyBhgTOxCHsAZvv+fJX+YkI/exLT7oBNqNWzhAb6dS\nr05ZJuAEqNrq0bMgOF2ITy/CQ/CTQwfAvzsKiaPxjQ3IC7tAH8t55XR2diascYUC\nPNEHvc8rfH7Ur3DcPy+zpj8T1wcWhdO/5F1R259ir8meeJ567PI1vhE+JTZ1jiOw\n1v4OOn6XfwpDihTNWswAhEJ1scuJfrM3HLIGnbeIK+RFtSU5t1PhDw6t4/OvoaQA\ndE8P3eNFIvUIGv4gP0tFpaCZmoB/NUEmtOth9RUYomLsTQ8nC2Xg2QLzZ3eD44cb\nbXmT5Rqe7TZH/d017huNgNtVW48VZkjYPU0sD9SFFHoB9uH5L9Bd/riysFdypyfq\nZr/0P1m7CuNkGMMRw2Y967oivJsSqcI7lNB+iENDvaZdkCKIpWS/vU8leQMCAwEA\nAQKCAgABmnW+sgD14n8YnyYILZNfdns5lHwEcdCjzOTzKBUQMoLL0jwImPNHIP2x\nK5FV7ImztGd8l5C3zg8FpQduu0dlY3eEpLTwbBh/ICn2yPZqkr+ksST5NMoMJyRc\nwNk3u6ogw3hb5JhJqCT/DWmKeDiJanmCcivSXazVIKBMWBNynJrIWpyCPfFnUj0/\nyBtG8cuwrUgrDF+UMVa3CSvaEqY4VT1sk+4N8Q1QiLuIj9FHDoLtKmbjZAJkwKqZ\ndFVd5cOFpGM4lO9DCHMJIT18lFQDxr3MbXDnu9LY9c04X0sVJBfiB/lZMpzLO25Q\nlQPQYNFuP+LjiUOXk5CoGCfkxR9yB1bA6aqHyEL+PCDg0wxK58KiJ28hNHlQ6po5\nPSAfWc+HhlSdWMLdipbr0RbhmdXHQk58saGnpJdgfw9XZ2S7RVnwQ3p/7P7SgfW1\nypFHGxxnYv6gMwBtSNWgZK9gF0aqkWMIcUFmeckaKTUb7twiio4lp9T/gDqkO1rZ\nhutkPzLbZepVBpWZu8/gzIM+CEDYyTXtKaJBXLJRjakD6xbENYEM1q0V5ZcgsXT5\nVLynojsSAI0opSX/tD/sudPiSQjLr+zNyJvDlgs8yGRwZYrVonEo4AMvZMiy25dW\nT4t66IPcP+7CRf7ut0hPPH9V3hRSRqO2bUaCVQL9wZjJIeZGAQKCAQEAwZ/TxrGv\nq5rW2PTD5XwTcet/JoqxkyaXW7lktUEt4nYMwBkt5F65Q1R0LQeWs6TfI1DYJXKB\nZ221B0yXBn/5yWpZpKUBt27LqhnXUWpXHxLDDA7/M0ZRaopYbRnJ6sp5fo9ndwfi\nKXR0EyAOhPovDtG44ZDQ84khbBUrDIpuPtGQj6z/od93MnyXTvkuFLmssLUxXmYM\nfzZ93zfIEdyo/VtmDDTZwibE2ciy/rqHP35uOY0ebPki91zN1vsANLZIOgXVo0ZY\nshybHWpnl2vfBJhRSQq9USgupFhglLF35oGGgXtm/GQaxu90yeGzhmX00R46EhI8\nI8OgVitgq9ZDwwKCAQEA0oAr7VDBYMyn7jWiXOV1TcHBeFhEBpk9wVrhvKLWI8ds\nrA71fk9f6l3WsIi241KS8tvtUQfJWZCs4zdS+Z+oSnD6imLy81OZ+BdaCeNpHLT4\nLVIGwV3PmUYLAGLXLh3yja8i9Q9iCeXdgjNfMT0/fKX5DvuIgXuyYdKJEHlX9fU9\nLC+OXecCLM2g5b/u/FQZDHOWbLOittn1fFrgzeoFve+6GGiumxoCjDbkOFV3DGCG\nPFCZZAaOmvfURi9s1hn13pLAnkctxtCftAd0OmYq0P5JAPvRyL/Kxyb4URsuDSNV\nzFH0KFTaYCbibUTLBPr1mCnBQbNujowXcnErf9rhwQKCAQB+rU+DtmqlTid0SCcG\nM/gQ1y8YCzOEf4IVO6T8xQj9GZjb8V1KBQMWXuGnOEjLfXmThGf1kAXDok4G2YAR\ne5bzxMWjZ2VJGo7a2g86L+WR6dd8Qy+J316S4rJZpr6pAxEb0Tyy7pBz6MGsZZO6\nQmiZPHLF+NYMD1KzgOHqUYMxTDBVH60bvbUhbcwcmgAhBR1LezAyf3d7ny4Y5Ujb\nDs/s+mg4Yjd5w52Ukq8w4t5rlw8MThxy1UigJ7JwDUWkNwHoHDsamIKc/QQq6Zue\nwK9nNTQxInqb5zskwMFnZvh38ZQLkK3fQKsYLj/teOHYc0oJqsn5Wr7H80wqNDUK\nF6O7AoIBAA5OU63vPRU9E3SnBH/XwF8meeWZ6hWguIe5i3nsfy0zUnlnEtwgvN4K\nvpqE0Bkm9YG33KsTImYJ5RYUHnmElkVo5D4fd29+EQrBW4csg2pGCk/aMUdW/tLl\n5b2C+ijSNDfY3UFWaE1P5/v/Tcrk5Lmt9f1ErwRNydPIITSTapz2q8+i88QB/S3a\nU8MJhk5z0Lf96w08MCTJL1viOUEFVJqR/k3GX4d+/wlUebIybMLUlIro12Pq5io2\nCaEze+wZG5Ki2qBnKf9HEnODxixp4SMPBRsiAiHolvlt9pZciIawDhaywysyiRzb\nx6uxbzLJc4OB4vZ6IVtivf0zH8eysoECggEAUfX+gAdBtGKvA/7CwJlIfIWwrCMs\n+irmzS2fB6LNsW2pzT9/7wa9qSvhZaALriI6pbUXIwI/dBfX+IEvup+Ar7D7roGz\n52ZFC+9AsVDcbCfGGLwFpqOLd+AS/e39BTCHcXES1cd4e+TpxeQvq6Fy2c88PqYT\nUemLbi47ymHe895Vbgn0kHqRoy7py2TseQQYKypsNpNLK1FGv0qDuSsHchxMJF8B\ng0H5L0JbqMvnru2MUSRxk8++mrtzV+9u72duB/sVzFxMG7ABG34eqPh4xwoAtPN/\nm4rRtIrZUgRecw/nql4aJIXiMFUgKVoDOiWpS/ldoNFC//76SN2fEeJtNw==\n-----END RSA PRIVATE KEY-----\n",
            "private_key_pem_pkcs8": "-----BEGIN PRIVATE KEY-----\nMIIJQQIBADANBgkqhkiG9w0BAQEFAASCCSswggknAgEAAoICAQCfNgzcN7iWSU07\n1AkMQop81ybPylEKBRM+p9rIi7i9HqPQTYT6LPIRK8LHFSRDcR2SqM0vurCg4hDz\nm5G/41ix+7J3jc086RVrT4zHuqXVAmlJOg1S6f1DLTGbnwThT9lg0FajR3CVHPTT\n8LcIcOANlIdWwtGpsh0Dqzg7GkuD5ipDQX+OI4wgcXtag4OCvk6I6Q4Xe5a3b0kR\nBcZM/o/lai9AIyeDiD6tAyEVeC4b2G4IRdbN7IW50TQFysqP9CN0VB3a0vIGGBM7\nEIewBm+/58lf5iQj97EtPugE2o1bOEBvp1KvTlkm4ASo2urRsyA4XYhPL8JD8JND\nB8C/OwqJo/GNDcgLu0Afy3nldHZ2JqxxhQI80Qe9zyt8ftSvcNw/L7OmPxPXBxaF\n07/kXVHbn2KvyZ54nnrs8jW+ET4lNnWOI7DW/g46fpd/CkOKFM1azACEQnWxy4l+\nszccsgadt4gr5EW1JTm3U+EPDq3j86+hpAB0Tw/d40Ui9Qga/iA/S0WloJmagH81\nQSa062H1FRiiYuxNDycLZeDZAvNnd4PjhxtteZPlGp7tNkf93TXuG42A21VbjxVm\nSNg9TSwP1IUUegH24fkv0F3+uLKwV3KnJ+pmv/Q/WbsK42QYwxHDZj3ruiK8mxKp\nwjuU0H6IQ0O9pl2QIoilZL+9TyV5AwIDAQABAoICAAGadb6yAPXifxifJggtk192\nezmUfARx0KPM5PMoFRAygsvSPAiY80cg/bErkVXsibO0Z3yXkLfODwWlB267R2Vj\nd4SktPBsGH8gKfbI9mqSv6SxJPk0ygwnJFzA2Te7qiDDeFvkmEmoJP8NaYp4OIlq\neYJyK9JdrNUgoExYE3KcmshanII98WdSPT/IG0bxy7CtSCsMX5QxVrcJK9oSpjhV\nPWyT7g3xDVCIu4iP0UcOgu0qZuNkAmTAqpl0VV3lw4WkYziU70MIcwkhPXyUVAPG\nvcxtcOe70tj1zThfSxUkF+IH+VkynMs7blCVA9Bg0W4/4uOJQ5eTkKgYJ+TFH3IH\nVsDpqofIQv48IODTDErnwqInbyE0eVDqmjk9IB9Zz4eGVJ1Ywt2KluvRFuGZ1cdC\nTnyxoaekl2B/D1dnZLtFWfBDen/s/tKB9bXKkUcbHGdi/qAzAG1I1aBkr2AXRqqR\nYwhxQWZ5yRopNRvu3CKKjiWn1P+AOqQ7WtmG62Q/Mttl6lUGlZm7z+DMgz4IQNjJ\nNe0pokFcslGNqQPrFsQ1gQzWrRXllyCxdPlUvKeiOxIAjSilJf+0P+y50+JJCMuv\n7M3Im8OWCzzIZHBlitWicSjgAy9kyLLbl1ZPi3rog9w/7sJF/u63SE88f1XeFFJG\no7ZtRoJVAv3BmMkh5kYBAoIBAQDBn9PGsa+rmtbY9MPlfBNx638mirGTJpdbuWS1\nQS3idgzAGS3kXrlDVHQtB5azpN8jUNglcoFnbbUHTJcGf/nJalmkpQG3bsuqGddR\nalcfEsMMDv8zRlFqilhtGcnqynl+j2d3B+IpdHQTIA6E+i8O0bjhkNDziSFsFSsM\nim4+0ZCPrP+h33cyfJdO+S4UuaywtTFeZgx/Nn3fN8gR3Kj9W2YMNNnCJsTZyLL+\nuoc/fm45jR5s+SL3XM3W+wA0tkg6BdWjRliyHJsdameXa98EmFFJCr1RKC6kWGCU\nsXfmgYaBe2b8ZBrG73TJ4bOGZfTRHjoSEjwjw6BWK2Cr1kPDAoIBAQDSgCvtUMFg\nzKfuNaJc5XVNwcF4WEQGmT3BWuG8otYjx2ysDvV+T1/qXdawiLbjUpLy2+1RB8lZ\nkKzjN1L5n6hKcPqKYvLzU5n4F1oJ42kctPgtUgbBXc+ZRgsAYtcuHfKNryL1D2IJ\n5d2CM18xPT98pfkO+4iBe7Jh0okQeVf19T0sL45d5wIszaDlv+78VBkMc5Zss6K2\n2fV8WuDN6gW977oYaK6bGgKMNuQ4VXcMYIY8UJlkBo6a99RGL2zWGfXeksCeRy3G\n0J+0B3Q6ZirQ/kkA+9HIv8rHJvhRGy4NI1XMUfQoVNpgJuJtRMsE+vWYKcFBs26O\njBdycSt/2uHBAoIBAH6tT4O2aqVOJ3RIJwYz+BDXLxgLM4R/ghU7pPzFCP0ZmNvx\nXUoFAxZe4ac4SMt9eZOEZ/WQBcOiTgbZgBF7lvPExaNnZUkajtraDzov5ZHp13xD\nL4nfXpLislmmvqkDERvRPLLukHPowaxlk7pCaJk8csX41gwPUrOA4epRgzFMMFUf\nrRu9tSFtzByaACEFHUt7MDJ/d3ufLhjlSNsOz+z6aDhiN3nDnZSSrzDi3muXDwxO\nHHLVSKAnsnANRaQ3AegcOxqYgpz9BCrpm57Ar2c1NDEiepvnOyTAwWdm+HfxlAuQ\nrd9AqxguP+144dhzSgmqyflavsfzTCo0NQoXo7sCggEADk5Tre89FT0TdKcEf9fA\nXyZ55ZnqFaC4h7mLeex/LTNSeWcS3CC83gq+moTQGSb1gbfcqxMiZgnlFhQeeYSW\nRWjkPh93b34RCsFbhyyDakYKT9oxR1b+0uXlvYL6KNI0N9jdQVZoTU/n+/9NyuTk\nua31/USvBE3J08ghNJNqnParz6LzxAH9LdpTwwmGTnPQt/3rDTwwJMkvW+I5QQVU\nmpH+TcZfh37/CVR5sjJswtSUiujXY+rmKjYJoTN77BkbkqLaoGcp/0cSc4PGLGnh\nIw8FGyICIeiW+W32llyIhrAOFrLDKzKJHNvHq7FvMslzg4Hi9nohW2K9/TMfx7Ky\ngQKCAQBR9f6AB0G0Yq8D/sLAmUh8hbCsIyz6KubNLZ8Hos2xbanNP3/vBr2pK+Fl\noAuuIjqltRcjAj90F9f4gS+6n4CvsPuugbPnZkUL70CxUNxsJ8YYvAWmo4t34BL9\n7f0FMIdxcRLVx3h75OnF5C+roXLZzzw+phNR6YtuLjvKYd7z3lVuCfSQepGjLunL\nZOx5BBgrKmw2k0srUUa/SoO5KwdyHEwkXwGDQfkvQluoy+eu7YxRJHGTz76au3NX\n727vZ24H+xXMXEwbsAEbfh6o+HjHCgC083+bitG0itlSBF5zD+eqXhokheIwVSAp\nWgM6JalL+V2g0UL//vpI3Z8R4m03\n-----END PRIVATE KEY-----\n",
            "public_key_fingerprint_md5": "8d:54:00:65:5b:f9:a4:eb:29:29:11:5c:c0:d0:3b:f6",
            "public_key_fingerprint_sha256": "SHA256:nEgHlc+vpjongYPZAiGqiZigNbFQpca0HapACUFOK90",
            "public_key_openssh": "ssh-rsa AAAAB3NzaC1yc2EAAAADAQABAAACAQCfNgzcN7iWSU071AkMQop81ybPylEKBRM+p9rIi7i9HqPQTYT6LPIRK8LHFSRDcR2SqM0vurCg4hDzm5G/41ix+7J3jc086RVrT4zHuqXVAmlJOg1S6f1DLTGbnwThT9lg0FajR3CVHPTT8LcIcOANlIdWwtGpsh0Dqzg7GkuD5ipDQX+OI4wgcXtag4OCvk6I6Q4Xe5a3b0kRBcZM/o/lai9AIyeDiD6tAyEVeC4b2G4IRdbN7IW50TQFysqP9CN0VB3a0vIGGBM7EIewBm+/58lf5iQj97EtPugE2o1bOEBvp1KvTlkm4ASo2urRsyA4XYhPL8JD8JNDB8C/OwqJo/GNDcgLu0Afy3nldHZ2JqxxhQI80Qe9zyt8ftSvcNw/L7OmPxPXBxaF07/kXVHbn2KvyZ54nnrs8jW+ET4lNnWOI7DW/g46fpd/CkOKFM1azACEQnWxy4l+szccsgadt4gr5EW1JTm3U+EPDq3j86+hpAB0Tw/d40Ui9Qga/iA/S0WloJmagH81QSa062H1FRiiYuxNDycLZeDZAvNnd4PjhxtteZPlGp7tNkf93TXuG42A21VbjxVmSNg9TSwP1IUUegH24fkv0F3+uLKwV3KnJ+pmv/Q/WbsK42QYwxHDZj3ruiK8mxKpwjuU0H6IQ0O9pl2QIoilZL+9TyV5Aw==\n",
            "public_key_pem": "-----BEGIN PUBLIC KEY-----\nMIICIjANBgkqhkiG9w0BAQEFAAOCAg8AMIICCgKCAgEAnzYM3De4lklNO9QJDEKK\nfNcmz8pRCgUTPqfayIu4vR6j0E2E+izyESvCxxUkQ3EdkqjNL7qwoOIQ85uRv+NY\nsfuyd43NPOkVa0+Mx7ql1QJpSToNUun9Qy0xm58E4U/ZYNBWo0dwlRz00/C3CHDg\nDZSHVsLRqbIdA6s4OxpLg+YqQ0F/jiOMIHF7WoODgr5OiOkOF3uWt29JEQXGTP6P\n5WovQCMng4g+rQMhFXguG9huCEXWzeyFudE0BcrKj/QjdFQd2tLyBhgTOxCHsAZv\nv+fJX+YkI/exLT7oBNqNWzhAb6dSr05ZJuAEqNrq0bMgOF2ITy/CQ/CTQwfAvzsK\niaPxjQ3IC7tAH8t55XR2diascYUCPNEHvc8rfH7Ur3DcPy+zpj8T1wcWhdO/5F1R\n259ir8meeJ567PI1vhE+JTZ1jiOw1v4OOn6XfwpDihTNWswAhEJ1scuJfrM3HLIG\nnbeIK+RFtSU5t1PhDw6t4/OvoaQAdE8P3eNFIvUIGv4gP0tFpaCZmoB/NUEmtOth\n9RUYomLsTQ8nC2Xg2QLzZ3eD44cbbXmT5Rqe7TZH/d017huNgNtVW48VZkjYPU0s\nD9SFFHoB9uH5L9Bd/riysFdypyfqZr/0P1m7CuNkGMMRw2Y967oivJsSqcI7lNB+\niENDvaZdkCKIpWS/vU8leQMCAwEAAQ==\n-----END PUBLIC KEY-----\n",
            "rsa_bits": 4096
          },
          "sensitive_attributes": [
            [
              {
                "type": "get_attr",
                "value": "private_key_pem"
              }
            ],
            [
              {
                "type": "get_attr",
                "value": "private_key_pem_pkcs8"
              }
            ],
            [
              {
                "type": "get_attr",
                "value": "private_key_openssh"
              }
            ]
          ]
        }
      ]
    },
    {
      "module": "module.router_table",
      "mode": "managed",
      "type": "aws_route",
      "name": "internet-acess",
      "provider": "provider[\"registry.terraform.io/hashicorp/aws\"]",
      "instances": [
        {
          "schema_version": 0,
          "attributes": {
            "carrier_gateway_id": "",
            "core_network_arn": "",
            "destination_cidr_block": "0.0.0.0/0",
            "destination_ipv6_cidr_block": "",
            "destination_prefix_list_id": "",
            "egress_only_gateway_id": "",
            "gateway_id": "igw-0bc8a3d408ca502a8",
            "id": "r-rtb-0be3b9e88ee93e3961080289494",
            "instance_id": "",
            "instance_owner_id": "",
            "local_gateway_id": "",
            "nat_gateway_id": "",
            "network_interface_id": "",
            "origin": "CreateRoute",
            "route_table_id": "rtb-0be3b9e88ee93e396",
            "state": "active",
            "timeouts": null,
            "transit_gateway_id": "",
            "vpc_endpoint_id": "",
            "vpc_peering_connection_id": ""
          },
          "sensitive_attributes": [],
          "private": "eyJlMmJmYjczMC1lY2FhLTExZTYtOGY4OC0zNDM2M2JjN2M0YzAiOnsiY3JlYXRlIjozMDAwMDAwMDAwMDAsImRlbGV0ZSI6MzAwMDAwMDAwMDAwLCJ1cGRhdGUiOjEyMDAwMDAwMDAwMH19",
          "dependencies": [
            "module.router_table.aws_route_table.rtb-wattson",
            "module.vpc.aws_internet_gateway.igw-wattson",
            "module.vpc.aws_vpc.vpc-wattson"
          ]
        }
      ]
    },
    {
      "module": "module.router_table",
      "mode": "managed",
      "type": "aws_route_table",
      "name": "rtb-wattson",
      "provider": "provider[\"registry.terraform.io/hashicorp/aws\"]",
      "instances": [
        {
          "schema_version": 0,
          "attributes": {
            "arn": "arn:aws:ec2:us-east-1:046578430624:route-table/rtb-0be3b9e88ee93e396",
            "id": "rtb-0be3b9e88ee93e396",
            "owner_id": "046578430624",
            "propagating_vgws": [],
            "route": [],
            "tags": {
              "Name": "rtb-wattson"
            },
            "tags_all": {
              "Name": "rtb-wattson"
            },
            "timeouts": null,
            "vpc_id": "vpc-0099d6de9bf9cfbcf"
          },
          "sensitive_attributes": [],
          "private": "eyJlMmJmYjczMC1lY2FhLTExZTYtOGY4OC0zNDM2M2JjN2M0YzAiOnsiY3JlYXRlIjozMDAwMDAwMDAwMDAsImRlbGV0ZSI6MzAwMDAwMDAwMDAwLCJ1cGRhdGUiOjEyMDAwMDAwMDAwMH19",
          "dependencies": [
            "module.vpc.aws_vpc.vpc-wattson"
          ]
        }
      ]
    },
    {
      "module": "module.router_table",
      "mode": "managed",
      "type": "aws_route_table_association",
      "name": "rt_subnet_pub",
      "provider": "provider[\"registry.terraform.io/hashicorp/aws\"]",
      "instances": [
        {
          "schema_version": 0,
          "attributes": {
            "gateway_id": "",
            "id": "rtbassoc-0d96e24ddd83ae854",
            "route_table_id": "rtb-0be3b9e88ee93e396",
            "subnet_id": "subnet-0b62de5d6c9a6345b",
            "timeouts": null
          },
          "sensitive_attributes": [],
          "private": "eyJlMmJmYjczMC1lY2FhLTExZTYtOGY4OC0zNDM2M2JjN2M0YzAiOnsiY3JlYXRlIjozMDAwMDAwMDAwMDAsImRlbGV0ZSI6MzAwMDAwMDAwMDAwLCJ1cGRhdGUiOjEyMDAwMDAwMDAwMH19",
          "dependencies": [
            "module.router_table.aws_route_table.rtb-wattson",
            "module.vpc.aws_subnet.sub-pub-wattson",
            "module.vpc.aws_vpc.vpc-wattson"
          ]
        }
      ]
    },
    {
      "module": "module.s3",
      "mode": "managed",
      "type": "aws_s3_bucket",
      "name": "bkt-wattson",
      "provider": "provider[\"registry.terraform.io/hashicorp/aws\"]",
      "instances": [
        {
          "index_key": 0,
          "schema_version": 0,
          "attributes": {
            "acceleration_status": "",
            "acl": null,
            "arn": "arn:aws:s3:::bkt-wattson-raw",
            "bucket": "bkt-wattson-raw",
            "bucket_domain_name": "bkt-wattson-raw.s3.amazonaws.com",
            "bucket_prefix": "",
            "bucket_regional_domain_name": "bkt-wattson-raw.s3.amazonaws.com",
            "cors_rule": [
              {
                "allowed_headers": [
                  "*"
                ],
                "allowed_methods": [
                  "GET"
                ],
                "allowed_origins": [
                  "*"
                ],
                "expose_headers": [],
                "max_age_seconds": 0
              }
            ],
            "force_destroy": false,
            "grant": [
              {
                "id": "9e954a6f6152d5d844996ff866e912ff48c56c68d4ff33740cb00c0ee3e78220",
                "permissions": [
                  "FULL_CONTROL"
                ],
                "type": "CanonicalUser",
                "uri": ""
              }
            ],
            "hosted_zone_id": "Z3AQBSTGFYJSTF",
            "id": "bkt-wattson-raw",
            "lifecycle_rule": [],
            "logging": [],
            "object_lock_configuration": [],
            "object_lock_enabled": false,
            "policy": "",
            "region": "us-east-1",
            "replication_configuration": [],
            "request_payer": "BucketOwner",
            "server_side_encryption_configuration": [
              {
                "rule": [
                  {
                    "apply_server_side_encryption_by_default": [
                      {
                        "kms_master_key_id": "",
                        "sse_algorithm": "AES256"
                      }
                    ],
                    "bucket_key_enabled": false
                  }
                ]
              }
            ],
            "tags": {
              "Name": "bkt-wattson-raw"
            },
            "tags_all": {
              "Name": "bkt-wattson-raw"
            },
            "timeouts": null,
            "versioning": [
              {
                "enabled": false,
                "mfa_delete": false
              }
            ],
            "website": [],
            "website_domain": null,
            "website_endpoint": null
          },
          "sensitive_attributes": [],
          "private": "eyJlMmJmYjczMC1lY2FhLTExZTYtOGY4OC0zNDM2M2JjN2M0YzAiOnsiY3JlYXRlIjoxMjAwMDAwMDAwMDAwLCJkZWxldGUiOjM2MDAwMDAwMDAwMDAsInJlYWQiOjEyMDAwMDAwMDAwMDAsInVwZGF0ZSI6MTIwMDAwMDAwMDAwMH19"
        },
        {
          "index_key": 1,
          "schema_version": 0,
          "attributes": {
            "acceleration_status": "",
            "acl": null,
            "arn": "arn:aws:s3:::bkt-wattson-trusted",
            "bucket": "bkt-wattson-trusted",
            "bucket_domain_name": "bkt-wattson-trusted.s3.amazonaws.com",
            "bucket_prefix": "",
            "bucket_regional_domain_name": "bkt-wattson-trusted.s3.amazonaws.com",
            "cors_rule": [
              {
                "allowed_headers": [
                  "*"
                ],
                "allowed_methods": [
                  "GET"
                ],
                "allowed_origins": [
                  "*"
                ],
                "expose_headers": [],
                "max_age_seconds": 0
              }
            ],
            "force_destroy": false,
            "grant": [
              {
                "id": "9e954a6f6152d5d844996ff866e912ff48c56c68d4ff33740cb00c0ee3e78220",
                "permissions": [
                  "FULL_CONTROL"
                ],
                "type": "CanonicalUser",
                "uri": ""
              }
            ],
            "hosted_zone_id": "Z3AQBSTGFYJSTF",
            "id": "bkt-wattson-trusted",
            "lifecycle_rule": [],
            "logging": [],
            "object_lock_configuration": [],
            "object_lock_enabled": false,
            "policy": "",
            "region": "us-east-1",
            "replication_configuration": [],
            "request_payer": "BucketOwner",
            "server_side_encryption_configuration": [
              {
                "rule": [
                  {
                    "apply_server_side_encryption_by_default": [
                      {
                        "kms_master_key_id": "",
                        "sse_algorithm": "AES256"
                      }
                    ],
                    "bucket_key_enabled": false
                  }
                ]
              }
            ],
            "tags": {
              "Name": "bkt-wattson-trusted"
            },
            "tags_all": {
              "Name": "bkt-wattson-trusted"
            },
            "timeouts": null,
            "versioning": [
              {
                "enabled": false,
                "mfa_delete": false
              }
            ],
            "website": [],
            "website_domain": null,
            "website_endpoint": null
          },
          "sensitive_attributes": [],
          "private": "eyJlMmJmYjczMC1lY2FhLTExZTYtOGY4OC0zNDM2M2JjN2M0YzAiOnsiY3JlYXRlIjoxMjAwMDAwMDAwMDAwLCJkZWxldGUiOjM2MDAwMDAwMDAwMDAsInJlYWQiOjEyMDAwMDAwMDAwMDAsInVwZGF0ZSI6MTIwMDAwMDAwMDAwMH19"
        },
        {
          "index_key": 2,
          "schema_version": 0,
          "attributes": {
            "acceleration_status": "",
            "acl": null,
            "arn": "arn:aws:s3:::bkt-wattson-client",
            "bucket": "bkt-wattson-client",
            "bucket_domain_name": "bkt-wattson-client.s3.amazonaws.com",
            "bucket_prefix": "",
            "bucket_regional_domain_name": "bkt-wattson-client.s3.amazonaws.com",
            "cors_rule": [
              {
                "allowed_headers": [
                  "*"
                ],
                "allowed_methods": [
                  "GET"
                ],
                "allowed_origins": [
                  "*"
                ],
                "expose_headers": [],
                "max_age_seconds": 0
              }
            ],
            "force_destroy": false,
            "grant": [
              {
                "id": "9e954a6f6152d5d844996ff866e912ff48c56c68d4ff33740cb00c0ee3e78220",
                "permissions": [
                  "FULL_CONTROL"
                ],
                "type": "CanonicalUser",
                "uri": ""
              }
            ],
            "hosted_zone_id": "Z3AQBSTGFYJSTF",
            "id": "bkt-wattson-client",
            "lifecycle_rule": [],
            "logging": [],
            "object_lock_configuration": [],
            "object_lock_enabled": false,
            "policy": "",
            "region": "us-east-1",
            "replication_configuration": [],
            "request_payer": "BucketOwner",
            "server_side_encryption_configuration": [
              {
                "rule": [
                  {
                    "apply_server_side_encryption_by_default": [
                      {
                        "kms_master_key_id": "",
                        "sse_algorithm": "AES256"
                      }
                    ],
                    "bucket_key_enabled": false
                  }
                ]
              }
            ],
            "tags": {
              "Name": "bkt-wattson-client"
            },
            "tags_all": {
              "Name": "bkt-wattson-client"
            },
            "timeouts": null,
            "versioning": [
              {
                "enabled": false,
                "mfa_delete": false
              }
            ],
            "website": [],
            "website_domain": null,
            "website_endpoint": null
          },
          "sensitive_attributes": [],
          "private": "eyJlMmJmYjczMC1lY2FhLTExZTYtOGY4OC0zNDM2M2JjN2M0YzAiOnsiY3JlYXRlIjoxMjAwMDAwMDAwMDAwLCJkZWxldGUiOjM2MDAwMDAwMDAwMDAsInJlYWQiOjEyMDAwMDAwMDAwMDAsInVwZGF0ZSI6MTIwMDAwMDAwMDAwMH19"
        }
      ]
    },
    {
      "module": "module.s3",
      "mode": "managed",
      "type": "aws_s3_bucket_cors_configuration",
      "name": "bkt-cors-config",
      "provider": "provider[\"registry.terraform.io/hashicorp/aws\"]",
      "instances": [
        {
          "index_key": 0,
          "schema_version": 0,
          "attributes": {
            "bucket": "bkt-wattson-raw",
            "cors_rule": [
              {
                "allowed_headers": [
                  "*"
                ],
                "allowed_methods": [
                  "GET"
                ],
                "allowed_origins": [
                  "*"
                ],
                "expose_headers": [],
                "id": "",
                "max_age_seconds": null
              }
            ],
            "expected_bucket_owner": "",
            "id": "bkt-wattson-raw"
          },
          "sensitive_attributes": [],
          "private": "bnVsbA=="
        },
        {
          "index_key": 1,
          "schema_version": 0,
          "attributes": {
            "bucket": "bkt-wattson-trusted",
            "cors_rule": [
              {
                "allowed_headers": [
                  "*"
                ],
                "allowed_methods": [
                  "GET"
                ],
                "allowed_origins": [
                  "*"
                ],
                "expose_headers": [],
                "id": "",
                "max_age_seconds": null
              }
            ],
            "expected_bucket_owner": "",
            "id": "bkt-wattson-trusted"
          },
          "sensitive_attributes": [],
          "private": "bnVsbA=="
        },
        {
          "index_key": 2,
          "schema_version": 0,
          "attributes": {
            "bucket": "bkt-wattson-client",
            "cors_rule": [
              {
                "allowed_headers": [
                  "*"
                ],
                "allowed_methods": [
                  "GET"
                ],
                "allowed_origins": [
                  "*"
                ],
                "expose_headers": [],
                "id": "",
                "max_age_seconds": null
              }
            ],
            "expected_bucket_owner": "",
            "id": "bkt-wattson-client"
          },
          "sensitive_attributes": [],
          "private": "bnVsbA=="
        }
      ]
    },
    {
      "module": "module.s3",
      "mode": "managed",
      "type": "aws_s3_bucket_policy",
      "name": "bkt_policy_acesso",
      "provider": "provider[\"registry.terraform.io/hashicorp/aws\"]",
      "instances": [
        {
          "index_key": 0,
          "schema_version": 0,
          "attributes": {
            "bucket": "bkt-wattson-raw",
            "id": "bkt-wattson-raw",
            "policy": "{\"Statement\":[{\"Action\":[\"s3:GetObject\",\"s3:PutObject\",\"s3:DeleteObject\"],\"Effect\":\"Allow\",\"Principal\":\"*\",\"Resource\":\"arn:aws:s3:::bkt-wattson-raw/*\"}],\"Version\":\"2012-10-17\"}"
          },
          "sensitive_attributes": [],
          "private": "bnVsbA==",
          "dependencies": [
            "module.s3.aws_s3_bucket.bkt-wattson"
          ]
        },
        {
          "index_key": 1,
          "schema_version": 0,
          "attributes": {
            "bucket": "bkt-wattson-trusted",
            "id": "bkt-wattson-trusted",
            "policy": "{\"Statement\":[{\"Action\":[\"s3:GetObject\",\"s3:PutObject\",\"s3:DeleteObject\"],\"Effect\":\"Allow\",\"Principal\":\"*\",\"Resource\":\"arn:aws:s3:::bkt-wattson-trusted/*\"}],\"Version\":\"2012-10-17\"}"
          },
          "sensitive_attributes": [],
          "private": "bnVsbA==",
          "dependencies": [
            "module.s3.aws_s3_bucket.bkt-wattson"
          ]
        },
        {
          "index_key": 2,
          "schema_version": 0,
          "attributes": {
            "bucket": "bkt-wattson-client",
            "id": "bkt-wattson-client",
            "policy": "{\"Statement\":[{\"Action\":[\"s3:GetObject\",\"s3:PutObject\",\"s3:DeleteObject\"],\"Effect\":\"Allow\",\"Principal\":\"*\",\"Resource\":\"arn:aws:s3:::bkt-wattson-client/*\"}],\"Version\":\"2012-10-17\"}"
          },
          "sensitive_attributes": [],
          "private": "bnVsbA==",
          "dependencies": [
            "module.s3.aws_s3_bucket.bkt-wattson"
          ]
        }
      ]
    },
    {
      "module": "module.s3",
      "mode": "managed",
      "type": "aws_s3_bucket_public_access_block",
      "name": "bucket_acessos",
      "provider": "provider[\"registry.terraform.io/hashicorp/aws\"]",
      "instances": [
        {
          "index_key": 0,
          "schema_version": 0,
          "attributes": {
            "block_public_acls": false,
            "block_public_policy": false,
            "bucket": "bkt-wattson-raw",
            "id": "bkt-wattson-raw",
            "ignore_public_acls": false,
            "restrict_public_buckets": false
          },
          "sensitive_attributes": [],
          "private": "bnVsbA=="
        },
        {
          "index_key": 1,
          "schema_version": 0,
          "attributes": {
            "block_public_acls": false,
            "block_public_policy": false,
            "bucket": "bkt-wattson-trusted",
            "id": "bkt-wattson-trusted",
            "ignore_public_acls": false,
            "restrict_public_buckets": false
          },
          "sensitive_attributes": [],
          "private": "bnVsbA=="
        },
        {
          "index_key": 2,
          "schema_version": 0,
          "attributes": {
            "block_public_acls": false,
            "block_public_policy": false,
            "bucket": "bkt-wattson-client",
            "id": "bkt-wattson-client",
            "ignore_public_acls": false,
            "restrict_public_buckets": false
          },
          "sensitive_attributes": [],
          "private": "bnVsbA=="
        }
      ]
    },
    {
      "module": "module.security_group",
      "mode": "managed",
      "type": "aws_security_group",
      "name": "sgp_pub_wattson",
      "provider": "provider[\"registry.terraform.io/hashicorp/aws\"]",
      "instances": [
        {
          "schema_version": 1,
          "attributes": {
            "arn": "arn:aws:ec2:us-east-1:046578430624:security-group/sg-06247b33780294249",
            "description": "Allow SSH acess",
            "egress": [
              {
                "cidr_blocks": [
                  "0.0.0.0/0"
                ],
                "description": "",
                "from_port": 0,
                "ipv6_cidr_blocks": [],
                "prefix_list_ids": [],
                "protocol": "-1",
                "security_groups": [],
                "self": false,
                "to_port": 0
              }
            ],
            "id": "sg-06247b33780294249",
            "ingress": [
              {
                "cidr_blocks": [
                  "0.0.0.0/0"
                ],
                "description": "",
                "from_port": 0,
                "ipv6_cidr_blocks": [],
                "prefix_list_ids": [],
                "protocol": "-1",
                "security_groups": [],
                "self": false,
                "to_port": 0
              }
            ],
            "name": "sgp_pub_wattson",
            "name_prefix": "",
            "owner_id": "046578430624",
            "revoke_rules_on_delete": false,
            "tags": {
              "Name": "sgp_pub_wattson"
            },
            "tags_all": {
              "Name": "sgp_pub_wattson"
            },
            "timeouts": null,
            "vpc_id": "vpc-0099d6de9bf9cfbcf"
          },
          "sensitive_attributes": [],
          "private": "eyJlMmJmYjczMC1lY2FhLTExZTYtOGY4OC0zNDM2M2JjN2M0YzAiOnsiY3JlYXRlIjo2MDAwMDAwMDAwMDAsImRlbGV0ZSI6OTAwMDAwMDAwMDAwfSwic2NoZW1hX3ZlcnNpb24iOiIxIn0=",
          "dependencies": [
            "module.vpc.aws_vpc.vpc-wattson"
          ]
        }
      ]
    },
    {
      "module": "module.vpc",
      "mode": "managed",
      "type": "aws_internet_gateway",
      "name": "igw-wattson",
      "provider": "provider[\"registry.terraform.io/hashicorp/aws\"]",
      "instances": [
        {
          "schema_version": 0,
          "attributes": {
            "arn": "arn:aws:ec2:us-east-1:046578430624:internet-gateway/igw-0bc8a3d408ca502a8",
            "id": "igw-0bc8a3d408ca502a8",
            "owner_id": "046578430624",
            "tags": {
              "Name": "wattson-igw"
            },
            "tags_all": {
              "Name": "wattson-igw"
            },
            "timeouts": null,
            "vpc_id": "vpc-0099d6de9bf9cfbcf"
          },
          "sensitive_attributes": [],
          "private": "eyJlMmJmYjczMC1lY2FhLTExZTYtOGY4OC0zNDM2M2JjN2M0YzAiOnsiY3JlYXRlIjoxMjAwMDAwMDAwMDAwLCJkZWxldGUiOjEyMDAwMDAwMDAwMDAsInVwZGF0ZSI6MTIwMDAwMDAwMDAwMH19",
          "dependencies": [
            "module.vpc.aws_vpc.vpc-wattson"
          ]
        }
      ]
    },
    {
      "module": "module.vpc",
      "mode": "managed",
      "type": "aws_subnet",
      "name": "sub-pub-wattson",
      "provider": "provider[\"registry.terraform.io/hashicorp/aws\"]",
      "instances": [
        {
          "schema_version": 1,
          "attributes": {
            "arn": "arn:aws:ec2:us-east-1:046578430624:subnet/subnet-0b62de5d6c9a6345b",
            "assign_ipv6_address_on_creation": false,
            "availability_zone": "us-east-1a",
            "availability_zone_id": "use1-az2",
            "cidr_block": "10.0.0.0/26",
            "customer_owned_ipv4_pool": "",
            "enable_dns64": false,
            "enable_lni_at_device_index": 0,
            "enable_resource_name_dns_a_record_on_launch": true,
            "enable_resource_name_dns_aaaa_record_on_launch": false,
            "id": "subnet-0b62de5d6c9a6345b",
            "ipv6_cidr_block": "",
            "ipv6_cidr_block_association_id": "",
            "ipv6_native": false,
            "map_customer_owned_ip_on_launch": false,
            "map_public_ip_on_launch": true,
            "outpost_arn": "",
            "owner_id": "046578430624",
            "private_dns_hostname_type_on_launch": "ip-name",
            "tags": {
              "Name": "sub-pub-wattson"
            },
            "tags_all": {
              "Name": "sub-pub-wattson"
            },
            "timeouts": null,
            "vpc_id": "vpc-0099d6de9bf9cfbcf"
          },
          "sensitive_attributes": [],
          "private": "eyJlMmJmYjczMC1lY2FhLTExZTYtOGY4OC0zNDM2M2JjN2M0YzAiOnsiY3JlYXRlIjo2MDAwMDAwMDAwMDAsImRlbGV0ZSI6MTIwMDAwMDAwMDAwMH0sInNjaGVtYV92ZXJzaW9uIjoiMSJ9",
          "dependencies": [
            "module.vpc.aws_vpc.vpc-wattson"
          ]
        }
      ]
    },
    {
      "module": "module.vpc",
      "mode": "managed",
      "type": "aws_vpc",
      "name": "vpc-wattson",
      "provider": "provider[\"registry.terraform.io/hashicorp/aws\"]",
      "instances": [
        {
          "schema_version": 1,
          "attributes": {
            "arn": "arn:aws:ec2:us-east-1:046578430624:vpc/vpc-0099d6de9bf9cfbcf",
            "assign_generated_ipv6_cidr_block": false,
            "cidr_block": "10.0.0.0/24",
            "default_network_acl_id": "acl-08ca28d622f74e96d",
            "default_route_table_id": "rtb-034f75a75f2f57a01",
            "default_security_group_id": "sg-075b6bd22490a7550",
            "dhcp_options_id": "dopt-06328ecd63d57fe5e",
            "enable_classiclink": false,
            "enable_classiclink_dns_support": false,
            "enable_dns_hostnames": true,
            "enable_dns_support": true,
            "enable_network_address_usage_metrics": false,
            "id": "vpc-0099d6de9bf9cfbcf",
            "instance_tenancy": "default",
            "ipv4_ipam_pool_id": null,
            "ipv4_netmask_length": null,
            "ipv6_association_id": "",
            "ipv6_cidr_block": "",
            "ipv6_cidr_block_network_border_group": "",
            "ipv6_ipam_pool_id": "",
            "ipv6_netmask_length": 0,
            "main_route_table_id": "rtb-034f75a75f2f57a01",
            "owner_id": "046578430624",
            "tags": {
              "Name": "vpc-wattson"
            },
            "tags_all": {
              "Name": "vpc-wattson"
            }
          },
          "sensitive_attributes": [],
          "private": "eyJzY2hlbWFfdmVyc2lvbiI6IjEifQ=="
        }
      ]
    }
  ],
  "check_results": null
}
