{
  "version": 4,
  "terraform_version": "1.9.5",
  "serial": 915,
  "lineage": "5d2dc8c7-d0a0-a191-d762-6e9179518dd0",
  "outputs": {},
  "resources": [
    {
      "module": "module.dynamodb",
      "mode": "managed",
      "type": "aws_dynamodb_table",
      "name": "dynamodb_table_wattson",
      "provider": "provider[\"registry.terraform.io/hashicorp/aws\"]",
      "instances": [
        {
          "schema_version": 1,
          "attributes": {
            "arn": "arn:aws:dynamodb:us-east-1:005348368148:table/storage_iot_wattson",
            "attribute": [
              {
                "name": "id",
                "type": "S"
              },
              {
                "name": "instant",
                "type": "S"
              }
            ],
            "billing_mode": "PAY_PER_REQUEST",
            "deletion_protection_enabled": false,
            "global_secondary_index": [],
            "hash_key": "id",
            "id": "storage_iot_wattson",
            "local_secondary_index": [],
            "name": "storage_iot_wattson",
            "point_in_time_recovery": [
              {
                "enabled": false
              }
            ],
            "range_key": "instant",
            "read_capacity": 0,
            "replica": [],
            "restore_date_time": null,
            "restore_source_name": null,
            "restore_to_latest_time": null,
            "server_side_encryption": [],
            "stream_arn": "",
            "stream_enabled": false,
            "stream_label": "",
            "stream_view_type": "",
            "table_class": "STANDARD",
            "tags": null,
            "tags_all": {},
            "timeouts": null,
            "ttl": [
              {
                "attribute_name": "",
                "enabled": false
              }
            ],
            "write_capacity": 0
          },
          "sensitive_attributes": [],
          "private": "eyJlMmJmYjczMC1lY2FhLTExZTYtOGY4OC0zNDM2M2JjN2M0YzAiOnsiY3JlYXRlIjoxODAwMDAwMDAwMDAwLCJkZWxldGUiOjYwMDAwMDAwMDAwMCwidXBkYXRlIjozNjAwMDAwMDAwMDAwfSwic2NoZW1hX3ZlcnNpb24iOiIxIn0="
        }
      ]
    },
    {
      "module": "module.ec2",
      "mode": "managed",
      "type": "aws_instance",
      "name": "ec2-pub-wattson",
      "provider": "provider[\"registry.terraform.io/hashicorp/aws\"]",
      "instances": [
        {
          "schema_version": 1,
          "attributes": {
            "ami": "ami-0e86e20dae9224db8",
            "arn": "arn:aws:ec2:us-east-1:005348368148:instance/i-020d57d18e6ca73a0",
            "associate_public_ip_address": true,
            "availability_zone": "us-east-1a",
            "capacity_reservation_specification": [
              {
                "capacity_reservation_preference": "open",
                "capacity_reservation_target": []
              }
            ],
            "cpu_core_count": 1,
            "cpu_options": [
              {
                "amd_sev_snp": "",
                "core_count": 1,
                "threads_per_core": 1
              }
            ],
            "cpu_threads_per_core": 1,
            "credit_specification": [
              {
                "cpu_credits": "standard"
              }
            ],
            "disable_api_stop": false,
            "disable_api_termination": false,
            "ebs_block_device": [
              {
                "delete_on_termination": true,
                "device_name": "/dev/sda1",
                "encrypted": false,
                "iops": 3000,
                "kms_key_id": "",
                "snapshot_id": "",
                "tags": {},
                "throughput": 125,
                "volume_id": "vol-062e3af537fad5978",
                "volume_size": 15,
                "volume_type": "gp3"
              }
            ],
            "ebs_optimized": false,
            "enclave_options": [
              {
                "enabled": false
              }
            ],
            "ephemeral_block_device": [],
            "get_password_data": false,
            "hibernation": false,
            "host_id": "",
            "host_resource_group_arn": null,
            "iam_instance_profile": "",
            "id": "i-020d57d18e6ca73a0",
            "instance_initiated_shutdown_behavior": "stop",
            "instance_state": "running",
            "instance_type": "t2.micro",
            "ipv6_address_count": 0,
            "ipv6_addresses": [],
            "key_name": "public_key_wattson",
            "launch_template": [],
            "maintenance_options": [
              {
                "auto_recovery": "default"
              }
            ],
            "metadata_options": [
              {
                "http_endpoint": "enabled",
                "http_put_response_hop_limit": 2,
                "http_tokens": "required",
                "instance_metadata_tags": "disabled"
              }
            ],
            "monitoring": false,
            "network_interface": [],
            "outpost_arn": "",
            "password_data": "",
            "placement_group": "",
            "placement_partition_number": 0,
            "primary_network_interface_id": "eni-05f4e713cc2be4308",
            "private_dns": "ip-10-0-0-50.ec2.internal",
            "private_dns_name_options": [
              {
                "enable_resource_name_dns_a_record": true,
                "enable_resource_name_dns_aaaa_record": false,
                "hostname_type": "ip-name"
              }
            ],
            "private_ip": "10.0.0.50",
            "public_dns": "ec2-13-217-111-162.compute-1.amazonaws.com",
            "public_ip": "13.217.111.162",
            "root_block_device": [
              {
                "delete_on_termination": true,
                "device_name": "/dev/sda1",
                "encrypted": false,
                "iops": 3000,
                "kms_key_id": "",
                "tags": {},
                "throughput": 125,
                "volume_id": "vol-062e3af537fad5978",
                "volume_size": 15,
                "volume_type": "gp3"
              }
            ],
            "secondary_private_ips": [],
            "security_groups": [],
            "source_dest_check": true,
            "subnet_id": "subnet-0f3112c028da7e93f",
            "tags": {
              "Name": "ec2-wattson"
            },
            "tags_all": {
              "Name": "ec2-wattson"
            },
            "tenancy": "default",
            "timeouts": null,
            "user_data": null,
            "user_data_base64": null,
            "user_data_replace_on_change": false,
            "volume_tags": null,
            "vpc_security_group_ids": [
              "sg-09351e2994f5d13fd"
            ]
          },
          "sensitive_attributes": [],
          "private": "eyJlMmJmYjczMC1lY2FhLTExZTYtOGY4OC0zNDM2M2JjN2M0YzAiOnsiY3JlYXRlIjo2MDAwMDAwMDAwMDAsImRlbGV0ZSI6MTIwMDAwMDAwMDAwMCwidXBkYXRlIjo2MDAwMDAwMDAwMDB9LCJzY2hlbWFfdmVyc2lvbiI6IjEifQ==",
          "dependencies": [
            "module.keys.aws_key_pair.kp",
            "module.keys.tls_private_key.pk",
            "module.security_group.aws_security_group.sgp_pub_wattson",
            "module.vpc.aws_subnet.sub-pub-wattson",
            "module.vpc.aws_vpc.vpc-wattson"
          ]
        }
      ]
    },
    {
      "module": "module.iot_thing",
      "mode": "managed",
      "type": "aws_iot_certificate",
      "name": "cert_thing_wattson",
      "provider": "provider[\"registry.terraform.io/hashicorp/aws\"]",
      "instances": [
        {
          "schema_version": 0,
          "attributes": {
            "active": true,
            "arn": "arn:aws:iot:us-east-1:005348368148:cert/5cabe67ec0d79c7ed3a287c1366b32fb4661fb4ebc2d76574bcd13ce14624295",
            "ca_pem": null,
            "certificate_pem": "-----BEGIN CERTIFICATE-----\nMIIDWTCCAkGgAwIBAgIUckT7znZuWLjq75Ekfe/J5tLif3kwDQYJKoZIhvcNAQEL\nBQAwTTFLMEkGA1UECwxCQW1hem9uIFdlYiBTZXJ2aWNlcyBPPUFtYXpvbi5jb20g\nSW5jLiBMPVNlYXR0bGUgU1Q9V2FzaGluZ3RvbiBDPVVTMB4XDTI1MDkwNzIyMDQ0\nMFoXDTQ5MTIzMTIzNTk1OVowHjEcMBoGA1UEAwwTQVdTIElvVCBDZXJ0aWZpY2F0\nZTCCASIwDQYJKoZIhvcNAQEBBQADggEPADCCAQoCggEBAL/SeaYp1CWDrF0zzQSl\nCYVM9p+1kZ26yb4A/uMTiY3Fo+bE1R1wjGn5PaQP+cnnQJP6wHgiQRi7RFIB5ms2\nVP30ThjS1tinLI5bGnLM3dkiji+RuuZM+kVz+0BkcTFaoTIGl5I/Xx8/QbI1+166\nNgzItxkwlfA/1fAv91GyZ9c4HKqYg6l2F2qhYdPwmxPl0CPMjKuEA0/UkTdjUW/s\nzsMQGSSTxGYykm8Nhd9pUpm0LSnWKzvEfbhqa33N258mzavyLx84Y622paKiDBLH\nIzeDX0dwt1PE83zHzV6/iDxzAiGWcCYSwAvKi9JuSETP9o+1UBou9TSNHsQC9Tvc\nTtUCAwEAAaNgMF4wHwYDVR0jBBgwFoAUZsUwPW9e/4lxHLTrL72NcKlCEZswHQYD\nVR0OBBYEFGmubId9K5rlavM5IxNsYREjaoQGMAwGA1UdEwEB/wQCMAAwDgYDVR0P\nAQH/BAQDAgeAMA0GCSqGSIb3DQEBCwUAA4IBAQAgw0/itsDVpeUrHMJETjNeNrhu\nu2YbkcjM3aDDmItz6RoQjF65ty0SqiW9DhLF5Ht63VYjdklNYGZSojHXAK800fWv\nGqcRKfVnRRlzyZrKoO3l4E/HJe4AdiPr7HXLvI3iBrVmJV3qQ26gek6REGZEiqFJ\nXHmxg1dgwmn/roM+hJLeRIg7Xpz5VeCUSc+6xZxk3icWDN/AKBYegH63jvc66fvf\nxDimKD9ladghXZt2rFdgvGiNQlmKuN517rmNdyhZqVKpzWpEt8rJP0TjgVDCz9Dx\nm0PkzJYPpVpIncXdqwjgMpTz/fQzIXwfXXn3fItFtESqKDzbfz6cBZAyVDm7\n-----END CERTIFICATE-----\n",
            "csr": null,
            "id": "5cabe67ec0d79c7ed3a287c1366b32fb4661fb4ebc2d76574bcd13ce14624295",
            "private_key": "-----BEGIN RSA PRIVATE KEY-----\nMIIEowIBAAKCAQEAv9J5pinUJYOsXTPNBKUJhUz2n7WRnbrJvgD+4xOJjcWj5sTV\nHXCMafk9pA/5yedAk/rAeCJBGLtEUgHmazZU/fROGNLW2Kcsjlsacszd2SKOL5G6\n5kz6RXP7QGRxMVqhMgaXkj9fHz9BsjX7Xro2DMi3GTCV8D/V8C/3UbJn1zgcqpiD\nqXYXaqFh0/CbE+XQI8yMq4QDT9SRN2NRb+zOwxAZJJPEZjKSbw2F32lSmbQtKdYr\nO8R9uGprfc3bnybNq/IvHzhjrbaloqIMEscjN4NfR3C3U8TzfMfNXr+IPHMCIZZw\nJhLAC8qL0m5IRM/2j7VQGi71NI0exAL1O9xO1QIDAQABAoIBAHqCci8th9BtyCe+\nbbIJtYrtHJXj4JxcL3yqJh/g2nkxQPyhuXqT5xnHlRazHVVV3GimPUZ8mhaxg3Dc\nxcyzZpTK8xXnkk/MdSh2Bu5K6WVELIs1B6kOgMjayhzWCXT77PeGPkepMZdDTzIC\nSAi35M1FY6sy3JAUNQ6xk8MZrjhFAtw5E2fzA1CIcLUiSpyujV4azsYOW0P9FJaj\nspXF+l9rgzLN/Vvnc7W+cEJZRqRNaGbam3z0APex88L8kbUYGc2Vkl94wUmnG1dN\nsVQfojI/B/oTFgTBkou28+6UqFkyGfGZtmmJIVg5uGFzwVupMGjFfUHCtSVT6BB5\nzkI82gECgYEA5CHbQ/VLCYfLl65vmauw+Y6FMA8LysCPO5A9Z//0vqEIdnL99BtJ\nJsZj3dUusyeMHGoLQgIrgTsCh5DooPllgT5gtyUPtrCrVXRJ8OL94ugRKhdzRwgE\nssx+LcEsm46t5qcs4k5amOKBxzL9GVqB1wg2SqAVr0kN96MNZtGRTGsCgYEA10Eh\njpJ3HrI5mTtO5y/hmKia2tgubUqe0srQ6d5mWX6RmeWKjw7L951lUFpqUr0wmW6/\nJ1HFn3OzLAR6PXmojAB1eyz6SSg/Jepf4dR6PXX+xOMaTnyJTxctcTJEfy/08PwN\ntohCp715NGhe9thuJa6zogHtfN4h6Krt7ldvob8CgYEAnSJo2h1Z6x2a8UZYXlux\nUaOGP70NXUFXJyrJ8RmPJcLbhmLcY0hsEYYzAXg2a3ZA/s1YJcZC2wefTWtVoJNI\nBEbH7T5c3XRA/2JTD9X6FFHOiNSQNYvjWJicDL3zEM6tH6NkuhhINOhHhcKsLMt3\nhXqFks9DQHIsabboozqUPzMCgYAhUHxAE50KDC1r8MjqcPeqZ9XnrvOoiJcCKs+g\nkoImsbcZKXSDZZfdz+dhQ00XVx6RcJl3HWnHnuGJG3xLzWtvl5aXJMPr1KXJWXfT\nfM4aewueL0PgB9g8fGrVDSGaybJQJcJ9kKM4UNPUb57a9248uMgmd8PownxfBS1j\n6PZnAwKBgCaNuO8dl4JtlkRHmA9/X9yOUc9RwxYRrFaQqy6lG2xIoIIwM0ZaBaZd\nfo4fyHoA6bACf4NZSjNqwCKDI8C0Qu2CXGCHJwat+d5ISPEJbHf25nW0X0ldWevd\nVp4rNTphv00lMFTBxlwPN57CnNUbd5N5dKTVTPbJ7FGO5N6n9fSv\n-----END RSA PRIVATE KEY-----\n",
            "public_key": "-----BEGIN PUBLIC KEY-----\nMIIBIjANBgkqhkiG9w0BAQEFAAOCAQ8AMIIBCgKCAQEAv9J5pinUJYOsXTPNBKUJ\nhUz2n7WRnbrJvgD+4xOJjcWj5sTVHXCMafk9pA/5yedAk/rAeCJBGLtEUgHmazZU\n/fROGNLW2Kcsjlsacszd2SKOL5G65kz6RXP7QGRxMVqhMgaXkj9fHz9BsjX7Xro2\nDMi3GTCV8D/V8C/3UbJn1zgcqpiDqXYXaqFh0/CbE+XQI8yMq4QDT9SRN2NRb+zO\nwxAZJJPEZjKSbw2F32lSmbQtKdYrO8R9uGprfc3bnybNq/IvHzhjrbaloqIMEscj\nN4NfR3C3U8TzfMfNXr+IPHMCIZZwJhLAC8qL0m5IRM/2j7VQGi71NI0exAL1O9xO\n1QIDAQAB\n-----END PUBLIC KEY-----\n"
          },
          "sensitive_attributes": [
            [
              {
                "type": "get_attr",
                "value": "private_key"
              }
            ],
            [
              {
                "type": "get_attr",
                "value": "public_key"
              }
            ],
            [
              {
                "type": "get_attr",
                "value": "ca_pem"
              }
            ],
            [
              {
                "type": "get_attr",
                "value": "certificate_pem"
              }
            ]
          ],
          "private": "bnVsbA=="
        }
      ]
    },
    {
      "module": "module.iot_thing",
      "mode": "managed",
      "type": "aws_iot_policy",
      "name": "policy_wattson",
      "provider": "provider[\"registry.terraform.io/hashicorp/aws\"]",
      "instances": [
        {
          "schema_version": 0,
          "attributes": {
            "arn": "arn:aws:iot:us-east-1:005348368148:policy/sensor-policy",
            "default_version_id": "1",
            "id": "sensor-policy",
            "name": "sensor-policy",
            "policy": "{\"Statement\":[{\"Action\":[\"iot:Connect\",\"iot:Publish\",\"iot:Subscribe\",\"iot:Receive\"],\"Effect\":\"Allow\",\"Resource\":\"*\"}],\"Version\":\"2012-10-17\"}"
          },
          "sensitive_attributes": [],
          "private": "bnVsbA=="
        }
      ]
    },
    {
      "module": "module.iot_thing",
      "mode": "managed",
      "type": "aws_iot_policy_attachment",
      "name": "cert_attach",
      "provider": "provider[\"registry.terraform.io/hashicorp/aws\"]",
      "instances": [
        {
          "schema_version": 0,
          "attributes": {
            "id": "sensor-policy|arn:aws:iot:us-east-1:005348368148:cert/5cabe67ec0d79c7ed3a287c1366b32fb4661fb4ebc2d76574bcd13ce14624295",
            "policy": "sensor-policy",
            "target": "arn:aws:iot:us-east-1:005348368148:cert/5cabe67ec0d79c7ed3a287c1366b32fb4661fb4ebc2d76574bcd13ce14624295"
          },
          "sensitive_attributes": [],
          "private": "bnVsbA==",
          "dependencies": [
            "module.iot_thing.aws_iot_certificate.cert_thing_wattson",
            "module.iot_thing.aws_iot_policy.policy_wattson"
          ]
        }
      ]
    },
    {
      "module": "module.iot_thing",
      "mode": "managed",
      "type": "aws_iot_thing",
      "name": "thing_wattson",
      "provider": "provider[\"registry.terraform.io/hashicorp/aws\"]",
      "instances": [
        {
          "schema_version": 0,
          "attributes": {
            "arn": "arn:aws:iot:us-east-1:005348368148:thing/thing-wattson",
            "attributes": null,
            "default_client_id": "thing-wattson",
            "id": "thing-wattson",
            "name": "thing-wattson",
            "thing_type_name": "",
            "version": 1
          },
          "sensitive_attributes": [],
          "private": "bnVsbA=="
        }
      ]
    },
    {
      "module": "module.iot_thing",
      "mode": "managed",
      "type": "aws_iot_thing_principal_attachment",
      "name": "thing_attach",
      "provider": "provider[\"registry.terraform.io/hashicorp/aws\"]",
      "instances": [
        {
          "schema_version": 0,
          "attributes": {
            "id": "thing-wattson|arn:aws:iot:us-east-1:005348368148:cert/5cabe67ec0d79c7ed3a287c1366b32fb4661fb4ebc2d76574bcd13ce14624295",
            "principal": "arn:aws:iot:us-east-1:005348368148:cert/5cabe67ec0d79c7ed3a287c1366b32fb4661fb4ebc2d76574bcd13ce14624295",
            "thing": "thing-wattson"
          },
          "sensitive_attributes": [],
          "private": "bnVsbA==",
          "dependencies": [
            "module.iot_thing.aws_iot_certificate.cert_thing_wattson",
            "module.iot_thing.aws_iot_thing.thing_wattson"
          ]
        }
      ]
    },
    {
      "module": "module.iot_thing",
      "mode": "managed",
      "type": "aws_iot_topic_rule",
      "name": "rule",
      "provider": "provider[\"registry.terraform.io/hashicorp/aws\"]",
      "instances": [
        {
          "schema_version": 0,
          "attributes": {
            "arn": "arn:aws:iot:us-east-1:005348368148:rule/rule_sensor_to_lambda",
            "cloudwatch_alarm": [],
            "cloudwatch_logs": [],
            "cloudwatch_metric": [],
            "description": "Enviar arquivo com dados dos sensores para lambda",
            "dynamodb": [],
            "dynamodbv2": [],
            "elasticsearch": [],
            "enabled": true,
            "error_action": [],
            "firehose": [],
            "http": [],
            "id": "rule_sensor_to_lambda",
            "iot_analytics": [],
            "iot_events": [],
            "kafka": [],
            "kinesis": [],
            "lambda": [
              {
                "function_arn": "arn:aws:lambda:us-east-1:005348368148:function:lmb_data_dynamodb"
              }
            ],
            "name": "rule_sensor_to_lambda",
            "republish": [],
            "s3": [],
            "sns": [],
            "sql": "SELECT * FROM 'wattson/sensors/energy'",
            "sql_version": "2016-03-23",
            "sqs": [],
            "step_functions": [],
            "tags": null,
            "tags_all": {},
            "timestream": []
          },
          "sensitive_attributes": [],
          "private": "bnVsbA==",
          "dependencies": [
            "module.dynamodb.aws_dynamodb_table.dynamodb_table_wattson",
            "module.lambda.aws_lambda_function.lbd_data_dynamodb"
          ]
        }
      ]
    },
    {
      "module": "module.iot_thing",
      "mode": "managed",
      "type": "aws_lambda_permission",
      "name": "allow_iot",
      "provider": "provider[\"registry.terraform.io/hashicorp/aws\"]",
      "instances": [
        {
          "schema_version": 0,
          "attributes": {
            "action": "lambda:InvokeFunction",
            "event_source_token": null,
            "function_name": "lmb_data_dynamodb",
            "function_url_auth_type": null,
            "id": "AllowExecutionFromIoT",
            "principal": "iot.amazonaws.com",
            "principal_org_id": null,
            "qualifier": "",
            "source_account": null,
            "source_arn": "arn:aws:iot:us-east-1:005348368148:rule/rule_sensor_to_lambda",
            "statement_id": "AllowExecutionFromIoT",
            "statement_id_prefix": ""
          },
          "sensitive_attributes": [],
          "private": "bnVsbA==",
          "dependencies": [
            "module.dynamodb.aws_dynamodb_table.dynamodb_table_wattson",
            "module.iot_thing.aws_iot_topic_rule.rule",
            "module.lambda.aws_lambda_function.lbd_data_dynamodb"
          ]
        }
      ]
    },
    {
      "module": "module.iot_thing",
      "mode": "managed",
      "type": "local_file",
      "name": "certificate_file",
      "provider": "provider[\"registry.terraform.io/hashicorp/local\"]",
      "instances": [
        {
          "schema_version": 0,
          "attributes": {
            "content": "-----BEGIN CERTIFICATE-----\nMIIDWTCCAkGgAwIBAgIUckT7znZuWLjq75Ekfe/J5tLif3kwDQYJKoZIhvcNAQEL\nBQAwTTFLMEkGA1UECwxCQW1hem9uIFdlYiBTZXJ2aWNlcyBPPUFtYXpvbi5jb20g\nSW5jLiBMPVNlYXR0bGUgU1Q9V2FzaGluZ3RvbiBDPVVTMB4XDTI1MDkwNzIyMDQ0\nMFoXDTQ5MTIzMTIzNTk1OVowHjEcMBoGA1UEAwwTQVdTIElvVCBDZXJ0aWZpY2F0\nZTCCASIwDQYJKoZIhvcNAQEBBQADggEPADCCAQoCggEBAL/SeaYp1CWDrF0zzQSl\nCYVM9p+1kZ26yb4A/uMTiY3Fo+bE1R1wjGn5PaQP+cnnQJP6wHgiQRi7RFIB5ms2\nVP30ThjS1tinLI5bGnLM3dkiji+RuuZM+kVz+0BkcTFaoTIGl5I/Xx8/QbI1+166\nNgzItxkwlfA/1fAv91GyZ9c4HKqYg6l2F2qhYdPwmxPl0CPMjKuEA0/UkTdjUW/s\nzsMQGSSTxGYykm8Nhd9pUpm0LSnWKzvEfbhqa33N258mzavyLx84Y622paKiDBLH\nIzeDX0dwt1PE83zHzV6/iDxzAiGWcCYSwAvKi9JuSETP9o+1UBou9TSNHsQC9Tvc\nTtUCAwEAAaNgMF4wHwYDVR0jBBgwFoAUZsUwPW9e/4lxHLTrL72NcKlCEZswHQYD\nVR0OBBYEFGmubId9K5rlavM5IxNsYREjaoQGMAwGA1UdEwEB/wQCMAAwDgYDVR0P\nAQH/BAQDAgeAMA0GCSqGSIb3DQEBCwUAA4IBAQAgw0/itsDVpeUrHMJETjNeNrhu\nu2YbkcjM3aDDmItz6RoQjF65ty0SqiW9DhLF5Ht63VYjdklNYGZSojHXAK800fWv\nGqcRKfVnRRlzyZrKoO3l4E/HJe4AdiPr7HXLvI3iBrVmJV3qQ26gek6REGZEiqFJ\nXHmxg1dgwmn/roM+hJLeRIg7Xpz5VeCUSc+6xZxk3icWDN/AKBYegH63jvc66fvf\nxDimKD9ladghXZt2rFdgvGiNQlmKuN517rmNdyhZqVKpzWpEt8rJP0TjgVDCz9Dx\nm0PkzJYPpVpIncXdqwjgMpTz/fQzIXwfXXn3fItFtESqKDzbfz6cBZAyVDm7\n-----END CERTIFICATE-----\n",
            "content_base64": null,
            "content_base64sha256": "IikLCPfSx8560f9xWqpjlo03FqvMe1LB+pNUFFdqqk8=",
            "content_base64sha512": "OWco7mm8nMdFcq6KydeslC75eiKghJw2lX5r+c2qm4zF3+oMUrbgPVcQhw0n3ANgavVOAhOROySFI8r6NXkujg==",
            "content_md5": "4b6c3d539e43ec242816f63a0d7e0b45",
            "content_sha1": "120603314c6151629816efa36ffa5dec8aacd8e8",
            "content_sha256": "22290b08f7d2c7ce7ad1ff715aaa63968d3716abcc7b52c1fa935414576aaa4f",
            "content_sha512": "396728ee69bc9cc74572ae8ac9d7ac942ef97a22a0849c36957e6bf9cdaa9b8cc5dfea0c52b6e03d5710870d27dc03606af54e0213913b248523cafa35792e8e",
            "directory_permission": "0777",
            "file_permission": "0777",
            "filename": "cert/iot-certificate.pem.crt",
            "id": "120603314c6151629816efa36ffa5dec8aacd8e8",
            "sensitive_content": null,
            "source": null
          },
          "sensitive_attributes": [
            [
              {
                "type": "get_attr",
                "value": "sensitive_content"
              }
            ],
            [
              {
                "type": "get_attr",
                "value": "content"
              }
            ]
          ],
          "dependencies": [
            "module.iot_thing.aws_iot_certificate.cert_thing_wattson"
          ]
        }
      ]
    },
    {
      "module": "module.iot_thing",
      "mode": "managed",
      "type": "local_file",
      "name": "key_file",
      "provider": "provider[\"registry.terraform.io/hashicorp/local\"]",
      "instances": [
        {
          "schema_version": 0,
          "attributes": {
            "content": "-----BEGIN RSA PRIVATE KEY-----\nMIIEowIBAAKCAQEAv9J5pinUJYOsXTPNBKUJhUz2n7WRnbrJvgD+4xOJjcWj5sTV\nHXCMafk9pA/5yedAk/rAeCJBGLtEUgHmazZU/fROGNLW2Kcsjlsacszd2SKOL5G6\n5kz6RXP7QGRxMVqhMgaXkj9fHz9BsjX7Xro2DMi3GTCV8D/V8C/3UbJn1zgcqpiD\nqXYXaqFh0/CbE+XQI8yMq4QDT9SRN2NRb+zOwxAZJJPEZjKSbw2F32lSmbQtKdYr\nO8R9uGprfc3bnybNq/IvHzhjrbaloqIMEscjN4NfR3C3U8TzfMfNXr+IPHMCIZZw\nJhLAC8qL0m5IRM/2j7VQGi71NI0exAL1O9xO1QIDAQABAoIBAHqCci8th9BtyCe+\nbbIJtYrtHJXj4JxcL3yqJh/g2nkxQPyhuXqT5xnHlRazHVVV3GimPUZ8mhaxg3Dc\nxcyzZpTK8xXnkk/MdSh2Bu5K6WVELIs1B6kOgMjayhzWCXT77PeGPkepMZdDTzIC\nSAi35M1FY6sy3JAUNQ6xk8MZrjhFAtw5E2fzA1CIcLUiSpyujV4azsYOW0P9FJaj\nspXF+l9rgzLN/Vvnc7W+cEJZRqRNaGbam3z0APex88L8kbUYGc2Vkl94wUmnG1dN\nsVQfojI/B/oTFgTBkou28+6UqFkyGfGZtmmJIVg5uGFzwVupMGjFfUHCtSVT6BB5\nzkI82gECgYEA5CHbQ/VLCYfLl65vmauw+Y6FMA8LysCPO5A9Z//0vqEIdnL99BtJ\nJsZj3dUusyeMHGoLQgIrgTsCh5DooPllgT5gtyUPtrCrVXRJ8OL94ugRKhdzRwgE\nssx+LcEsm46t5qcs4k5amOKBxzL9GVqB1wg2SqAVr0kN96MNZtGRTGsCgYEA10Eh\njpJ3HrI5mTtO5y/hmKia2tgubUqe0srQ6d5mWX6RmeWKjw7L951lUFpqUr0wmW6/\nJ1HFn3OzLAR6PXmojAB1eyz6SSg/Jepf4dR6PXX+xOMaTnyJTxctcTJEfy/08PwN\ntohCp715NGhe9thuJa6zogHtfN4h6Krt7ldvob8CgYEAnSJo2h1Z6x2a8UZYXlux\nUaOGP70NXUFXJyrJ8RmPJcLbhmLcY0hsEYYzAXg2a3ZA/s1YJcZC2wefTWtVoJNI\nBEbH7T5c3XRA/2JTD9X6FFHOiNSQNYvjWJicDL3zEM6tH6NkuhhINOhHhcKsLMt3\nhXqFks9DQHIsabboozqUPzMCgYAhUHxAE50KDC1r8MjqcPeqZ9XnrvOoiJcCKs+g\nkoImsbcZKXSDZZfdz+dhQ00XVx6RcJl3HWnHnuGJG3xLzWtvl5aXJMPr1KXJWXfT\nfM4aewueL0PgB9g8fGrVDSGaybJQJcJ9kKM4UNPUb57a9248uMgmd8PownxfBS1j\n6PZnAwKBgCaNuO8dl4JtlkRHmA9/X9yOUc9RwxYRrFaQqy6lG2xIoIIwM0ZaBaZd\nfo4fyHoA6bACf4NZSjNqwCKDI8C0Qu2CXGCHJwat+d5ISPEJbHf25nW0X0ldWevd\nVp4rNTphv00lMFTBxlwPN57CnNUbd5N5dKTVTPbJ7FGO5N6n9fSv\n-----END RSA PRIVATE KEY-----\n",
            "content_base64": null,
            "content_base64sha256": "CKYTOaAFDqAUQ98R2uWzJfr6ak2ErzZN8txYYng1trc=",
            "content_base64sha512": "w7pA+ANV3xW+UF/mKkK48KstZye5s7BG1Q2VlLnmb6yR7iKwgLoysg89y3lMnTnC6ooGKsetSzPo0Jrm/BDw3Q==",
            "content_md5": "fd3d1506158a9696c4f917403d499435",
            "content_sha1": "42062cffac8165704c3f279be623fcc5092e7b48",
            "content_sha256": "08a61339a0050ea01443df11dae5b325fafa6a4d84af364df2dc58627835b6b7",
            "content_sha512": "c3ba40f80355df15be505fe62a42b8f0ab2d6727b9b3b046d50d9594b9e66fac91ee22b080ba32b20f3dcb794c9d39c2ea8a062ac7ad4b33e8d09ae6fc10f0dd",
            "directory_permission": "0777",
            "file_permission": "0777",
            "filename": "cert/iot-private-key.pem.crt",
            "id": "42062cffac8165704c3f279be623fcc5092e7b48",
            "sensitive_content": null,
            "source": null
          },
          "sensitive_attributes": [
            [
              {
                "type": "get_attr",
                "value": "content"
              }
            ],
            [
              {
                "type": "get_attr",
                "value": "sensitive_content"
              }
            ]
          ],
          "dependencies": [
            "module.iot_thing.aws_iot_certificate.cert_thing_wattson"
          ]
        }
      ]
    },
    {
      "module": "module.keys",
      "mode": "managed",
      "type": "aws_key_pair",
      "name": "kp",
      "provider": "provider[\"registry.terraform.io/hashicorp/aws\"]",
      "instances": [
        {
          "schema_version": 1,
          "attributes": {
            "arn": "arn:aws:ec2:us-east-1:005348368148:key-pair/public_key_wattson",
            "fingerprint": "c4:fb:24:91:39:da:0a:c5:e8:fd:90:ef:27:ae:68:81",
            "id": "public_key_wattson",
            "key_name": "public_key_wattson",
            "key_name_prefix": "",
            "key_pair_id": "key-0644794f536c6ab61",
            "key_type": "rsa",
            "public_key": "ssh-rsa AAAAB3NzaC1yc2EAAAADAQABAAACAQCYqmRajWZJWEVfmr/Gk8NyhX0lkfDbVfYNTxmlCaHYMHvqrPu66Cj3KZYPjuEhzYoG4yjHWRDzGx4tkznp7IudSGxGLoZFstC0cqXjM7HPjhkrDlMtyUdBprcUhpz4mtp3OC8JmwkDIgd2dWosqlpqOkN3OLUzxFMax+av3oc/CKgwGmKzvn0ouZmBlFbbqleWHX9MCSL5SXvcLmIzsKGZPmtlIUaqwdn0gaMrdlDdDIap9DoGe8X5gK9rTK+1aom3UaJ3nYQMu1ft8RoxTgvdHt9RUAzO9R3gFp5++A1ykZ8lGd4zApH/taKbCHT/QuXtsXXRXzNJciPJE/EDrNjworf6tUZpCn2n/+sIVQ+NocFbJ19NbfpjLBuL4WhT4Z5q1AZo9Go4xwGFY1ei8h3MyaybGc+S7BR0fDh/y6R2j81DcWdFmS7n6shmXiPvwrpGHZOGKjo6O+Qik8/ID/3rZ4aFBqX3Bx7xfsSA0oivd5N0z2RLzs6oNDHFPVvyXbU9KqrG5cwle0xITkNK8cwkM8K3coALUqScyXxwDmpQcnHJLV0FFNTGit9WFUbFbh7AGKnhB9Am21sMFHBbHBdraifz3SMxawzzetKPhP7fkXF7KU/JvxTrVu8pviTWhQMNWXxUgevGviD++4F8U73E70qJ9x0YF1QRzbDTbS8c/Q==",
            "tags": null,
            "tags_all": {}
          },
          "sensitive_attributes": [],
          "private": "eyJzY2hlbWFfdmVyc2lvbiI6IjEifQ==",
          "dependencies": [
            "module.keys.tls_private_key.pk"
          ]
        }
      ]
    },
    {
      "module": "module.keys",
      "mode": "managed",
      "type": "local_file",
      "name": "ssh_key",
      "provider": "provider[\"registry.terraform.io/hashicorp/local\"]",
      "instances": [
        {
          "schema_version": 0,
          "attributes": {
            "content": "-----BEGIN RSA PRIVATE KEY-----\nMIIJJwIBAAKCAgEAmKpkWo1mSVhFX5q/xpPDcoV9JZHw21X2DU8ZpQmh2DB76qz7\nuugo9ymWD47hIc2KBuMox1kQ8xseLZM56eyLnUhsRi6GRbLQtHKl4zOxz44ZKw5T\nLclHQaa3FIac+JradzgvCZsJAyIHdnVqLKpaajpDdzi1M8RTGsfmr96HPwioMBpi\ns759KLmZgZRW26pXlh1/TAki+Ul73C5iM7ChmT5rZSFGqsHZ9IGjK3ZQ3QyGqfQ6\nBnvF+YCva0yvtWqJt1Gid52EDLtX7fEaMU4L3R7fUVAMzvUd4BaefvgNcpGfJRne\nMwKR/7Wimwh0/0Ll7bF10V8zSXIjyRPxA6zY8KK3+rVGaQp9p//rCFUPjaHBWydf\nTW36Yywbi+FoU+GeatQGaPRqOMcBhWNXovIdzMmsmxnPkuwUdHw4f8ukdo/NQ3Fn\nRZku5+rIZl4j78K6Rh2Thio6OjvkIpPPyA/962eGhQal9wce8X7EgNKIr3eTdM9k\nS87OqDQxxT1b8l21PSqqxuXMJXtMSE5DSvHMJDPCt3KAC1KknMl8cA5qUHJxyS1d\nBRTUxorfVhVGxW4ewBip4QfQJttbDBRwWxwXa2on890jMWsM83rSj4T+35FxeylP\nyb8U61bvKb4k1oUDDVl8VIHrxr4g/vuBfFO9xO9KifcdGBdUEc2w020vHP0CAwEA\nAQKCAgAV0oV1zDCK22tPNzeikwylGh/BdxMOx0LctCneRXo1BPkxmniBRx5T9kXV\nA3967X6FbYMuu7SIi5/Ms/bbUUzDts6DWbMn01+x65F64LDSEmXWmb2aFeNxpvsU\nnAlkH/6KfCV9IgQvxnV6oV4D9HXoKVvrdtewBqg6c8it6wk6IWqpNZxWRSxu3djr\nhODFlZvfgWfo3oV5TN+/oYG4Ec+HsDx5wD/xuLQHF2DTnZ4BewDk2lxRAPBTselh\nVRzoucnlwm2O2508lKsFACnWUmmvufICFYc/LhqPJaySSbLiZZ5yFziD4iIsgzIz\nJwpSUqW7TFqjCxCxtvcWjxssg1CfHJx+ogFWyzDdQx8s2l76hy+Dkn+Rq3BDOB0x\np/mSWh1SoaFoSUIi6/zi35XELrUmi7Oqcd1HaJYuiL6f/xHBfBRthP5C4EBpqorp\nIxioRdD5ef9CZBBB8XnB4PwK9s0lTaWw+w2RoZTosYfQt6iWLf4tZbZI9x29dR5s\nJbEoq62yQHeM1ds02ES3KR8ebcn5sjcZAVHFurF/QxTwLSwu09c07lq+VYABs0e9\nrEf+iRRKfUSX6NFLizlUsf+ChguJYgVK49D5b0DVqsZTxfaEwk5Bedj1vPkx6iKa\nxh862Cdfxk3yKGOHpuFoCm7V5ekrGLcT/f0Dd2hAnyKW4OOUoQKCAQEAyTVDvnSc\nCV6xyHu2RgBZUS/e5YKLgHSRDauNae4QLDlVv/jHgOKdLeUbb+XG0v60A7cr4PJn\nPGmGQsWjr7+sUAbKlakXM/yyPbNcBBeY1lqWQZ99AJVtIvBQFaaCRuWJ8HJiE2tT\nEiMAzGHmlAbngNTAeXEFJnRM7p0XisfvPSFqknrYBgRuR0XdXfbes5940VxxwbCn\nRL2K7x/nVnEfTvG0NQ0GJGGbtMh7DLzpc/Nj2UoHp4Lm5tZlTJ42ooi8DM3luUPY\nH4/eOtwPoN18t41zNh98GrQL7HbrBafvtQvdXEFfawc/ircyC8gJyGNLSXsj3x9q\nRhKS52fDcTUYZwKCAQEAwj0bIatNbVhyEC5kYV+FeLzqKppnHqieE+6+RVOBefCm\nDLqBBe/GD5s+Gv8zqiAL2gLSGrPRPL3Bb/Y6ZU0OFFPfkb9HI71qgCQGQKO/rrCY\nKtqObY+mWt+eKyTK2GU4ueS79hxX5tBfk/vKkqOB06Wwg1JpDSuqjS5U06mzMzRY\nADMRRI+tDUmMcjQrLfxeiRKsNd8oP/yoyrmTX4h+vzWDOChMUqdwRDuOoFJ46iIU\nt6N6kT0r8AM7kUU61y2iiHSXnqEeQx6BlcUhxM48yhFmY7WrtCXgawCHEBkvoOcD\nBIHGycjDQSg+uxGKdmRJEDeM3neglGD5x19qZYBQ+wKCAQBAw8Ndf51mKrPhC2kd\nWSlmx5jgmUeb/mleVBT9vuI3yfC/DS3yX38mcbOGLhj0e4WoGIKoMn5mZLURsxpA\nDNtDGxyEVdwhILqiv6PjsVDB1oC8+MA8utxZPa8ZePJALcxbuAW3qHkhwmCUaQLW\nLO7BejnGHUoCGbdVqv0T780jCSmLorz8GtsAWA2sHDWM7czu3unC5cDBkJ0y4TsO\niPUB7S0LUnjipwR+iXWKIRin+PTv0TNriOgX73TF17tQT+Dv4iqKmrrrVdy7Z3Ak\nYIavcnleN34z/jZEU/bMaETxKrOC6Yv0IG4kkVkrj6UOel+WdGuUe0Ey8vGUSMMR\nIn0LAoIBADlO3hpo+EcyuTSc+3DfRfoBgvVe6N3a0gj/f5Pkt2bK4bMPs9GUlNM1\n8nT0psGjAtwnyOWn+Cv7sH7gHwqUWXsV4/iUfuDEmg+EkXOw3HUmFT9PjIY2w9Y7\n8+a2zEJcWwg9vFc4tZacFBcNSw9Ivp07XYDhZ61DHObarJxmjUCmSPCGIKoh2eT5\ntj5btgGzXBEFOVoLpUx7tzFY32poUz0HBNgky5/3VuBK0iHrM1GhDIvB5//CFJyT\n15dc3advB21LORDMaKlU7tbJetUeJEFaMONqTmawZi4r0a2mQK8weWty/ru6SCGJ\nRjjbTAbyP7xRJ3bbxL0Cf6+bL0ETQtECggEAEuh4kwJhSWAwXQ4bal0xOpDbpYrV\nQoHujelR1VYCH35EZcXv0wqOdkE23mGoXGyBvt/OM5nL1AH+YlggJ+HynJgVoiFB\nFJYpeCjH9TmnYqCN5d3mucYJ1HlyajLPouE59Vpsx73vEVwCj0SYagsm8n4Rn1g/\nwENyYFNiKieWK7AtYR/jF3U4WCjRKFwvi2zBZMc6HzuVRgciboFa7N3987vApn+q\nQ5uIWmP+A95y64rNmMaliN98qT02tMzS31uOR2UtunRY2TMMPD9gHWlsNjjBf1BI\nKb4xiI1auiwmQGZbFCZ7Cj4nptCfTP2DlMib7qL7mTt6/vdwhMxVKHi5ng==\n-----END RSA PRIVATE KEY-----\n",
            "content_base64": null,
            "content_base64sha256": "YiPxFxAoDl4kyX2m51sJnXesgD87z5Ex3W0RGPp8eTI=",
            "content_base64sha512": "VodiaUxJPWGdoatyn5sxCFi4a3UDJKIoRAvU/WsJdChCt1ZSg2hl8iZL9I9ogmK/k/fvjYnlE9IwUJac7Ckx3w==",
            "content_md5": "8bb8c309511bd3c1c4fa1da74aeccc79",
            "content_sha1": "f2623ba4482037cee7a561335b4d91aab57d81e5",
            "content_sha256": "6223f11710280e5e24c97da6e75b099d77ac803f3bcf9131dd6d1118fa7c7932",
            "content_sha512": "568762694c493d619da1ab729f9b310858b86b750324a228440bd4fd6b09742842b75652836865f2264bf48f688262bf93f7ef8d89e513d23050969cec2931df",
            "directory_permission": "0777",
            "file_permission": "0400",
            "filename": "public_key_wattson.pem",
            "id": "f2623ba4482037cee7a561335b4d91aab57d81e5",
            "sensitive_content": null,
            "source": null
          },
          "sensitive_attributes": [
            [
              {
                "type": "get_attr",
                "value": "sensitive_content"
              }
            ],
            [
              {
                "type": "get_attr",
                "value": "content"
              }
            ]
          ],
          "dependencies": [
            "module.keys.aws_key_pair.kp",
            "module.keys.tls_private_key.pk"
          ]
        }
      ]
    },
    {
      "module": "module.keys",
      "mode": "managed",
      "type": "tls_private_key",
      "name": "pk",
      "provider": "provider[\"registry.terraform.io/hashicorp/tls\"]",
      "instances": [
        {
          "schema_version": 1,
          "attributes": {
            "algorithm": "RSA",
            "ecdsa_curve": "P224",
            "id": "5efe11db1e22f8efbe5e4b19591bb98b7b8cfb94",
            "private_key_openssh": "-----BEGIN OPENSSH PRIVATE KEY-----\nb3BlbnNzaC1rZXktdjEAAAAABG5vbmUAAAAEbm9uZQAAAAAAAAABAAACFwAAAAdz\nc2gtcnNhAAAAAwEAAQAAAgEAmKpkWo1mSVhFX5q/xpPDcoV9JZHw21X2DU8ZpQmh\n2DB76qz7uugo9ymWD47hIc2KBuMox1kQ8xseLZM56eyLnUhsRi6GRbLQtHKl4zOx\nz44ZKw5TLclHQaa3FIac+JradzgvCZsJAyIHdnVqLKpaajpDdzi1M8RTGsfmr96H\nPwioMBpis759KLmZgZRW26pXlh1/TAki+Ul73C5iM7ChmT5rZSFGqsHZ9IGjK3ZQ\n3QyGqfQ6BnvF+YCva0yvtWqJt1Gid52EDLtX7fEaMU4L3R7fUVAMzvUd4BaefvgN\ncpGfJRneMwKR/7Wimwh0/0Ll7bF10V8zSXIjyRPxA6zY8KK3+rVGaQp9p//rCFUP\njaHBWydfTW36Yywbi+FoU+GeatQGaPRqOMcBhWNXovIdzMmsmxnPkuwUdHw4f8uk\ndo/NQ3FnRZku5+rIZl4j78K6Rh2Thio6OjvkIpPPyA/962eGhQal9wce8X7EgNKI\nr3eTdM9kS87OqDQxxT1b8l21PSqqxuXMJXtMSE5DSvHMJDPCt3KAC1KknMl8cA5q\nUHJxyS1dBRTUxorfVhVGxW4ewBip4QfQJttbDBRwWxwXa2on890jMWsM83rSj4T+\n35FxeylPyb8U61bvKb4k1oUDDVl8VIHrxr4g/vuBfFO9xO9KifcdGBdUEc2w020v\nHP0AAAc4zzEz6c8xM+kAAAAHc3NoLXJzYQAAAgEAmKpkWo1mSVhFX5q/xpPDcoV9\nJZHw21X2DU8ZpQmh2DB76qz7uugo9ymWD47hIc2KBuMox1kQ8xseLZM56eyLnUhs\nRi6GRbLQtHKl4zOxz44ZKw5TLclHQaa3FIac+JradzgvCZsJAyIHdnVqLKpaajpD\ndzi1M8RTGsfmr96HPwioMBpis759KLmZgZRW26pXlh1/TAki+Ul73C5iM7ChmT5r\nZSFGqsHZ9IGjK3ZQ3QyGqfQ6BnvF+YCva0yvtWqJt1Gid52EDLtX7fEaMU4L3R7f\nUVAMzvUd4BaefvgNcpGfJRneMwKR/7Wimwh0/0Ll7bF10V8zSXIjyRPxA6zY8KK3\n+rVGaQp9p//rCFUPjaHBWydfTW36Yywbi+FoU+GeatQGaPRqOMcBhWNXovIdzMms\nmxnPkuwUdHw4f8ukdo/NQ3FnRZku5+rIZl4j78K6Rh2Thio6OjvkIpPPyA/962eG\nhQal9wce8X7EgNKIr3eTdM9kS87OqDQxxT1b8l21PSqqxuXMJXtMSE5DSvHMJDPC\nt3KAC1KknMl8cA5qUHJxyS1dBRTUxorfVhVGxW4ewBip4QfQJttbDBRwWxwXa2on\n890jMWsM83rSj4T+35FxeylPyb8U61bvKb4k1oUDDVl8VIHrxr4g/vuBfFO9xO9K\nifcdGBdUEc2w020vHP0AAAADAQABAAACABXShXXMMIrba083N6KTDKUaH8F3Ew7H\nQty0Kd5FejUE+TGaeIFHHlP2RdUDf3rtfoVtgy67tIiLn8yz9ttRTMO2zoNZsyfT\nX7HrkXrgsNISZdaZvZoV43Gm+xScCWQf/op8JX0iBC/GdXqhXgP0degpW+t217AG\nqDpzyK3rCTohaqk1nFZFLG7d2OuE4MWVm9+BZ+jehXlM37+hgbgRz4ewPHnAP/G4\ntAcXYNOdngF7AOTaXFEA8FOx6WFVHOi5yeXCbY7bnTyUqwUAKdZSaa+58gIVhz8u\nGo8lrJJJsuJlnnIXOIPiIiyDMjMnClJSpbtMWqMLELG29xaPGyyDUJ8cnH6iAVbL\nMN1DHyzaXvqHL4OSf5GrcEM4HTGn+ZJaHVKhoWhJQiLr/OLflcQutSaLs6px3Udo\nli6Ivp//EcF8FG2E/kLgQGmqiukjGKhF0Pl5/0JkEEHxecHg/Ar2zSVNpbD7DZGh\nlOixh9C3qJYt/i1ltkj3Hb11HmwlsSirrbJAd4zV2zTYRLcpHx5tyfmyNxkBUcW6\nsX9DFPAtLC7T1zTuWr5VgAGzR72sR/6JFEp9RJfo0UuLOVSx/4KGC4liBUrj0Plv\nQNWqxlPF9oTCTkF52PW8+THqIprGHzrYJ1/GTfIoY4em4WgKbtXl6SsYtxP9/QN3\naECfIpbg45ShAAABABLoeJMCYUlgMF0OG2pdMTqQ26WK1UKB7o3pUdVWAh9+RGXF\n79MKjnZBNt5hqFxsgb7fzjOZy9QB/mJYICfh8pyYFaIhQRSWKXgox/U5p2KgjeXd\n5rnGCdR5cmoyz6LhOfVabMe97xFcAo9EmGoLJvJ+EZ9YP8BDcmBTYionliuwLWEf\n4xd1OFgo0ShcL4tswWTHOh87lUYHIm6BWuzd/fO7wKZ/qkObiFpj/gPecuuKzZjG\npYjffKk9NrTM0t9bjkdlLbp0WNkzDDw/YB1pbDY4wX9QSCm+MYiNWrosJkBmWxQm\newo+J6bQn0z9g5TIm+6i+5k7ev73cITMVSh4uZ4AAAEBAMk1Q750nAlesch7tkYA\nWVEv3uWCi4B0kQ2rjWnuECw5Vb/4x4DinS3lG2/lxtL+tAO3K+DyZzxphkLFo6+/\nrFAGypWpFzP8sj2zXAQXmNZalkGffQCVbSLwUBWmgkblifByYhNrUxIjAMxh5pQG\n54DUwHlxBSZ0TO6dF4rH7z0hapJ62AYEbkdF3V323rOfeNFcccGwp0S9iu8f51Zx\nH07xtDUNBiRhm7TIewy86XPzY9lKB6eC5ubWZUyeNqKIvAzN5blD2B+P3jrcD6Dd\nfLeNczYffBq0C+x26wWn77UL3VxBX2sHP4q3MgvICchjS0l7I98fakYSkudnw3E1\nGGcAAAEBAMI9GyGrTW1YchAuZGFfhXi86iqaZx6onhPuvkVTgXnwpgy6gQXvxg+b\nPhr/M6ogC9oC0hqz0Ty9wW/2OmVNDhRT35G/RyO9aoAkBkCjv66wmCrajm2Pplrf\nniskythlOLnku/YcV+bQX5P7ypKjgdOlsINSaQ0rqo0uVNOpszM0WAAzEUSPrQ1J\njHI0Ky38XokSrDXfKD/8qMq5k1+Ifr81gzgoTFKncEQ7jqBSeOoiFLejepE9K/AD\nO5FFOtctooh0l56hHkMegZXFIcTOPMoRZmO1q7Ql4GsAhxAZL6DnAwSBxsnIw0Eo\nPrsRinZkSRA3jN53oJRg+cdfamWAUPsAAAAAAQID\n-----END OPENSSH PRIVATE KEY-----\n",
            "private_key_pem": "-----BEGIN RSA PRIVATE KEY-----\nMIIJJwIBAAKCAgEAmKpkWo1mSVhFX5q/xpPDcoV9JZHw21X2DU8ZpQmh2DB76qz7\nuugo9ymWD47hIc2KBuMox1kQ8xseLZM56eyLnUhsRi6GRbLQtHKl4zOxz44ZKw5T\nLclHQaa3FIac+JradzgvCZsJAyIHdnVqLKpaajpDdzi1M8RTGsfmr96HPwioMBpi\ns759KLmZgZRW26pXlh1/TAki+Ul73C5iM7ChmT5rZSFGqsHZ9IGjK3ZQ3QyGqfQ6\nBnvF+YCva0yvtWqJt1Gid52EDLtX7fEaMU4L3R7fUVAMzvUd4BaefvgNcpGfJRne\nMwKR/7Wimwh0/0Ll7bF10V8zSXIjyRPxA6zY8KK3+rVGaQp9p//rCFUPjaHBWydf\nTW36Yywbi+FoU+GeatQGaPRqOMcBhWNXovIdzMmsmxnPkuwUdHw4f8ukdo/NQ3Fn\nRZku5+rIZl4j78K6Rh2Thio6OjvkIpPPyA/962eGhQal9wce8X7EgNKIr3eTdM9k\nS87OqDQxxT1b8l21PSqqxuXMJXtMSE5DSvHMJDPCt3KAC1KknMl8cA5qUHJxyS1d\nBRTUxorfVhVGxW4ewBip4QfQJttbDBRwWxwXa2on890jMWsM83rSj4T+35FxeylP\nyb8U61bvKb4k1oUDDVl8VIHrxr4g/vuBfFO9xO9KifcdGBdUEc2w020vHP0CAwEA\nAQKCAgAV0oV1zDCK22tPNzeikwylGh/BdxMOx0LctCneRXo1BPkxmniBRx5T9kXV\nA3967X6FbYMuu7SIi5/Ms/bbUUzDts6DWbMn01+x65F64LDSEmXWmb2aFeNxpvsU\nnAlkH/6KfCV9IgQvxnV6oV4D9HXoKVvrdtewBqg6c8it6wk6IWqpNZxWRSxu3djr\nhODFlZvfgWfo3oV5TN+/oYG4Ec+HsDx5wD/xuLQHF2DTnZ4BewDk2lxRAPBTselh\nVRzoucnlwm2O2508lKsFACnWUmmvufICFYc/LhqPJaySSbLiZZ5yFziD4iIsgzIz\nJwpSUqW7TFqjCxCxtvcWjxssg1CfHJx+ogFWyzDdQx8s2l76hy+Dkn+Rq3BDOB0x\np/mSWh1SoaFoSUIi6/zi35XELrUmi7Oqcd1HaJYuiL6f/xHBfBRthP5C4EBpqorp\nIxioRdD5ef9CZBBB8XnB4PwK9s0lTaWw+w2RoZTosYfQt6iWLf4tZbZI9x29dR5s\nJbEoq62yQHeM1ds02ES3KR8ebcn5sjcZAVHFurF/QxTwLSwu09c07lq+VYABs0e9\nrEf+iRRKfUSX6NFLizlUsf+ChguJYgVK49D5b0DVqsZTxfaEwk5Bedj1vPkx6iKa\nxh862Cdfxk3yKGOHpuFoCm7V5ekrGLcT/f0Dd2hAnyKW4OOUoQKCAQEAyTVDvnSc\nCV6xyHu2RgBZUS/e5YKLgHSRDauNae4QLDlVv/jHgOKdLeUbb+XG0v60A7cr4PJn\nPGmGQsWjr7+sUAbKlakXM/yyPbNcBBeY1lqWQZ99AJVtIvBQFaaCRuWJ8HJiE2tT\nEiMAzGHmlAbngNTAeXEFJnRM7p0XisfvPSFqknrYBgRuR0XdXfbes5940VxxwbCn\nRL2K7x/nVnEfTvG0NQ0GJGGbtMh7DLzpc/Nj2UoHp4Lm5tZlTJ42ooi8DM3luUPY\nH4/eOtwPoN18t41zNh98GrQL7HbrBafvtQvdXEFfawc/ircyC8gJyGNLSXsj3x9q\nRhKS52fDcTUYZwKCAQEAwj0bIatNbVhyEC5kYV+FeLzqKppnHqieE+6+RVOBefCm\nDLqBBe/GD5s+Gv8zqiAL2gLSGrPRPL3Bb/Y6ZU0OFFPfkb9HI71qgCQGQKO/rrCY\nKtqObY+mWt+eKyTK2GU4ueS79hxX5tBfk/vKkqOB06Wwg1JpDSuqjS5U06mzMzRY\nADMRRI+tDUmMcjQrLfxeiRKsNd8oP/yoyrmTX4h+vzWDOChMUqdwRDuOoFJ46iIU\nt6N6kT0r8AM7kUU61y2iiHSXnqEeQx6BlcUhxM48yhFmY7WrtCXgawCHEBkvoOcD\nBIHGycjDQSg+uxGKdmRJEDeM3neglGD5x19qZYBQ+wKCAQBAw8Ndf51mKrPhC2kd\nWSlmx5jgmUeb/mleVBT9vuI3yfC/DS3yX38mcbOGLhj0e4WoGIKoMn5mZLURsxpA\nDNtDGxyEVdwhILqiv6PjsVDB1oC8+MA8utxZPa8ZePJALcxbuAW3qHkhwmCUaQLW\nLO7BejnGHUoCGbdVqv0T780jCSmLorz8GtsAWA2sHDWM7czu3unC5cDBkJ0y4TsO\niPUB7S0LUnjipwR+iXWKIRin+PTv0TNriOgX73TF17tQT+Dv4iqKmrrrVdy7Z3Ak\nYIavcnleN34z/jZEU/bMaETxKrOC6Yv0IG4kkVkrj6UOel+WdGuUe0Ey8vGUSMMR\nIn0LAoIBADlO3hpo+EcyuTSc+3DfRfoBgvVe6N3a0gj/f5Pkt2bK4bMPs9GUlNM1\n8nT0psGjAtwnyOWn+Cv7sH7gHwqUWXsV4/iUfuDEmg+EkXOw3HUmFT9PjIY2w9Y7\n8+a2zEJcWwg9vFc4tZacFBcNSw9Ivp07XYDhZ61DHObarJxmjUCmSPCGIKoh2eT5\ntj5btgGzXBEFOVoLpUx7tzFY32poUz0HBNgky5/3VuBK0iHrM1GhDIvB5//CFJyT\n15dc3advB21LORDMaKlU7tbJetUeJEFaMONqTmawZi4r0a2mQK8weWty/ru6SCGJ\nRjjbTAbyP7xRJ3bbxL0Cf6+bL0ETQtECggEAEuh4kwJhSWAwXQ4bal0xOpDbpYrV\nQoHujelR1VYCH35EZcXv0wqOdkE23mGoXGyBvt/OM5nL1AH+YlggJ+HynJgVoiFB\nFJYpeCjH9TmnYqCN5d3mucYJ1HlyajLPouE59Vpsx73vEVwCj0SYagsm8n4Rn1g/\nwENyYFNiKieWK7AtYR/jF3U4WCjRKFwvi2zBZMc6HzuVRgciboFa7N3987vApn+q\nQ5uIWmP+A95y64rNmMaliN98qT02tMzS31uOR2UtunRY2TMMPD9gHWlsNjjBf1BI\nKb4xiI1auiwmQGZbFCZ7Cj4nptCfTP2DlMib7qL7mTt6/vdwhMxVKHi5ng==\n-----END RSA PRIVATE KEY-----\n",
            "private_key_pem_pkcs8": "-----BEGIN PRIVATE KEY-----\nMIIJQQIBADANBgkqhkiG9w0BAQEFAASCCSswggknAgEAAoICAQCYqmRajWZJWEVf\nmr/Gk8NyhX0lkfDbVfYNTxmlCaHYMHvqrPu66Cj3KZYPjuEhzYoG4yjHWRDzGx4t\nkznp7IudSGxGLoZFstC0cqXjM7HPjhkrDlMtyUdBprcUhpz4mtp3OC8JmwkDIgd2\ndWosqlpqOkN3OLUzxFMax+av3oc/CKgwGmKzvn0ouZmBlFbbqleWHX9MCSL5SXvc\nLmIzsKGZPmtlIUaqwdn0gaMrdlDdDIap9DoGe8X5gK9rTK+1aom3UaJ3nYQMu1ft\n8RoxTgvdHt9RUAzO9R3gFp5++A1ykZ8lGd4zApH/taKbCHT/QuXtsXXRXzNJciPJ\nE/EDrNjworf6tUZpCn2n/+sIVQ+NocFbJ19NbfpjLBuL4WhT4Z5q1AZo9Go4xwGF\nY1ei8h3MyaybGc+S7BR0fDh/y6R2j81DcWdFmS7n6shmXiPvwrpGHZOGKjo6O+Qi\nk8/ID/3rZ4aFBqX3Bx7xfsSA0oivd5N0z2RLzs6oNDHFPVvyXbU9KqrG5cwle0xI\nTkNK8cwkM8K3coALUqScyXxwDmpQcnHJLV0FFNTGit9WFUbFbh7AGKnhB9Am21sM\nFHBbHBdraifz3SMxawzzetKPhP7fkXF7KU/JvxTrVu8pviTWhQMNWXxUgevGviD+\n+4F8U73E70qJ9x0YF1QRzbDTbS8c/QIDAQABAoICABXShXXMMIrba083N6KTDKUa\nH8F3Ew7HQty0Kd5FejUE+TGaeIFHHlP2RdUDf3rtfoVtgy67tIiLn8yz9ttRTMO2\nzoNZsyfTX7HrkXrgsNISZdaZvZoV43Gm+xScCWQf/op8JX0iBC/GdXqhXgP0degp\nW+t217AGqDpzyK3rCTohaqk1nFZFLG7d2OuE4MWVm9+BZ+jehXlM37+hgbgRz4ew\nPHnAP/G4tAcXYNOdngF7AOTaXFEA8FOx6WFVHOi5yeXCbY7bnTyUqwUAKdZSaa+5\n8gIVhz8uGo8lrJJJsuJlnnIXOIPiIiyDMjMnClJSpbtMWqMLELG29xaPGyyDUJ8c\nnH6iAVbLMN1DHyzaXvqHL4OSf5GrcEM4HTGn+ZJaHVKhoWhJQiLr/OLflcQutSaL\ns6px3Udoli6Ivp//EcF8FG2E/kLgQGmqiukjGKhF0Pl5/0JkEEHxecHg/Ar2zSVN\npbD7DZGhlOixh9C3qJYt/i1ltkj3Hb11HmwlsSirrbJAd4zV2zTYRLcpHx5tyfmy\nNxkBUcW6sX9DFPAtLC7T1zTuWr5VgAGzR72sR/6JFEp9RJfo0UuLOVSx/4KGC4li\nBUrj0PlvQNWqxlPF9oTCTkF52PW8+THqIprGHzrYJ1/GTfIoY4em4WgKbtXl6SsY\ntxP9/QN3aECfIpbg45ShAoIBAQDJNUO+dJwJXrHIe7ZGAFlRL97lgouAdJENq41p\n7hAsOVW/+MeA4p0t5Rtv5cbS/rQDtyvg8mc8aYZCxaOvv6xQBsqVqRcz/LI9s1wE\nF5jWWpZBn30AlW0i8FAVpoJG5YnwcmITa1MSIwDMYeaUBueA1MB5cQUmdEzunReK\nx+89IWqSetgGBG5HRd1d9t6zn3jRXHHBsKdEvYrvH+dWcR9O8bQ1DQYkYZu0yHsM\nvOlz82PZSgengubm1mVMnjaiiLwMzeW5Q9gfj9463A+g3Xy3jXM2H3watAvsdusF\np++1C91cQV9rBz+KtzILyAnIY0tJeyPfH2pGEpLnZ8NxNRhnAoIBAQDCPRshq01t\nWHIQLmRhX4V4vOoqmmceqJ4T7r5FU4F58KYMuoEF78YPmz4a/zOqIAvaAtIas9E8\nvcFv9jplTQ4UU9+Rv0cjvWqAJAZAo7+usJgq2o5tj6Za354rJMrYZTi55Lv2HFfm\n0F+T+8qSo4HTpbCDUmkNK6qNLlTTqbMzNFgAMxFEj60NSYxyNCst/F6JEqw13yg/\n/KjKuZNfiH6/NYM4KExSp3BEO46gUnjqIhS3o3qRPSvwAzuRRTrXLaKIdJeeoR5D\nHoGVxSHEzjzKEWZjtau0JeBrAIcQGS+g5wMEgcbJyMNBKD67EYp2ZEkQN4zed6CU\nYPnHX2plgFD7AoIBAEDDw11/nWYqs+ELaR1ZKWbHmOCZR5v+aV5UFP2+4jfJ8L8N\nLfJffyZxs4YuGPR7hagYgqgyfmZktRGzGkAM20MbHIRV3CEguqK/o+OxUMHWgLz4\nwDy63Fk9rxl48kAtzFu4BbeoeSHCYJRpAtYs7sF6OcYdSgIZt1Wq/RPvzSMJKYui\nvPwa2wBYDawcNYztzO7e6cLlwMGQnTLhOw6I9QHtLQtSeOKnBH6JdYohGKf49O/R\nM2uI6BfvdMXXu1BP4O/iKoqauutV3LtncCRghq9yeV43fjP+NkRT9sxoRPEqs4Lp\ni/QgbiSRWSuPpQ56X5Z0a5R7QTLy8ZRIwxEifQsCggEAOU7eGmj4RzK5NJz7cN9F\n+gGC9V7o3drSCP9/k+S3Zsrhsw+z0ZSU0zXydPSmwaMC3CfI5af4K/uwfuAfCpRZ\nexXj+JR+4MSaD4SRc7DcdSYVP0+MhjbD1jvz5rbMQlxbCD28Vzi1lpwUFw1LD0i+\nnTtdgOFnrUMc5tqsnGaNQKZI8IYgqiHZ5Pm2Plu2AbNcEQU5WgulTHu3MVjfamhT\nPQcE2CTLn/dW4ErSIeszUaEMi8Hn/8IUnJPXl1zdp28HbUs5EMxoqVTu1sl61R4k\nQVow42pOZrBmLivRraZArzB5a3L+u7pIIYlGONtMBvI/vFEndtvEvQJ/r5svQRNC\n0QKCAQAS6HiTAmFJYDBdDhtqXTE6kNulitVCge6N6VHVVgIffkRlxe/TCo52QTbe\nYahcbIG+384zmcvUAf5iWCAn4fKcmBWiIUEUlil4KMf1OadioI3l3ea5xgnUeXJq\nMs+i4Tn1WmzHve8RXAKPRJhqCybyfhGfWD/AQ3JgU2IqJ5YrsC1hH+MXdThYKNEo\nXC+LbMFkxzofO5VGByJugVrs3f3zu8Cmf6pDm4haY/4D3nLris2YxqWI33ypPTa0\nzNLfW45HZS26dFjZMww8P2AdaWw2OMF/UEgpvjGIjVq6LCZAZlsUJnsKPiem0J9M\n/YOUyJvuovuZO3r+93CEzFUoeLme\n-----END PRIVATE KEY-----\n",
            "public_key_fingerprint_md5": "db:3a:c1:78:c3:56:ec:50:1b:15:9f:c1:28:17:69:bf",
            "public_key_fingerprint_sha256": "SHA256:Sn7hxvvIWuCdx6tIHMGI7GwYVhMXtJ0mlFYW/MoJDAI",
            "public_key_openssh": "ssh-rsa AAAAB3NzaC1yc2EAAAADAQABAAACAQCYqmRajWZJWEVfmr/Gk8NyhX0lkfDbVfYNTxmlCaHYMHvqrPu66Cj3KZYPjuEhzYoG4yjHWRDzGx4tkznp7IudSGxGLoZFstC0cqXjM7HPjhkrDlMtyUdBprcUhpz4mtp3OC8JmwkDIgd2dWosqlpqOkN3OLUzxFMax+av3oc/CKgwGmKzvn0ouZmBlFbbqleWHX9MCSL5SXvcLmIzsKGZPmtlIUaqwdn0gaMrdlDdDIap9DoGe8X5gK9rTK+1aom3UaJ3nYQMu1ft8RoxTgvdHt9RUAzO9R3gFp5++A1ykZ8lGd4zApH/taKbCHT/QuXtsXXRXzNJciPJE/EDrNjworf6tUZpCn2n/+sIVQ+NocFbJ19NbfpjLBuL4WhT4Z5q1AZo9Go4xwGFY1ei8h3MyaybGc+S7BR0fDh/y6R2j81DcWdFmS7n6shmXiPvwrpGHZOGKjo6O+Qik8/ID/3rZ4aFBqX3Bx7xfsSA0oivd5N0z2RLzs6oNDHFPVvyXbU9KqrG5cwle0xITkNK8cwkM8K3coALUqScyXxwDmpQcnHJLV0FFNTGit9WFUbFbh7AGKnhB9Am21sMFHBbHBdraifz3SMxawzzetKPhP7fkXF7KU/JvxTrVu8pviTWhQMNWXxUgevGviD++4F8U73E70qJ9x0YF1QRzbDTbS8c/Q==\n",
            "public_key_pem": "-----BEGIN PUBLIC KEY-----\nMIICIjANBgkqhkiG9w0BAQEFAAOCAg8AMIICCgKCAgEAmKpkWo1mSVhFX5q/xpPD\ncoV9JZHw21X2DU8ZpQmh2DB76qz7uugo9ymWD47hIc2KBuMox1kQ8xseLZM56eyL\nnUhsRi6GRbLQtHKl4zOxz44ZKw5TLclHQaa3FIac+JradzgvCZsJAyIHdnVqLKpa\najpDdzi1M8RTGsfmr96HPwioMBpis759KLmZgZRW26pXlh1/TAki+Ul73C5iM7Ch\nmT5rZSFGqsHZ9IGjK3ZQ3QyGqfQ6BnvF+YCva0yvtWqJt1Gid52EDLtX7fEaMU4L\n3R7fUVAMzvUd4BaefvgNcpGfJRneMwKR/7Wimwh0/0Ll7bF10V8zSXIjyRPxA6zY\n8KK3+rVGaQp9p//rCFUPjaHBWydfTW36Yywbi+FoU+GeatQGaPRqOMcBhWNXovId\nzMmsmxnPkuwUdHw4f8ukdo/NQ3FnRZku5+rIZl4j78K6Rh2Thio6OjvkIpPPyA/9\n62eGhQal9wce8X7EgNKIr3eTdM9kS87OqDQxxT1b8l21PSqqxuXMJXtMSE5DSvHM\nJDPCt3KAC1KknMl8cA5qUHJxyS1dBRTUxorfVhVGxW4ewBip4QfQJttbDBRwWxwX\na2on890jMWsM83rSj4T+35FxeylPyb8U61bvKb4k1oUDDVl8VIHrxr4g/vuBfFO9\nxO9KifcdGBdUEc2w020vHP0CAwEAAQ==\n-----END PUBLIC KEY-----\n",
            "rsa_bits": 4096
          },
          "sensitive_attributes": [
            [
              {
                "type": "get_attr",
                "value": "private_key_pem_pkcs8"
              }
            ],
            [
              {
                "type": "get_attr",
                "value": "private_key_pem"
              }
            ],
            [
              {
                "type": "get_attr",
                "value": "private_key_openssh"
              }
            ]
          ]
        }
      ]
    },
    {
      "module": "module.lambda",
      "mode": "data",
      "type": "archive_file",
      "name": "name",
      "provider": "provider[\"registry.terraform.io/hashicorp/archive\"]",
      "instances": [
        {
          "schema_version": 0,
          "attributes": {
            "exclude_symlink_directories": null,
            "excludes": null,
            "id": "e426ac1b4598585c46cad332650b21797c0f83e9",
            "output_base64sha256": "7BITlvaBA7eRzbs7nPKCn3Q/8TmuvVebX43i+nTrQGE=",
            "output_base64sha512": "/T8r8De9Zj9SHIMuy0OLgvQqonBXDibnbOOVQW5NBN1dhesteD0y6If0AaOPdPufNSwIHOuLaLBam8PvGO5BuA==",
            "output_file_mode": null,
            "output_md5": "c69756e4863c71be944081c4b3234628",
            "output_path": "../script_lambda/lmb_data_dynamodb.zip",
            "output_sha": "e426ac1b4598585c46cad332650b21797c0f83e9",
            "output_sha256": "ec121396f68103b791cdbb3b9cf2829f743ff139aebd579b5f8de2fa74eb4061",
            "output_sha512": "fd3f2bf037bd663f521c832ecb438b82f42aa270570e26e76ce395416e4d04dd5d85eb2d783d32e887f401a38f74fb9f352c081ceb8b68b05a9bc3ef18ee41b8",
            "output_size": 644,
            "source": [],
            "source_content": null,
            "source_content_filename": null,
            "source_dir": null,
            "source_file": "../script_lambda/lmb_data_dynamodb.py",
            "type": "zip"
          },
          "sensitive_attributes": []
        }
      ]
    },
    {
      "module": "module.lambda",
      "mode": "managed",
      "type": "aws_lambda_function",
      "name": "lbd_data_dynamodb",
      "provider": "provider[\"registry.terraform.io/hashicorp/aws\"]",
      "instances": [
        {
          "schema_version": 0,
          "attributes": {
            "architectures": [
              "x86_64"
            ],
            "arn": "arn:aws:lambda:us-east-1:005348368148:function:lmb_data_dynamodb",
            "code_signing_config_arn": "",
            "dead_letter_config": [],
            "description": "",
            "environment": [
              {
                "variables": {
                  "TABLE_NAME": "storage_iot_wattson"
                }
              }
            ],
            "ephemeral_storage": [
              {
                "size": 512
              }
            ],
            "file_system_config": [],
            "filename": "../script_lambda/lmb_data_dynamodb.zip",
            "function_name": "lmb_data_dynamodb",
            "handler": "lmb_data_dynamodb.lambda_handler",
            "id": "lmb_data_dynamodb",
            "image_config": [],
            "image_uri": "",
            "invoke_arn": "arn:aws:apigateway:us-east-1:lambda:path/2015-03-31/functions/arn:aws:lambda:us-east-1:005348368148:function:lmb_data_dynamodb/invocations",
            "kms_key_arn": "",
            "last_modified": "2025-09-07T22:06:55.891+0000",
            "layers": null,
            "memory_size": 128,
            "package_type": "Zip",
            "publish": false,
            "qualified_arn": "arn:aws:lambda:us-east-1:005348368148:function:lmb_data_dynamodb:$LATEST",
            "qualified_invoke_arn": "arn:aws:apigateway:us-east-1:lambda:path/2015-03-31/functions/arn:aws:lambda:us-east-1:005348368148:function:lmb_data_dynamodb:$LATEST/invocations",
            "replace_security_groups_on_destroy": null,
            "replacement_security_group_ids": null,
            "reserved_concurrent_executions": -1,
            "role": "arn:aws:iam::005348368148:role/LabRole",
            "runtime": "python3.10",
            "s3_bucket": null,
            "s3_key": null,
            "s3_object_version": null,
            "signing_job_arn": "",
            "signing_profile_version_arn": "",
            "skip_destroy": false,
            "snap_start": [],
            "source_code_hash": "7BITlvaBA7eRzbs7nPKCn3Q/8TmuvVebX43i+nTrQGE=",
            "source_code_size": 644,
            "tags": null,
            "tags_all": {},
            "timeout": 30,
            "timeouts": null,
            "tracing_config": [
              {
                "mode": "PassThrough"
              }
            ],
            "version": "$LATEST",
            "vpc_config": []
          },
          "sensitive_attributes": [],
          "private": "eyJlMmJmYjczMC1lY2FhLTExZTYtOGY4OC0zNDM2M2JjN2M0YzAiOnsiY3JlYXRlIjo2MDAwMDAwMDAwMDAsImRlbGV0ZSI6NjAwMDAwMDAwMDAwLCJ1cGRhdGUiOjYwMDAwMDAwMDAwMH19",
          "dependencies": [
            "module.dynamodb.aws_dynamodb_table.dynamodb_table_wattson"
          ]
        }
      ]
    },
    {
      "module": "module.router_table",
      "mode": "managed",
      "type": "aws_route",
      "name": "internet-acess",
      "provider": "provider[\"registry.terraform.io/hashicorp/aws\"]",
      "instances": [
        {
          "schema_version": 0,
          "attributes": {
            "carrier_gateway_id": "",
            "core_network_arn": "",
            "destination_cidr_block": "0.0.0.0/0",
            "destination_ipv6_cidr_block": "",
            "destination_prefix_list_id": "",
            "egress_only_gateway_id": "",
            "gateway_id": "igw-0243bd23f1cf3850b",
            "id": "r-rtb-0fe05488a3f9171fb1080289494",
            "instance_id": "",
            "instance_owner_id": "",
            "local_gateway_id": "",
            "nat_gateway_id": "",
            "network_interface_id": "",
            "origin": "CreateRoute",
            "route_table_id": "rtb-0fe05488a3f9171fb",
            "state": "active",
            "timeouts": null,
            "transit_gateway_id": "",
            "vpc_endpoint_id": "",
            "vpc_peering_connection_id": ""
          },
          "sensitive_attributes": [],
          "private": "eyJlMmJmYjczMC1lY2FhLTExZTYtOGY4OC0zNDM2M2JjN2M0YzAiOnsiY3JlYXRlIjozMDAwMDAwMDAwMDAsImRlbGV0ZSI6MzAwMDAwMDAwMDAwLCJ1cGRhdGUiOjEyMDAwMDAwMDAwMH19",
          "dependencies": [
            "module.router_table.aws_route_table.rtb-wattson",
            "module.vpc.aws_internet_gateway.igw-wattson",
            "module.vpc.aws_vpc.vpc-wattson"
          ]
        }
      ]
    },
    {
      "module": "module.router_table",
      "mode": "managed",
      "type": "aws_route_table",
      "name": "rtb-wattson",
      "provider": "provider[\"registry.terraform.io/hashicorp/aws\"]",
      "instances": [
        {
          "schema_version": 0,
          "attributes": {
            "arn": "arn:aws:ec2:us-east-1:005348368148:route-table/rtb-0fe05488a3f9171fb",
            "id": "rtb-0fe05488a3f9171fb",
            "owner_id": "005348368148",
            "propagating_vgws": [],
            "route": [],
            "tags": {
              "Name": "rtb-wattson"
            },
            "tags_all": {
              "Name": "rtb-wattson"
            },
            "timeouts": null,
            "vpc_id": "vpc-03c51ddc133ee61e2"
          },
          "sensitive_attributes": [],
          "private": "eyJlMmJmYjczMC1lY2FhLTExZTYtOGY4OC0zNDM2M2JjN2M0YzAiOnsiY3JlYXRlIjozMDAwMDAwMDAwMDAsImRlbGV0ZSI6MzAwMDAwMDAwMDAwLCJ1cGRhdGUiOjEyMDAwMDAwMDAwMH19",
          "dependencies": [
            "module.vpc.aws_vpc.vpc-wattson"
          ]
        }
      ]
    },
    {
      "module": "module.router_table",
      "mode": "managed",
      "type": "aws_route_table_association",
      "name": "rt_subnet_pub",
      "provider": "provider[\"registry.terraform.io/hashicorp/aws\"]",
      "instances": [
        {
          "schema_version": 0,
          "attributes": {
            "gateway_id": "",
            "id": "rtbassoc-05acdad83c8eb059b",
            "route_table_id": "rtb-0fe05488a3f9171fb",
            "subnet_id": "subnet-0f3112c028da7e93f",
            "timeouts": null
          },
          "sensitive_attributes": [],
          "private": "eyJlMmJmYjczMC1lY2FhLTExZTYtOGY4OC0zNDM2M2JjN2M0YzAiOnsiY3JlYXRlIjozMDAwMDAwMDAwMDAsImRlbGV0ZSI6MzAwMDAwMDAwMDAwLCJ1cGRhdGUiOjEyMDAwMDAwMDAwMH19",
          "dependencies": [
            "module.router_table.aws_route_table.rtb-wattson",
            "module.vpc.aws_subnet.sub-pub-wattson",
            "module.vpc.aws_vpc.vpc-wattson"
          ]
        }
      ]
    },
    {
      "module": "module.s3",
      "mode": "data",
      "type": "aws_caller_identity",
      "name": "current",
      "provider": "provider[\"registry.terraform.io/hashicorp/aws\"]",
      "instances": [
        {
          "schema_version": 0,
          "attributes": {
            "account_id": "005348368148",
            "arn": "arn:aws:sts::005348368148:assumed-role/voclabs/user2769566=caetano.domingues@sptech.school",
            "id": "005348368148",
            "user_id": "AROAQCPWJT4KLXGLRZTU5:user2769566=caetano.domingues@sptech.school"
          },
          "sensitive_attributes": []
        }
      ]
    },
    {
      "module": "module.s3",
      "mode": "managed",
      "type": "aws_s3_bucket",
      "name": "bkt-wattson",
      "provider": "provider[\"registry.terraform.io/hashicorp/aws\"]",
      "instances": [
        {
          "index_key": "bkt-wattson-client-005348368148",
          "schema_version": 0,
          "attributes": {
            "acceleration_status": "",
            "acl": null,
            "arn": "arn:aws:s3:::bkt-wattson-client-005348368148",
            "bucket": "bkt-wattson-client-005348368148",
            "bucket_domain_name": "bkt-wattson-client-005348368148.s3.amazonaws.com",
            "bucket_prefix": "",
            "bucket_regional_domain_name": "bkt-wattson-client-005348368148.s3.amazonaws.com",
            "cors_rule": [],
            "force_destroy": false,
            "grant": [
              {
                "id": "5bd02b57c1f06b624d083c6e3f3c5a24b3ed4da3d4ffb2922f4ec5faa96979b2",
                "permissions": [
                  "FULL_CONTROL"
                ],
                "type": "CanonicalUser",
                "uri": ""
              }
            ],
            "hosted_zone_id": "Z3AQBSTGFYJSTF",
            "id": "bkt-wattson-client-005348368148",
            "lifecycle_rule": [],
            "logging": [],
            "object_lock_configuration": [],
            "object_lock_enabled": false,
            "policy": "",
            "region": "us-east-1",
            "replication_configuration": [],
            "request_payer": "BucketOwner",
            "server_side_encryption_configuration": [
              {
                "rule": [
                  {
                    "apply_server_side_encryption_by_default": [
                      {
                        "kms_master_key_id": "",
                        "sse_algorithm": "AES256"
                      }
                    ],
                    "bucket_key_enabled": false
                  }
                ]
              }
            ],
            "tags": {
              "Name": "bkt-wattson-client-005348368148"
            },
            "tags_all": {
              "Name": "bkt-wattson-client-005348368148"
            },
            "timeouts": null,
            "versioning": [
              {
                "enabled": false,
                "mfa_delete": false
              }
            ],
            "website": [],
            "website_domain": null,
            "website_endpoint": null
          },
          "sensitive_attributes": [],
          "private": "eyJlMmJmYjczMC1lY2FhLTExZTYtOGY4OC0zNDM2M2JjN2M0YzAiOnsiY3JlYXRlIjoxMjAwMDAwMDAwMDAwLCJkZWxldGUiOjM2MDAwMDAwMDAwMDAsInJlYWQiOjEyMDAwMDAwMDAwMDAsInVwZGF0ZSI6MTIwMDAwMDAwMDAwMH19",
          "dependencies": [
            "module.s3.data.aws_caller_identity.current"
          ]
        },
        {
          "index_key": "bkt-wattson-raw-005348368148",
          "schema_version": 0,
          "attributes": {
            "acceleration_status": "",
            "acl": null,
            "arn": "arn:aws:s3:::bkt-wattson-raw-005348368148",
            "bucket": "bkt-wattson-raw-005348368148",
            "bucket_domain_name": "bkt-wattson-raw-005348368148.s3.amazonaws.com",
            "bucket_prefix": "",
            "bucket_regional_domain_name": "bkt-wattson-raw-005348368148.s3.amazonaws.com",
            "cors_rule": [],
            "force_destroy": false,
            "grant": [
              {
                "id": "5bd02b57c1f06b624d083c6e3f3c5a24b3ed4da3d4ffb2922f4ec5faa96979b2",
                "permissions": [
                  "FULL_CONTROL"
                ],
                "type": "CanonicalUser",
                "uri": ""
              }
            ],
            "hosted_zone_id": "Z3AQBSTGFYJSTF",
            "id": "bkt-wattson-raw-005348368148",
            "lifecycle_rule": [],
            "logging": [],
            "object_lock_configuration": [],
            "object_lock_enabled": false,
            "policy": "",
            "region": "us-east-1",
            "replication_configuration": [],
            "request_payer": "BucketOwner",
            "server_side_encryption_configuration": [
              {
                "rule": [
                  {
                    "apply_server_side_encryption_by_default": [
                      {
                        "kms_master_key_id": "",
                        "sse_algorithm": "AES256"
                      }
                    ],
                    "bucket_key_enabled": false
                  }
                ]
              }
            ],
            "tags": {
              "Name": "bkt-wattson-raw-005348368148"
            },
            "tags_all": {
              "Name": "bkt-wattson-raw-005348368148"
            },
            "timeouts": null,
            "versioning": [
              {
                "enabled": false,
                "mfa_delete": false
              }
            ],
            "website": [],
            "website_domain": null,
            "website_endpoint": null
          },
          "sensitive_attributes": [],
          "private": "eyJlMmJmYjczMC1lY2FhLTExZTYtOGY4OC0zNDM2M2JjN2M0YzAiOnsiY3JlYXRlIjoxMjAwMDAwMDAwMDAwLCJkZWxldGUiOjM2MDAwMDAwMDAwMDAsInJlYWQiOjEyMDAwMDAwMDAwMDAsInVwZGF0ZSI6MTIwMDAwMDAwMDAwMH19",
          "dependencies": [
            "module.s3.data.aws_caller_identity.current"
          ]
        },
        {
          "index_key": "bkt-wattson-trusted-005348368148",
          "schema_version": 0,
          "attributes": {
            "acceleration_status": "",
            "acl": null,
            "arn": "arn:aws:s3:::bkt-wattson-trusted-005348368148",
            "bucket": "bkt-wattson-trusted-005348368148",
            "bucket_domain_name": "bkt-wattson-trusted-005348368148.s3.amazonaws.com",
            "bucket_prefix": "",
            "bucket_regional_domain_name": "bkt-wattson-trusted-005348368148.s3.amazonaws.com",
            "cors_rule": [],
            "force_destroy": false,
            "grant": [
              {
                "id": "5bd02b57c1f06b624d083c6e3f3c5a24b3ed4da3d4ffb2922f4ec5faa96979b2",
                "permissions": [
                  "FULL_CONTROL"
                ],
                "type": "CanonicalUser",
                "uri": ""
              }
            ],
            "hosted_zone_id": "Z3AQBSTGFYJSTF",
            "id": "bkt-wattson-trusted-005348368148",
            "lifecycle_rule": [],
            "logging": [],
            "object_lock_configuration": [],
            "object_lock_enabled": false,
            "policy": "",
            "region": "us-east-1",
            "replication_configuration": [],
            "request_payer": "BucketOwner",
            "server_side_encryption_configuration": [
              {
                "rule": [
                  {
                    "apply_server_side_encryption_by_default": [
                      {
                        "kms_master_key_id": "",
                        "sse_algorithm": "AES256"
                      }
                    ],
                    "bucket_key_enabled": false
                  }
                ]
              }
            ],
            "tags": {
              "Name": "bkt-wattson-trusted-005348368148"
            },
            "tags_all": {
              "Name": "bkt-wattson-trusted-005348368148"
            },
            "timeouts": null,
            "versioning": [
              {
                "enabled": false,
                "mfa_delete": false
              }
            ],
            "website": [],
            "website_domain": null,
            "website_endpoint": null
          },
          "sensitive_attributes": [],
          "private": "eyJlMmJmYjczMC1lY2FhLTExZTYtOGY4OC0zNDM2M2JjN2M0YzAiOnsiY3JlYXRlIjoxMjAwMDAwMDAwMDAwLCJkZWxldGUiOjM2MDAwMDAwMDAwMDAsInJlYWQiOjEyMDAwMDAwMDAwMDAsInVwZGF0ZSI6MTIwMDAwMDAwMDAwMH19",
          "dependencies": [
            "module.s3.data.aws_caller_identity.current"
          ]
        }
      ]
    },
    {
      "module": "module.s3",
      "mode": "managed",
      "type": "aws_s3_bucket_cors_configuration",
      "name": "bkt-cors-config",
      "provider": "provider[\"registry.terraform.io/hashicorp/aws\"]",
      "instances": [
        {
          "index_key": "bkt-wattson-client-005348368148",
          "schema_version": 0,
          "attributes": {
            "bucket": "bkt-wattson-client-005348368148",
            "cors_rule": [
              {
                "allowed_headers": [
                  "*"
                ],
                "allowed_methods": [
                  "GET"
                ],
                "allowed_origins": [
                  "*"
                ],
                "expose_headers": [],
                "id": "",
                "max_age_seconds": null
              }
            ],
            "expected_bucket_owner": "",
            "id": "bkt-wattson-client-005348368148"
          },
          "sensitive_attributes": [],
          "private": "bnVsbA==",
          "dependencies": [
            "module.s3.aws_s3_bucket.bkt-wattson",
            "module.s3.data.aws_caller_identity.current"
          ]
        },
        {
          "index_key": "bkt-wattson-raw-005348368148",
          "schema_version": 0,
          "attributes": {
            "bucket": "bkt-wattson-raw-005348368148",
            "cors_rule": [
              {
                "allowed_headers": [
                  "*"
                ],
                "allowed_methods": [
                  "GET"
                ],
                "allowed_origins": [
                  "*"
                ],
                "expose_headers": [],
                "id": "",
                "max_age_seconds": null
              }
            ],
            "expected_bucket_owner": "",
            "id": "bkt-wattson-raw-005348368148"
          },
          "sensitive_attributes": [],
          "private": "bnVsbA==",
          "dependencies": [
            "module.s3.aws_s3_bucket.bkt-wattson",
            "module.s3.data.aws_caller_identity.current"
          ]
        },
        {
          "index_key": "bkt-wattson-trusted-005348368148",
          "schema_version": 0,
          "attributes": {
            "bucket": "bkt-wattson-trusted-005348368148",
            "cors_rule": [
              {
                "allowed_headers": [
                  "*"
                ],
                "allowed_methods": [
                  "GET"
                ],
                "allowed_origins": [
                  "*"
                ],
                "expose_headers": [],
                "id": "",
                "max_age_seconds": null
              }
            ],
            "expected_bucket_owner": "",
            "id": "bkt-wattson-trusted-005348368148"
          },
          "sensitive_attributes": [],
          "private": "bnVsbA==",
          "dependencies": [
            "module.s3.aws_s3_bucket.bkt-wattson",
            "module.s3.data.aws_caller_identity.current"
          ]
        }
      ]
    },
    {
      "module": "module.s3",
      "mode": "managed",
      "type": "aws_s3_bucket_policy",
      "name": "bkt_policy_acesso",
      "provider": "provider[\"registry.terraform.io/hashicorp/aws\"]",
      "instances": [
        {
          "index_key": "bkt-wattson-client-005348368148",
          "schema_version": 0,
          "attributes": {
            "bucket": "bkt-wattson-client-005348368148",
            "id": "bkt-wattson-client-005348368148",
            "policy": "{\"Statement\":[{\"Action\":[\"s3:GetObject\",\"s3:PutObject\",\"s3:DeleteObject\"],\"Effect\":\"Allow\",\"Principal\":\"*\",\"Resource\":\"arn:aws:s3:::bkt-wattson-client-005348368148/*\"}],\"Version\":\"2012-10-17\"}"
          },
          "sensitive_attributes": [],
          "private": "bnVsbA==",
          "dependencies": [
            "module.s3.aws_s3_bucket.bkt-wattson",
            "module.s3.data.aws_caller_identity.current"
          ]
        }
      ]
    },
    {
      "module": "module.s3",
      "mode": "managed",
      "type": "aws_s3_bucket_public_access_block",
      "name": "bucket_acessos",
      "provider": "provider[\"registry.terraform.io/hashicorp/aws\"]",
      "instances": [
        {
          "index_key": "bkt-wattson-client-005348368148",
          "schema_version": 0,
          "attributes": {
            "block_public_acls": false,
            "block_public_policy": false,
            "bucket": "bkt-wattson-client-005348368148",
            "id": "bkt-wattson-client-005348368148",
            "ignore_public_acls": false,
            "restrict_public_buckets": false
          },
          "sensitive_attributes": [],
          "private": "bnVsbA==",
          "dependencies": [
            "module.s3.aws_s3_bucket.bkt-wattson",
            "module.s3.data.aws_caller_identity.current"
          ]
        },
        {
          "index_key": "bkt-wattson-raw-005348368148",
          "schema_version": 0,
          "attributes": {
            "block_public_acls": false,
            "block_public_policy": false,
            "bucket": "bkt-wattson-raw-005348368148",
            "id": "bkt-wattson-raw-005348368148",
            "ignore_public_acls": false,
            "restrict_public_buckets": false
          },
          "sensitive_attributes": [],
          "private": "bnVsbA==",
          "dependencies": [
            "module.s3.aws_s3_bucket.bkt-wattson",
            "module.s3.data.aws_caller_identity.current"
          ]
        },
        {
          "index_key": "bkt-wattson-trusted-005348368148",
          "schema_version": 0,
          "attributes": {
            "block_public_acls": false,
            "block_public_policy": false,
            "bucket": "bkt-wattson-trusted-005348368148",
            "id": "bkt-wattson-trusted-005348368148",
            "ignore_public_acls": false,
            "restrict_public_buckets": false
          },
          "sensitive_attributes": [],
          "private": "bnVsbA==",
          "dependencies": [
            "module.s3.aws_s3_bucket.bkt-wattson",
            "module.s3.data.aws_caller_identity.current"
          ]
        }
      ]
    },
    {
      "module": "module.security_group",
      "mode": "managed",
      "type": "aws_security_group",
      "name": "sgp_pub_wattson",
      "provider": "provider[\"registry.terraform.io/hashicorp/aws\"]",
      "instances": [
        {
          "schema_version": 1,
          "attributes": {
            "arn": "arn:aws:ec2:us-east-1:005348368148:security-group/sg-09351e2994f5d13fd",
            "description": "Allow SSH acess",
            "egress": [
              {
                "cidr_blocks": [
                  "0.0.0.0/0"
                ],
                "description": "",
                "from_port": 0,
                "ipv6_cidr_blocks": [],
                "prefix_list_ids": [],
                "protocol": "-1",
                "security_groups": [],
                "self": false,
                "to_port": 0
              }
            ],
            "id": "sg-09351e2994f5d13fd",
            "ingress": [
              {
                "cidr_blocks": [
                  "0.0.0.0/0"
                ],
                "description": "",
                "from_port": 0,
                "ipv6_cidr_blocks": [],
                "prefix_list_ids": [],
                "protocol": "-1",
                "security_groups": [],
                "self": false,
                "to_port": 0
              }
            ],
            "name": "sgp_pub_wattson",
            "name_prefix": "",
            "owner_id": "005348368148",
            "revoke_rules_on_delete": false,
            "tags": {
              "Name": "sgp_pub_wattson"
            },
            "tags_all": {
              "Name": "sgp_pub_wattson"
            },
            "timeouts": null,
            "vpc_id": "vpc-03c51ddc133ee61e2"
          },
          "sensitive_attributes": [],
          "private": "eyJlMmJmYjczMC1lY2FhLTExZTYtOGY4OC0zNDM2M2JjN2M0YzAiOnsiY3JlYXRlIjo2MDAwMDAwMDAwMDAsImRlbGV0ZSI6OTAwMDAwMDAwMDAwfSwic2NoZW1hX3ZlcnNpb24iOiIxIn0=",
          "dependencies": [
            "module.vpc.aws_vpc.vpc-wattson"
          ]
        }
      ]
    },
    {
      "module": "module.vpc",
      "mode": "managed",
      "type": "aws_internet_gateway",
      "name": "igw-wattson",
      "provider": "provider[\"registry.terraform.io/hashicorp/aws\"]",
      "instances": [
        {
          "schema_version": 0,
          "attributes": {
            "arn": "arn:aws:ec2:us-east-1:005348368148:internet-gateway/igw-0243bd23f1cf3850b",
            "id": "igw-0243bd23f1cf3850b",
            "owner_id": "005348368148",
            "tags": {
              "Name": "wattson-igw"
            },
            "tags_all": {
              "Name": "wattson-igw"
            },
            "timeouts": null,
            "vpc_id": "vpc-03c51ddc133ee61e2"
          },
          "sensitive_attributes": [],
          "private": "eyJlMmJmYjczMC1lY2FhLTExZTYtOGY4OC0zNDM2M2JjN2M0YzAiOnsiY3JlYXRlIjoxMjAwMDAwMDAwMDAwLCJkZWxldGUiOjEyMDAwMDAwMDAwMDAsInVwZGF0ZSI6MTIwMDAwMDAwMDAwMH19",
          "dependencies": [
            "module.vpc.aws_vpc.vpc-wattson"
          ]
        }
      ]
    },
    {
      "module": "module.vpc",
      "mode": "managed",
      "type": "aws_subnet",
      "name": "sub-pub-wattson",
      "provider": "provider[\"registry.terraform.io/hashicorp/aws\"]",
      "instances": [
        {
          "schema_version": 1,
          "attributes": {
            "arn": "arn:aws:ec2:us-east-1:005348368148:subnet/subnet-0f3112c028da7e93f",
            "assign_ipv6_address_on_creation": false,
            "availability_zone": "us-east-1a",
            "availability_zone_id": "use1-az6",
            "cidr_block": "10.0.0.0/26",
            "customer_owned_ipv4_pool": "",
            "enable_dns64": false,
            "enable_lni_at_device_index": 0,
            "enable_resource_name_dns_a_record_on_launch": true,
            "enable_resource_name_dns_aaaa_record_on_launch": false,
            "id": "subnet-0f3112c028da7e93f",
            "ipv6_cidr_block": "",
            "ipv6_cidr_block_association_id": "",
            "ipv6_native": false,
            "map_customer_owned_ip_on_launch": false,
            "map_public_ip_on_launch": true,
            "outpost_arn": "",
            "owner_id": "005348368148",
            "private_dns_hostname_type_on_launch": "ip-name",
            "tags": {
              "Name": "sub-pub-wattson"
            },
            "tags_all": {
              "Name": "sub-pub-wattson"
            },
            "timeouts": null,
            "vpc_id": "vpc-03c51ddc133ee61e2"
          },
          "sensitive_attributes": [],
          "private": "eyJlMmJmYjczMC1lY2FhLTExZTYtOGY4OC0zNDM2M2JjN2M0YzAiOnsiY3JlYXRlIjo2MDAwMDAwMDAwMDAsImRlbGV0ZSI6MTIwMDAwMDAwMDAwMH0sInNjaGVtYV92ZXJzaW9uIjoiMSJ9",
          "dependencies": [
            "module.vpc.aws_vpc.vpc-wattson"
          ]
        }
      ]
    },
    {
      "module": "module.vpc",
      "mode": "managed",
      "type": "aws_vpc",
      "name": "vpc-wattson",
      "provider": "provider[\"registry.terraform.io/hashicorp/aws\"]",
      "instances": [
        {
          "schema_version": 1,
          "attributes": {
            "arn": "arn:aws:ec2:us-east-1:005348368148:vpc/vpc-03c51ddc133ee61e2",
            "assign_generated_ipv6_cidr_block": false,
            "cidr_block": "10.0.0.0/24",
            "default_network_acl_id": "acl-0971af9ce9fa8eb95",
            "default_route_table_id": "rtb-0bef71da29aac2c8c",
            "default_security_group_id": "sg-03a7f8512fa4fe959",
            "dhcp_options_id": "dopt-0d661435d9864e960",
            "enable_classiclink": false,
            "enable_classiclink_dns_support": false,
            "enable_dns_hostnames": true,
            "enable_dns_support": true,
            "enable_network_address_usage_metrics": false,
            "id": "vpc-03c51ddc133ee61e2",
            "instance_tenancy": "default",
            "ipv4_ipam_pool_id": null,
            "ipv4_netmask_length": null,
            "ipv6_association_id": "",
            "ipv6_cidr_block": "",
            "ipv6_cidr_block_network_border_group": "",
            "ipv6_ipam_pool_id": "",
            "ipv6_netmask_length": 0,
            "main_route_table_id": "rtb-0bef71da29aac2c8c",
            "owner_id": "005348368148",
            "tags": {
              "Name": "vpc-wattson"
            },
            "tags_all": {
              "Name": "vpc-wattson"
            }
          },
          "sensitive_attributes": [],
          "private": "eyJzY2hlbWFfdmVyc2lvbiI6IjEifQ=="
        }
      ]
    }
  ],
  "check_results": null
}
