{
  "version": 4,
  "terraform_version": "1.9.5",
  "serial": 454,
  "lineage": "5d2dc8c7-d0a0-a191-d762-6e9179518dd0",
  "outputs": {},
  "resources": [
    {
      "module": "module.dynamodb",
      "mode": "managed",
      "type": "aws_dynamodb_table",
      "name": "dynamodb_table_wattson",
      "provider": "provider[\"registry.terraform.io/hashicorp/aws\"]",
      "instances": [
        {
          "schema_version": 1,
          "attributes": {
            "arn": "arn:aws:dynamodb:us-east-1:005348368148:table/storage_iot_wattson",
            "attribute": [
              {
                "name": "deviceId",
                "type": "S"
              },
              {
                "name": "ts",
                "type": "N"
              }
            ],
            "billing_mode": "PAY_PER_REQUEST",
            "deletion_protection_enabled": false,
            "global_secondary_index": [],
            "hash_key": "deviceId",
            "id": "storage_iot_wattson",
            "local_secondary_index": [],
            "name": "storage_iot_wattson",
            "point_in_time_recovery": [
              {
                "enabled": false
              }
            ],
            "range_key": "ts",
            "read_capacity": 0,
            "replica": [],
            "restore_date_time": null,
            "restore_source_name": null,
            "restore_to_latest_time": null,
            "server_side_encryption": [],
            "stream_arn": "",
            "stream_enabled": false,
            "stream_label": "",
            "stream_view_type": "",
            "table_class": "STANDARD",
            "tags": null,
            "tags_all": {},
            "timeouts": null,
            "ttl": [
              {
                "attribute_name": "",
                "enabled": false
              }
            ],
            "write_capacity": 0
          },
          "sensitive_attributes": [],
          "private": "eyJlMmJmYjczMC1lY2FhLTExZTYtOGY4OC0zNDM2M2JjN2M0YzAiOnsiY3JlYXRlIjoxODAwMDAwMDAwMDAwLCJkZWxldGUiOjYwMDAwMDAwMDAwMCwidXBkYXRlIjozNjAwMDAwMDAwMDAwfSwic2NoZW1hX3ZlcnNpb24iOiIxIn0="
        }
      ]
    },
    {
      "module": "module.ec2",
      "mode": "managed",
      "type": "aws_instance",
      "name": "ec2-pub-wattson",
      "provider": "provider[\"registry.terraform.io/hashicorp/aws\"]",
      "instances": [
        {
          "schema_version": 1,
          "attributes": {
            "ami": "ami-0e86e20dae9224db8",
            "arn": "arn:aws:ec2:us-east-1:005348368148:instance/i-0fe557e8313c488b4",
            "associate_public_ip_address": true,
            "availability_zone": "us-east-1a",
            "capacity_reservation_specification": [
              {
                "capacity_reservation_preference": "open",
                "capacity_reservation_target": []
              }
            ],
            "cpu_core_count": 1,
            "cpu_options": [
              {
                "amd_sev_snp": "",
                "core_count": 1,
                "threads_per_core": 1
              }
            ],
            "cpu_threads_per_core": 1,
            "credit_specification": [
              {
                "cpu_credits": "standard"
              }
            ],
            "disable_api_stop": false,
            "disable_api_termination": false,
            "ebs_block_device": [
              {
                "delete_on_termination": true,
                "device_name": "/dev/sda1",
                "encrypted": false,
                "iops": 3000,
                "kms_key_id": "",
                "snapshot_id": "",
                "tags": {},
                "throughput": 125,
                "volume_id": "vol-0239e0b5a0a88d625",
                "volume_size": 15,
                "volume_type": "gp3"
              }
            ],
            "ebs_optimized": false,
            "enclave_options": [
              {
                "enabled": false
              }
            ],
            "ephemeral_block_device": [],
            "get_password_data": false,
            "hibernation": false,
            "host_id": "",
            "host_resource_group_arn": null,
            "iam_instance_profile": "",
            "id": "i-0fe557e8313c488b4",
            "instance_initiated_shutdown_behavior": "stop",
            "instance_state": "running",
            "instance_type": "t2.micro",
            "ipv6_address_count": 0,
            "ipv6_addresses": [],
            "key_name": "public_key_wattson",
            "launch_template": [],
            "maintenance_options": [
              {
                "auto_recovery": "default"
              }
            ],
            "metadata_options": [
              {
                "http_endpoint": "enabled",
                "http_put_response_hop_limit": 2,
                "http_tokens": "required",
                "instance_metadata_tags": "disabled"
              }
            ],
            "monitoring": false,
            "network_interface": [],
            "outpost_arn": "",
            "password_data": "",
            "placement_group": "",
            "placement_partition_number": 0,
            "primary_network_interface_id": "eni-0b6ca94d5ab862c02",
            "private_dns": "ip-10-0-0-45.ec2.internal",
            "private_dns_name_options": [
              {
                "enable_resource_name_dns_a_record": true,
                "enable_resource_name_dns_aaaa_record": false,
                "hostname_type": "ip-name"
              }
            ],
            "private_ip": "10.0.0.45",
            "public_dns": "ec2-54-166-173-156.compute-1.amazonaws.com",
            "public_ip": "54.166.173.156",
            "root_block_device": [
              {
                "delete_on_termination": true,
                "device_name": "/dev/sda1",
                "encrypted": false,
                "iops": 3000,
                "kms_key_id": "",
                "tags": {},
                "throughput": 125,
                "volume_id": "vol-0239e0b5a0a88d625",
                "volume_size": 15,
                "volume_type": "gp3"
              }
            ],
            "secondary_private_ips": [],
            "security_groups": [],
            "source_dest_check": true,
            "subnet_id": "subnet-09ed5385fb1f8dc68",
            "tags": {
              "Name": "ec2-wattson"
            },
            "tags_all": {
              "Name": "ec2-wattson"
            },
            "tenancy": "default",
            "timeouts": null,
            "user_data": null,
            "user_data_base64": null,
            "user_data_replace_on_change": false,
            "volume_tags": null,
            "vpc_security_group_ids": [
              "sg-05dbcb48a51e7eba4"
            ]
          },
          "sensitive_attributes": [],
          "private": "eyJlMmJmYjczMC1lY2FhLTExZTYtOGY4OC0zNDM2M2JjN2M0YzAiOnsiY3JlYXRlIjo2MDAwMDAwMDAwMDAsImRlbGV0ZSI6MTIwMDAwMDAwMDAwMCwidXBkYXRlIjo2MDAwMDAwMDAwMDB9LCJzY2hlbWFfdmVyc2lvbiI6IjEifQ==",
          "dependencies": [
            "module.keys.aws_key_pair.kp",
            "module.keys.tls_private_key.pk",
            "module.security_group.aws_security_group.sgp_pub_wattson",
            "module.vpc.aws_subnet.sub-pub-wattson",
            "module.vpc.aws_vpc.vpc-wattson"
          ]
        }
      ]
    },
    {
      "module": "module.iot_thing",
      "mode": "managed",
      "type": "aws_iot_certificate",
      "name": "cert_thing_wattson",
      "provider": "provider[\"registry.terraform.io/hashicorp/aws\"]",
      "instances": [
        {
          "schema_version": 0,
          "attributes": {
            "active": true,
            "arn": "arn:aws:iot:us-east-1:005348368148:cert/3906a0a49dd4835d581d173b558278e540a310b55e0e3134f84ffa60e8850269",
            "ca_pem": null,
            "certificate_pem": "-----BEGIN CERTIFICATE-----\nMIIDWTCCAkGgAwIBAgIUQVZOMPjGZ4rjB8bnxxUJfaxGnRgwDQYJKoZIhvcNAQEL\nBQAwTTFLMEkGA1UECwxCQW1hem9uIFdlYiBTZXJ2aWNlcyBPPUFtYXpvbi5jb20g\nSW5jLiBMPVNlYXR0bGUgU1Q9V2FzaGluZ3RvbiBDPVVTMB4XDTI1MDkwMTAzMDE0\nMVoXDTQ5MTIzMTIzNTk1OVowHjEcMBoGA1UEAwwTQVdTIElvVCBDZXJ0aWZpY2F0\nZTCCASIwDQYJKoZIhvcNAQEBBQADggEPADCCAQoCggEBAPlDIq6lCiunOTZWbKZH\nxMaTRpI894X7Oq34Wcq+jbhJuDR97WqXG37/nkcn0PzUtKUM/1dR+MF1CBvUk8lc\nw3FzKllR4o5idAQQn8XBPZ3EttK0bXxriSPZE38cLJQVEHCFdq5g+g39pscDFps5\nwwerEt+fjYMsjhM+ht04r246qJdY0mOlOoUzlCbi2TH0tpTy6QWjcHY6KsiSmFTv\nKDuh0YW2yssDW8jwSuugpjrKw7+Ua87O+BBRbY+PBTKdUuGGBLtWs/80mmLjS7Ft\noOgQOFHpT6oUK1XNijVcOtv9CCxquea5AiHLpyzwkJWTgVfbkJnF/Jx8N93SlJH+\nEfECAwEAAaNgMF4wHwYDVR0jBBgwFoAU0VoDRZSkKkqHTvgnozEJc9V8E/AwHQYD\nVR0OBBYEFG56P37oM76xytSCGKFbxHwDbk5fMAwGA1UdEwEB/wQCMAAwDgYDVR0P\nAQH/BAQDAgeAMA0GCSqGSIb3DQEBCwUAA4IBAQAQc1s6cdGhSOQfCfnEpSeVSVy4\nv2gQjFBoWYbp0g67AQNyK2zONYiMWV5LlDnSE9nKygQYRRXu6U8TUZ/RJgd2oSzu\nwqfMLuynGgjjaVbJvptpDeyZVS+27WPL0LeIvKPw5sAh0IrsENnXt+uqjkxOOgVK\niNYjujguMLeuESwv4Vjshzp7WPEzeHP0cXnYV0yJze2DXHBcyfigVdrmA8N9QtBi\nhdD8MHw+j5CgVONM0z+sJC+AUbsCmn6yiYTIkdNSTSSNPlNXKSTTOFVHysoMxcN7\nYv1C1RbrLcY0tslZhlBYfnbW9H/EkMi2NCzqbCyHO+G+qhAqupPjMjE9CIM0\n-----END CERTIFICATE-----\n",
            "csr": null,
            "id": "3906a0a49dd4835d581d173b558278e540a310b55e0e3134f84ffa60e8850269",
            "private_key": "-----BEGIN RSA PRIVATE KEY-----\nMIIEpAIBAAKCAQEA+UMirqUKK6c5NlZspkfExpNGkjz3hfs6rfhZyr6NuEm4NH3t\napcbfv+eRyfQ/NS0pQz/V1H4wXUIG9STyVzDcXMqWVHijmJ0BBCfxcE9ncS20rRt\nfGuJI9kTfxwslBUQcIV2rmD6Df2mxwMWmznDB6sS35+NgyyOEz6G3Tivbjqol1jS\nY6U6hTOUJuLZMfS2lPLpBaNwdjoqyJKYVO8oO6HRhbbKywNbyPBK66CmOsrDv5Rr\nzs74EFFtj48FMp1S4YYEu1az/zSaYuNLsW2g6BA4UelPqhQrVc2KNVw62/0ILGq5\n5rkCIcunLPCQlZOBV9uQmcX8nHw33dKUkf4R8QIDAQABAoIBAFKAwi4EOoWQaANw\nP64Z+yuu+6DTxSn3qciDd1UAFXB2Fh5pv/eT5Gn4ua7bovTMgq5OywVgAHIoBnMP\nvYrcxWP7tnyx+ccfFz9xMTEHcRmTTuAXEFYqUc4nv6hG7wpknnhf9JRrTNjsqBMf\nFpByYfdbzHdwHCrayHveKk12wbo90O2JiLpvye+XZAgutBe2WM6EK79o4k3cBtOO\nb/MxdVK6eHG3SZ5KBCComWMOkdPaRAv7TaZHrqVYoFcOcTjwr0tBaljq0B0T7yHv\n7kiR9Xk6eR4HgSMNc3EweAyEHl3tTNh35JJXbsyo7rQX31DUbNi/yFKuk2poMQnL\n6vDuvzECgYEA/jLQvZrYWV+uga8l3lWyD4N9mw/jDE75aUHT7fuN9VrF1hkG5CcW\nxibNdD9nTktChiVUEdXtWY8wwSI1ZNP5aPNQwb4PIaEqkjZwqBa/7GAQCRGQwBIt\nummZwzKUWdSXOYtsS6VFmV2z8lgbmwjN7LKJ/SMw3Xc1DLd1TIC2CDsCgYEA+wdd\nSRbfnbIt1tnlJjbqOqAChOnA7/5MK/tIRxonXWi4uo+TZWr/ZC0+nnQ836AVMzDM\n0XrfM2GOIAoK1fTH+gdQPqqDXrmSXIJf2S1wsMOrkCj4sdXB06WtUbEEdTuQixpa\nSC5VCsbtmxeBCIS/8XyejpJmaOrjbZfKOZzBl8MCgYEAubtNU8xpGdxUeEMOS0aY\nJMexpfPUtLCbgfHsNK2hysz5UnbU1y1McZn2cmLFS6qnv7ZUl/eUReTe/a7ODo7n\nZGyr6/O/wJWuskh+xgJhVwfVj5q7BewCZ3szMzGovX4cxJn/lcH7eZTCn2cLPJsR\nQ0oskr38vUSViWYembhNyPMCgYEA3Jm/L/Dq+JFR2ULJLokJ1BUzwYwOoplOZURB\nY0Knn13dIQ31kSWzZFyib+tkZ30txDu5csnRBj1QAfXxSc8AQkhVC40bP45DAgsM\nojVdl+mMhnaK/vUDjbRGGMlASqnav3OcLVySHZNt0WKZYVwPte83A8HCP6dTz8aZ\nz4FjW7MCgYB8pyjcdTyGU0ldh8MTLYcGwATa8N/v05QuBtIVYUQPdmen7QfHgKZR\nAvia7N5UXBYF8kWG6hPe810k5/JbI1i+oBa2bqQJoJYRzI1XepdqM9MPTjzeFiUG\npmCZEQ4lTzIOHkuF3va/NfaqBd9HiHCH++6ND+MK8HxOOXjKbIMPcQ==\n-----END RSA PRIVATE KEY-----\n",
            "public_key": "-----BEGIN PUBLIC KEY-----\nMIIBIjANBgkqhkiG9w0BAQEFAAOCAQ8AMIIBCgKCAQEA+UMirqUKK6c5NlZspkfE\nxpNGkjz3hfs6rfhZyr6NuEm4NH3tapcbfv+eRyfQ/NS0pQz/V1H4wXUIG9STyVzD\ncXMqWVHijmJ0BBCfxcE9ncS20rRtfGuJI9kTfxwslBUQcIV2rmD6Df2mxwMWmznD\nB6sS35+NgyyOEz6G3Tivbjqol1jSY6U6hTOUJuLZMfS2lPLpBaNwdjoqyJKYVO8o\nO6HRhbbKywNbyPBK66CmOsrDv5Rrzs74EFFtj48FMp1S4YYEu1az/zSaYuNLsW2g\n6BA4UelPqhQrVc2KNVw62/0ILGq55rkCIcunLPCQlZOBV9uQmcX8nHw33dKUkf4R\n8QIDAQAB\n-----END PUBLIC KEY-----\n"
          },
          "sensitive_attributes": [
            [
              {
                "type": "get_attr",
                "value": "public_key"
              }
            ],
            [
              {
                "type": "get_attr",
                "value": "ca_pem"
              }
            ],
            [
              {
                "type": "get_attr",
                "value": "certificate_pem"
              }
            ],
            [
              {
                "type": "get_attr",
                "value": "private_key"
              }
            ]
          ],
          "private": "bnVsbA=="
        }
      ]
    },
    {
      "module": "module.iot_thing",
      "mode": "managed",
      "type": "aws_iot_policy",
      "name": "policy_wattson",
      "provider": "provider[\"registry.terraform.io/hashicorp/aws\"]",
      "instances": [
        {
          "schema_version": 0,
          "attributes": {
            "arn": "arn:aws:iot:us-east-1:005348368148:policy/sensor-policy",
            "default_version_id": "1",
            "id": "sensor-policy",
            "name": "sensor-policy",
            "policy": "{\"Statement\":[{\"Action\":[\"iot:Connect\",\"iot:Publish\",\"iot:Subscribe\",\"iot:Receive\"],\"Effect\":\"Allow\",\"Resource\":\"*\"}],\"Version\":\"2012-10-17\"}"
          },
          "sensitive_attributes": [],
          "private": "bnVsbA=="
        }
      ]
    },
    {
      "module": "module.iot_thing",
      "mode": "managed",
      "type": "aws_iot_policy_attachment",
      "name": "cert_attach",
      "provider": "provider[\"registry.terraform.io/hashicorp/aws\"]",
      "instances": [
        {
          "schema_version": 0,
          "attributes": {
            "id": "sensor-policy|arn:aws:iot:us-east-1:005348368148:cert/3906a0a49dd4835d581d173b558278e540a310b55e0e3134f84ffa60e8850269",
            "policy": "sensor-policy",
            "target": "arn:aws:iot:us-east-1:005348368148:cert/3906a0a49dd4835d581d173b558278e540a310b55e0e3134f84ffa60e8850269"
          },
          "sensitive_attributes": [],
          "private": "bnVsbA==",
          "dependencies": [
            "module.iot_thing.aws_iot_certificate.cert_thing_wattson",
            "module.iot_thing.aws_iot_policy.policy_wattson"
          ]
        }
      ]
    },
    {
      "module": "module.iot_thing",
      "mode": "managed",
      "type": "aws_iot_thing",
      "name": "thing_wattson",
      "provider": "provider[\"registry.terraform.io/hashicorp/aws\"]",
      "instances": [
        {
          "schema_version": 0,
          "attributes": {
            "arn": "arn:aws:iot:us-east-1:005348368148:thing/thing-wattson",
            "attributes": null,
            "default_client_id": "thing-wattson",
            "id": "thing-wattson",
            "name": "thing-wattson",
            "thing_type_name": "",
            "version": 1
          },
          "sensitive_attributes": [],
          "private": "bnVsbA=="
        }
      ]
    },
    {
      "module": "module.iot_thing",
      "mode": "managed",
      "type": "aws_iot_thing_principal_attachment",
      "name": "thing_attach",
      "provider": "provider[\"registry.terraform.io/hashicorp/aws\"]",
      "instances": [
        {
          "schema_version": 0,
          "attributes": {
            "id": "thing-wattson|arn:aws:iot:us-east-1:005348368148:cert/3906a0a49dd4835d581d173b558278e540a310b55e0e3134f84ffa60e8850269",
            "principal": "arn:aws:iot:us-east-1:005348368148:cert/3906a0a49dd4835d581d173b558278e540a310b55e0e3134f84ffa60e8850269",
            "thing": "thing-wattson"
          },
          "sensitive_attributes": [],
          "private": "bnVsbA==",
          "dependencies": [
            "module.iot_thing.aws_iot_certificate.cert_thing_wattson",
            "module.iot_thing.aws_iot_thing.thing_wattson"
          ]
        }
      ]
    },
    {
      "module": "module.iot_thing",
      "mode": "managed",
      "type": "local_file",
      "name": "certificate_file",
      "provider": "provider[\"registry.terraform.io/hashicorp/local\"]",
      "instances": [
        {
          "schema_version": 0,
          "attributes": {
            "content": "-----BEGIN CERTIFICATE-----\nMIIDWTCCAkGgAwIBAgIUQVZOMPjGZ4rjB8bnxxUJfaxGnRgwDQYJKoZIhvcNAQEL\nBQAwTTFLMEkGA1UECwxCQW1hem9uIFdlYiBTZXJ2aWNlcyBPPUFtYXpvbi5jb20g\nSW5jLiBMPVNlYXR0bGUgU1Q9V2FzaGluZ3RvbiBDPVVTMB4XDTI1MDkwMTAzMDE0\nMVoXDTQ5MTIzMTIzNTk1OVowHjEcMBoGA1UEAwwTQVdTIElvVCBDZXJ0aWZpY2F0\nZTCCASIwDQYJKoZIhvcNAQEBBQADggEPADCCAQoCggEBAPlDIq6lCiunOTZWbKZH\nxMaTRpI894X7Oq34Wcq+jbhJuDR97WqXG37/nkcn0PzUtKUM/1dR+MF1CBvUk8lc\nw3FzKllR4o5idAQQn8XBPZ3EttK0bXxriSPZE38cLJQVEHCFdq5g+g39pscDFps5\nwwerEt+fjYMsjhM+ht04r246qJdY0mOlOoUzlCbi2TH0tpTy6QWjcHY6KsiSmFTv\nKDuh0YW2yssDW8jwSuugpjrKw7+Ua87O+BBRbY+PBTKdUuGGBLtWs/80mmLjS7Ft\noOgQOFHpT6oUK1XNijVcOtv9CCxquea5AiHLpyzwkJWTgVfbkJnF/Jx8N93SlJH+\nEfECAwEAAaNgMF4wHwYDVR0jBBgwFoAU0VoDRZSkKkqHTvgnozEJc9V8E/AwHQYD\nVR0OBBYEFG56P37oM76xytSCGKFbxHwDbk5fMAwGA1UdEwEB/wQCMAAwDgYDVR0P\nAQH/BAQDAgeAMA0GCSqGSIb3DQEBCwUAA4IBAQAQc1s6cdGhSOQfCfnEpSeVSVy4\nv2gQjFBoWYbp0g67AQNyK2zONYiMWV5LlDnSE9nKygQYRRXu6U8TUZ/RJgd2oSzu\nwqfMLuynGgjjaVbJvptpDeyZVS+27WPL0LeIvKPw5sAh0IrsENnXt+uqjkxOOgVK\niNYjujguMLeuESwv4Vjshzp7WPEzeHP0cXnYV0yJze2DXHBcyfigVdrmA8N9QtBi\nhdD8MHw+j5CgVONM0z+sJC+AUbsCmn6yiYTIkdNSTSSNPlNXKSTTOFVHysoMxcN7\nYv1C1RbrLcY0tslZhlBYfnbW9H/EkMi2NCzqbCyHO+G+qhAqupPjMjE9CIM0\n-----END CERTIFICATE-----\n",
            "content_base64": null,
            "content_base64sha256": "65g6KBDEU6fD/OwMV4yEPMm9OZ2I1Mjc+IWzR0OINo0=",
            "content_base64sha512": "FTuSinOeidke8aTD2r6WkJYmJ/xb/eT8h13wJwdVd0GpF90IJGNosENdqP8pi02532AvqkCxylHo+VkLM61DjQ==",
            "content_md5": "1767a1624efdae147ad38082372227d7",
            "content_sha1": "a3dd46752249549e281e647be0ae95158aeac9a7",
            "content_sha256": "eb983a2810c453a7c3fcec0c578c843cc9bd399d88d4c8dcf885b3474388368d",
            "content_sha512": "153b928a739e89d91ef1a4c3dabe9690962627fc5bfde4fc875df02707557741a917dd08246368b0435da8ff298b4db9df602faa40b1ca51e8f9590b33ad438d",
            "directory_permission": "0777",
            "file_permission": "0777",
            "filename": "cert/iot-certificate.pem.crt",
            "id": "a3dd46752249549e281e647be0ae95158aeac9a7",
            "sensitive_content": null,
            "source": null
          },
          "sensitive_attributes": [
            [
              {
                "type": "get_attr",
                "value": "sensitive_content"
              }
            ],
            [
              {
                "type": "get_attr",
                "value": "content"
              }
            ]
          ],
          "dependencies": [
            "module.iot_thing.aws_iot_certificate.cert_thing_wattson"
          ]
        }
      ]
    },
    {
      "module": "module.iot_thing",
      "mode": "managed",
      "type": "local_file",
      "name": "key_file",
      "provider": "provider[\"registry.terraform.io/hashicorp/local\"]",
      "instances": [
        {
          "schema_version": 0,
          "attributes": {
            "content": "-----BEGIN RSA PRIVATE KEY-----\nMIIEpAIBAAKCAQEA+UMirqUKK6c5NlZspkfExpNGkjz3hfs6rfhZyr6NuEm4NH3t\napcbfv+eRyfQ/NS0pQz/V1H4wXUIG9STyVzDcXMqWVHijmJ0BBCfxcE9ncS20rRt\nfGuJI9kTfxwslBUQcIV2rmD6Df2mxwMWmznDB6sS35+NgyyOEz6G3Tivbjqol1jS\nY6U6hTOUJuLZMfS2lPLpBaNwdjoqyJKYVO8oO6HRhbbKywNbyPBK66CmOsrDv5Rr\nzs74EFFtj48FMp1S4YYEu1az/zSaYuNLsW2g6BA4UelPqhQrVc2KNVw62/0ILGq5\n5rkCIcunLPCQlZOBV9uQmcX8nHw33dKUkf4R8QIDAQABAoIBAFKAwi4EOoWQaANw\nP64Z+yuu+6DTxSn3qciDd1UAFXB2Fh5pv/eT5Gn4ua7bovTMgq5OywVgAHIoBnMP\nvYrcxWP7tnyx+ccfFz9xMTEHcRmTTuAXEFYqUc4nv6hG7wpknnhf9JRrTNjsqBMf\nFpByYfdbzHdwHCrayHveKk12wbo90O2JiLpvye+XZAgutBe2WM6EK79o4k3cBtOO\nb/MxdVK6eHG3SZ5KBCComWMOkdPaRAv7TaZHrqVYoFcOcTjwr0tBaljq0B0T7yHv\n7kiR9Xk6eR4HgSMNc3EweAyEHl3tTNh35JJXbsyo7rQX31DUbNi/yFKuk2poMQnL\n6vDuvzECgYEA/jLQvZrYWV+uga8l3lWyD4N9mw/jDE75aUHT7fuN9VrF1hkG5CcW\nxibNdD9nTktChiVUEdXtWY8wwSI1ZNP5aPNQwb4PIaEqkjZwqBa/7GAQCRGQwBIt\nummZwzKUWdSXOYtsS6VFmV2z8lgbmwjN7LKJ/SMw3Xc1DLd1TIC2CDsCgYEA+wdd\nSRbfnbIt1tnlJjbqOqAChOnA7/5MK/tIRxonXWi4uo+TZWr/ZC0+nnQ836AVMzDM\n0XrfM2GOIAoK1fTH+gdQPqqDXrmSXIJf2S1wsMOrkCj4sdXB06WtUbEEdTuQixpa\nSC5VCsbtmxeBCIS/8XyejpJmaOrjbZfKOZzBl8MCgYEAubtNU8xpGdxUeEMOS0aY\nJMexpfPUtLCbgfHsNK2hysz5UnbU1y1McZn2cmLFS6qnv7ZUl/eUReTe/a7ODo7n\nZGyr6/O/wJWuskh+xgJhVwfVj5q7BewCZ3szMzGovX4cxJn/lcH7eZTCn2cLPJsR\nQ0oskr38vUSViWYembhNyPMCgYEA3Jm/L/Dq+JFR2ULJLokJ1BUzwYwOoplOZURB\nY0Knn13dIQ31kSWzZFyib+tkZ30txDu5csnRBj1QAfXxSc8AQkhVC40bP45DAgsM\nojVdl+mMhnaK/vUDjbRGGMlASqnav3OcLVySHZNt0WKZYVwPte83A8HCP6dTz8aZ\nz4FjW7MCgYB8pyjcdTyGU0ldh8MTLYcGwATa8N/v05QuBtIVYUQPdmen7QfHgKZR\nAvia7N5UXBYF8kWG6hPe810k5/JbI1i+oBa2bqQJoJYRzI1XepdqM9MPTjzeFiUG\npmCZEQ4lTzIOHkuF3va/NfaqBd9HiHCH++6ND+MK8HxOOXjKbIMPcQ==\n-----END RSA PRIVATE KEY-----\n",
            "content_base64": null,
            "content_base64sha256": "Hwlo/THGNVt9+SS3Ap9PtDRuYC+mXj1vfmcLTLqhPXM=",
            "content_base64sha512": "ZGMk45nArbaTfj7r2gIu140rNxjkwxsTMU4tEx5qcjDBSRyKEnL2P5gr5oO65D0mB6ZNAMRXc9vTwyjClkBsQw==",
            "content_md5": "7025ce611621758c856af2fe90c26be0",
            "content_sha1": "e75b71aabce1ffa9079eff3ee45d3f9ac1805746",
            "content_sha256": "1f0968fd31c6355b7df924b7029f4fb4346e602fa65e3d6f7e670b4cbaa13d73",
            "content_sha512": "646324e399c0adb6937e3eebda022ed78d2b3718e4c31b13314e2d131e6a7230c1491c8a1272f63f982be683bae43d2607a64d00c45773dbd3c328c296406c43",
            "directory_permission": "0777",
            "file_permission": "0777",
            "filename": "cert/iot-private-key.pem.crt",
            "id": "e75b71aabce1ffa9079eff3ee45d3f9ac1805746",
            "sensitive_content": null,
            "source": null
          },
          "sensitive_attributes": [
            [
              {
                "type": "get_attr",
                "value": "content"
              }
            ],
            [
              {
                "type": "get_attr",
                "value": "sensitive_content"
              }
            ]
          ],
          "dependencies": [
            "module.iot_thing.aws_iot_certificate.cert_thing_wattson"
          ]
        }
      ]
    },
    {
      "module": "module.keys",
      "mode": "managed",
      "type": "aws_key_pair",
      "name": "kp",
      "provider": "provider[\"registry.terraform.io/hashicorp/aws\"]",
      "instances": [
        {
          "schema_version": 1,
          "attributes": {
            "arn": "arn:aws:ec2:us-east-1:005348368148:key-pair/public_key_wattson",
            "fingerprint": "62:f9:28:ac:0f:1f:aa:89:d8:4f:d9:8b:51:d6:2f:a1",
            "id": "public_key_wattson",
            "key_name": "public_key_wattson",
            "key_name_prefix": "",
            "key_pair_id": "key-038a82f6f0afe23a4",
            "key_type": "rsa",
            "public_key": "ssh-rsa AAAAB3NzaC1yc2EAAAADAQABAAACAQCwplqM7cOC6FlbWwFg+bEguI27CEkKbRzvrKBfWLFrsHbANKayQBFx/4/CdRbdhKLzxgiyN57wMcrakGToX/uybwYMcATJtb1CFGrjd90rQszlNdaYzYlTbYRtEiv+gWHMtPZKK8tipRq/IS7FjgiG5q/ltNXMWtO61MMqC+SOxtgKtGQBIqi9jv3wPiTFxUqrur4jAlLTEf3zClDGn3NdHROR/wG5xHvMt0s1ZYrkGxfzcQPFVJQAyhqIm12qj+HGDmlZ/pYA3zSHsdIFxT6ayzY6E5fxXut/+a8fOSUxyGllh6FUou351tdgN1gkI1pWH680lM/9miTe2Aj6YJp+prwYBtNgV4227mHnq/MqbAMcxgHACACjygoJe9YpA4PBRu8fhYLs6RSH820HAFo1QsjVyFWn6bB/Phx+CQsZg81mXbnK0Z6BMbrcjp1XycIB3MVvq50JwxKCPZI8ejkVC91XyUDDn6hHKRNoPIpEjJuGtbdOU8Aq/PJnL7wBhbfYBEvpJcfhPJJafTZfZ7oenLXNfT7/pzw7AQoHlrP6Gny6JuTgni1WzSGknwKYqJwHx6qwyt+Kwvem4kRCkfgJCh3HYPGNKOEJMrZGmOuaXjDzOeRdWMERorQYzGj9n0ijfBa5RTPkWUbkiEf5KHq4YOu7E0WNKEAm3Cy3L3wdBw==",
            "tags": null,
            "tags_all": {}
          },
          "sensitive_attributes": [],
          "private": "eyJzY2hlbWFfdmVyc2lvbiI6IjEifQ==",
          "dependencies": [
            "module.keys.tls_private_key.pk"
          ]
        }
      ]
    },
    {
      "module": "module.keys",
      "mode": "managed",
      "type": "local_file",
      "name": "ssh_key",
      "provider": "provider[\"registry.terraform.io/hashicorp/local\"]",
      "instances": [
        {
          "schema_version": 0,
          "attributes": {
            "content": "-----BEGIN RSA PRIVATE KEY-----\nMIIJKQIBAAKCAgEAsKZajO3DguhZW1sBYPmxILiNuwhJCm0c76ygX1ixa7B2wDSm\nskARcf+PwnUW3YSi88YIsjee8DHK2pBk6F/7sm8GDHAEybW9QhRq43fdK0LM5TXW\nmM2JU22EbRIr/oFhzLT2SivLYqUavyEuxY4Ihuav5bTVzFrTutTDKgvkjsbYCrRk\nASKovY798D4kxcVKq7q+IwJS0xH98wpQxp9zXR0Tkf8BucR7zLdLNWWK5BsX83ED\nxVSUAMoaiJtdqo/hxg5pWf6WAN80h7HSBcU+mss2OhOX8V7rf/mvHzklMchpZYeh\nVKLt+dbXYDdYJCNaVh+vNJTP/Zok3tgI+mCafqa8GAbTYFeNtu5h56vzKmwDHMYB\nwAgAo8oKCXvWKQODwUbvH4WC7OkUh/NtBwBaNULI1chVp+mwfz4cfgkLGYPNZl25\nytGegTG63I6dV8nCAdzFb6udCcMSgj2SPHo5FQvdV8lAw5+oRykTaDyKRIybhrW3\nTlPAKvzyZy+8AYW32ARL6SXH4TySWn02X2e6Hpy1zX0+/6c8OwEKB5az+hp8uibk\n4J4tVs0hpJ8CmKicB8eqsMrfisL3puJEQpH4CQodx2DxjSjhCTK2Rpjrml4w8znk\nXVjBEaK0GMxo/Z9Io3wWuUUz5FlG5IhH+Sh6uGDruxNFjShAJtwsty98HQcCAwEA\nAQKCAgEAgKkZKK4ACXebpZs5/Ny/8voYWJInSM3CFprfz7I0vx+uzj1K8GcTjbk6\nhsJrXfo+CVlCejNissVBX0FuDYXjN8n/WM253wRcjSV72KMz1k94FrXI0FBbZgVN\nP3fNzTeE+OkQvWL6ZqWkPnM3srHJah/ZG3BDi+zXa6uNXjF9TbRsJBfRArawuifM\nss9ATz9sLHn+BFer5YmkMgFgZdo61yXXXC2knx4JoUgbIhAMQimtnyTAP1hj19Nb\n0gV/Cjxzj6JtfxubO5VWmEKemo9YErxRiak9sJKW6gX8U7x2Z7T1dvp7Ob7Vn3Oo\nOK72ppONN08qeByvBKHhmuE0YNA9lSxYklYNn1KZpNVmFXJVrnxRcR+PLyLbe96J\nyV50ccBazd9LxwpLCSubE2UPtqECjW9+0M2UUJ/zfntm3mRDadcLRcbAeCBm8Ouu\nPq/kDNaYwGyVGnRNT8iXW14m2/7kJfKas+kwFHgqheAjNdybFB3Ssf3UQBTkVRDr\nToyRjoUnWz8sKOP2jevpwIQy9xNrOGIlvm6AwccXs2oEe+MN44X7NE5dqDVCZ2y9\n9J3bkSkv+lyYSFLkpEgh2mbzC7gRiIUvt4S8IQmKju8bgH2Q2RK1cfxJVVHXvMGT\nuehCZa5UCzgM06G/+RXN/1M1ddfrlmVNUeTwvnT9tjdAJrLi6yECggEBAOk+zmR3\nBi2ynYYkjjV8Y1/vLFuqVL0UvTeDQCHH3u4BYTROSGAqVAMsuXz8KNdVDSnBGzH3\nkQ6/ASesq6BlI3K2J8AV8vLA8uS2gqwQYA3FVBtvhqU88w21dRHR4KbVGYPIG/iM\nGOgWT+MgpPYggvnr0sLdSEwKhwk6+SYIhyMX/XrJnhaOB2yKpaJct5Dn+sYca2ZP\nBxb1SV6o5kRwyBV34CHRrOX8yvJhUrbCMA6MH8dbXouJG24eERnfeidjdsTauF8e\noYRWrBArjWj1RD1oVkfxMf4mboCWzOp/+PkRE062IMjW+/V0lNdApGPz7v0dNWE7\nU+fFesHsXswL93cCggEBAMHiGcv6qP14cQUG4cltFPaX6z1sXoiRWFdRqjTifMA8\nwTs5VboZM8AsnwvSEO3wQ8Qeg+3iD0JzqNwE8iL12bFy6E0FA4RGnll2ydMBFkpI\n5QKXfahSoG9g937hFty0onue7iABa8SthCpZVrWfwQVnzMm7IHhCOw7QiaSNHAha\nLxnIA5baSmIJ5y7fUrEDqh6HfRCj2Dw3uHLIKDcp4i3JLJUsOTY54qE2kgp9MzJb\n9Vd5U3bCwlle0GG9g0uUdKE9LUOAzQgT4NGLhk/fC9Aj6tB6Bd1MegMePNw9Xs+Z\nyAHe/xc+F4cqEs1pYrcZpmE1BaNEL8VuYPhcCno+ivECggEAZ2C964tRgrmS1dyn\n5w7doKyKFYq2CiQCBXO33gEPTp/v7FXyACVinRGamMnOdDovHl2HZysZ8NY5ddMz\nMmEBSBtyHNHdnzhjr3kxC4Aqgo/+SjaxD9WmyGGvpJlIH8l9iIoN06iMdXlGKR3T\n337jbk/WVyXqoEFePnoT6YaIFsbQQzbPSaHjqnj9FqxPc/tNi7cW5v6J3uQSg9EK\nVjVCiTlbbsHXBwx3CtyV44jH8fqrLxnRGrlHHhRXcgc5xfFwt6lVZFtYLSaZFoWn\nJGjouOrgqvw9My7ndTjhU+IqgIHP8+gHOd0HSXBFc+4jrmV0fF0Qxqqb8rL1SLQy\nA/Ad2wKCAQEAjIvuz2NBpZztsQswGegtTiUKrlgknzNdqs7UZ8nXTTO9j8UcU+95\nCFJQaS06gIGvXjgQwx0gmrdlLTmYnadCy9PUeiCsT/MxTwFBhOhA1FDLUnmm6aIc\nEyFjyGI7RHrdXmfzjtf423Y9XMWuibLpJZX9ai9wdjzsuuyJGvP/4j4d7r6De5N6\nYF91axEQzKkvZToqeymK0vxBhVN7c6G1CCPRYcHRJ3IGy37XlyrzNgpba7HTwz+j\ny01kGbZbuyo+8bN7YHe6KaTfUIeoMbYqxhODYOVT4vxRZnlA/Rav6CY+SrzwhlTI\nkX76alV+7eR2K/lXwObpCmHdgayXG87CwQKCAQBwZBlmMf8mVeUCNNkM4lB2JQqU\nDCsDhIiAI0B4Lijh4le+YTqkws9tDgjOClAKW0PCnHdK9WRE1EAAxoNYH5i460ce\nLtsj5w0oPqTHbD8ExHbk80J+FIsitMxaeVy1SpKSHomEanNGCu/SaOp+yWjw9hAa\nJ6MnuogZLwwc9D6dqUuuFg1bVX+1KG7omX2W9E4VcrvkGuCBmXsTUMmJUum33fqq\nzaaZy3Je1iDOJHmHVJKk5MggQgHyrTjxtGgZAb8641ySz7jdok0PYMs1tEUglIQM\nyZ1mZ3XDzQLRF+7jfJBRYZcoBsQEQhiL0diZ/I9lex635SqIT/8QM57ZLLAc\n-----END RSA PRIVATE KEY-----\n",
            "content_base64": null,
            "content_base64sha256": "scGPluGchik4Nxz+qOPM5z2/1sDbmpmWIVm6wNyJKlI=",
            "content_base64sha512": "P9by4Ezzp2PQSb9Ksf1vbWia+eZ75/o3c90Bjj0v5KYOz+1yS2ONRCK0XjNJ8WXT+sn5KLdd7RsR12eZ+dpkXw==",
            "content_md5": "9eaed6752c01433bbf035dc8dc9958ad",
            "content_sha1": "3d7fbb4fbfc76afea982c252daec860a5d4f665f",
            "content_sha256": "b1c18f96e19c862938371cfea8e3cce73dbfd6c0db9a99962159bac0dc892a52",
            "content_sha512": "3fd6f2e04cf3a763d049bf4ab1fd6f6d689af9e67be7fa3773dd018e3d2fe4a60ecfed724b638d4422b45e3349f165d3fac9f928b75ded1b11d76799f9da645f",
            "directory_permission": "0777",
            "file_permission": "0400",
            "filename": "public_key_wattson.pem",
            "id": "3d7fbb4fbfc76afea982c252daec860a5d4f665f",
            "sensitive_content": null,
            "source": null
          },
          "sensitive_attributes": [
            [
              {
                "type": "get_attr",
                "value": "sensitive_content"
              }
            ],
            [
              {
                "type": "get_attr",
                "value": "content"
              }
            ]
          ],
          "dependencies": [
            "module.keys.aws_key_pair.kp",
            "module.keys.tls_private_key.pk"
          ]
        }
      ]
    },
    {
      "module": "module.keys",
      "mode": "managed",
      "type": "tls_private_key",
      "name": "pk",
      "provider": "provider[\"registry.terraform.io/hashicorp/tls\"]",
      "instances": [
        {
          "schema_version": 1,
          "attributes": {
            "algorithm": "RSA",
            "ecdsa_curve": "P224",
            "id": "4698814aa440a4e9f8eea42d8081f6851cf04c4c",
            "private_key_openssh": "-----BEGIN OPENSSH PRIVATE KEY-----\nb3BlbnNzaC1rZXktdjEAAAAABG5vbmUAAAAEbm9uZQAAAAAAAAABAAACFwAAAAdz\nc2gtcnNhAAAAAwEAAQAAAgEAsKZajO3DguhZW1sBYPmxILiNuwhJCm0c76ygX1ix\na7B2wDSmskARcf+PwnUW3YSi88YIsjee8DHK2pBk6F/7sm8GDHAEybW9QhRq43fd\nK0LM5TXWmM2JU22EbRIr/oFhzLT2SivLYqUavyEuxY4Ihuav5bTVzFrTutTDKgvk\njsbYCrRkASKovY798D4kxcVKq7q+IwJS0xH98wpQxp9zXR0Tkf8BucR7zLdLNWWK\n5BsX83EDxVSUAMoaiJtdqo/hxg5pWf6WAN80h7HSBcU+mss2OhOX8V7rf/mvHzkl\nMchpZYehVKLt+dbXYDdYJCNaVh+vNJTP/Zok3tgI+mCafqa8GAbTYFeNtu5h56vz\nKmwDHMYBwAgAo8oKCXvWKQODwUbvH4WC7OkUh/NtBwBaNULI1chVp+mwfz4cfgkL\nGYPNZl25ytGegTG63I6dV8nCAdzFb6udCcMSgj2SPHo5FQvdV8lAw5+oRykTaDyK\nRIybhrW3TlPAKvzyZy+8AYW32ARL6SXH4TySWn02X2e6Hpy1zX0+/6c8OwEKB5az\n+hp8uibk4J4tVs0hpJ8CmKicB8eqsMrfisL3puJEQpH4CQodx2DxjSjhCTK2Rpjr\nml4w8znkXVjBEaK0GMxo/Z9Io3wWuUUz5FlG5IhH+Sh6uGDruxNFjShAJtwsty98\nHQcAAAc4wBWlK8AVpSsAAAAHc3NoLXJzYQAAAgEAsKZajO3DguhZW1sBYPmxILiN\nuwhJCm0c76ygX1ixa7B2wDSmskARcf+PwnUW3YSi88YIsjee8DHK2pBk6F/7sm8G\nDHAEybW9QhRq43fdK0LM5TXWmM2JU22EbRIr/oFhzLT2SivLYqUavyEuxY4Ihuav\n5bTVzFrTutTDKgvkjsbYCrRkASKovY798D4kxcVKq7q+IwJS0xH98wpQxp9zXR0T\nkf8BucR7zLdLNWWK5BsX83EDxVSUAMoaiJtdqo/hxg5pWf6WAN80h7HSBcU+mss2\nOhOX8V7rf/mvHzklMchpZYehVKLt+dbXYDdYJCNaVh+vNJTP/Zok3tgI+mCafqa8\nGAbTYFeNtu5h56vzKmwDHMYBwAgAo8oKCXvWKQODwUbvH4WC7OkUh/NtBwBaNULI\n1chVp+mwfz4cfgkLGYPNZl25ytGegTG63I6dV8nCAdzFb6udCcMSgj2SPHo5FQvd\nV8lAw5+oRykTaDyKRIybhrW3TlPAKvzyZy+8AYW32ARL6SXH4TySWn02X2e6Hpy1\nzX0+/6c8OwEKB5az+hp8uibk4J4tVs0hpJ8CmKicB8eqsMrfisL3puJEQpH4CQod\nx2DxjSjhCTK2Rpjrml4w8znkXVjBEaK0GMxo/Z9Io3wWuUUz5FlG5IhH+Sh6uGDr\nuxNFjShAJtwsty98HQcAAAADAQABAAACAQCAqRkorgAJd5ulmzn83L/y+hhYkidI\nzcIWmt/PsjS/H67OPUrwZxONuTqGwmtd+j4JWUJ6M2KyxUFfQW4NheM3yf9Yzbnf\nBFyNJXvYozPWT3gWtcjQUFtmBU0/d83NN4T46RC9YvpmpaQ+czeysclqH9kbcEOL\n7Ndrq41eMX1NtGwkF9ECtrC6J8yyz0BPP2wsef4EV6vliaQyAWBl2jrXJddcLaSf\nHgmhSBsiEAxCKa2fJMA/WGPX01vSBX8KPHOPom1/G5s7lVaYQp6aj1gSvFGJqT2w\nkpbqBfxTvHZntPV2+ns5vtWfc6g4rvamk403Typ4HK8EoeGa4TRg0D2VLFiSVg2f\nUpmk1WYVclWufFFxH48vItt73onJXnRxwFrN30vHCksJK5sTZQ+2oQKNb37QzZRQ\nn/N+e2beZENp1wtFxsB4IGbw664+r+QM1pjAbJUadE1PyJdbXibb/uQl8pqz6TAU\neCqF4CM13JsUHdKx/dRAFORVEOtOjJGOhSdbPywo4/aN6+nAhDL3E2s4YiW+boDB\nxxezagR74w3jhfs0Tl2oNUJnbL30nduRKS/6XJhIUuSkSCHaZvMLuBGIhS+3hLwh\nCYqO7xuAfZDZErVx/ElVUde8wZO56EJlrlQLOAzTob/5Fc3/UzV11+uWZU1R5PC+\ndP22N0AmsuLrIQAAAQBwZBlmMf8mVeUCNNkM4lB2JQqUDCsDhIiAI0B4Lijh4le+\nYTqkws9tDgjOClAKW0PCnHdK9WRE1EAAxoNYH5i460ceLtsj5w0oPqTHbD8ExHbk\n80J+FIsitMxaeVy1SpKSHomEanNGCu/SaOp+yWjw9hAaJ6MnuogZLwwc9D6dqUuu\nFg1bVX+1KG7omX2W9E4VcrvkGuCBmXsTUMmJUum33fqqzaaZy3Je1iDOJHmHVJKk\n5MggQgHyrTjxtGgZAb8641ySz7jdok0PYMs1tEUglIQMyZ1mZ3XDzQLRF+7jfJBR\nYZcoBsQEQhiL0diZ/I9lex635SqIT/8QM57ZLLAcAAABAQDpPs5kdwYtsp2GJI41\nfGNf7yxbqlS9FL03g0Ahx97uAWE0TkhgKlQDLLl8/CjXVQ0pwRsx95EOvwEnrKug\nZSNytifAFfLywPLktoKsEGANxVQbb4alPPMNtXUR0eCm1RmDyBv4jBjoFk/jIKT2\nIIL569LC3UhMCocJOvkmCIcjF/16yZ4WjgdsiqWiXLeQ5/rGHGtmTwcW9UleqOZE\ncMgVd+Ah0azl/MryYVK2wjAOjB/HW16LiRtuHhEZ33onY3bE2rhfHqGEVqwQK41o\n9UQ9aFZH8TH+Jm6Alszqf/j5ERNOtiDI1vv1dJTXQKRj8+79HTVhO1PnxXrB7F7M\nC/d3AAABAQDB4hnL+qj9eHEFBuHJbRT2l+s9bF6IkVhXUao04nzAPME7OVW6GTPA\nLJ8L0hDt8EPEHoPt4g9Cc6jcBPIi9dmxcuhNBQOERp5ZdsnTARZKSOUCl32oUqBv\nYPd+4RbctKJ7nu4gAWvErYQqWVa1n8EFZ8zJuyB4QjsO0ImkjRwIWi8ZyAOW2kpi\nCecu31KxA6oeh30Qo9g8N7hyyCg3KeItySyVLDk2OeKhNpIKfTMyW/VXeVN2wsJZ\nXtBhvYNLlHShPS1DgM0IE+DRi4ZP3wvQI+rQegXdTHoDHjzcPV7PmcgB3v8XPheH\nKhLNaWK3GaZhNQWjRC/FbmD4XAp6PorxAAAAAAEC\n-----END OPENSSH PRIVATE KEY-----\n",
            "private_key_pem": "-----BEGIN RSA PRIVATE KEY-----\nMIIJKQIBAAKCAgEAsKZajO3DguhZW1sBYPmxILiNuwhJCm0c76ygX1ixa7B2wDSm\nskARcf+PwnUW3YSi88YIsjee8DHK2pBk6F/7sm8GDHAEybW9QhRq43fdK0LM5TXW\nmM2JU22EbRIr/oFhzLT2SivLYqUavyEuxY4Ihuav5bTVzFrTutTDKgvkjsbYCrRk\nASKovY798D4kxcVKq7q+IwJS0xH98wpQxp9zXR0Tkf8BucR7zLdLNWWK5BsX83ED\nxVSUAMoaiJtdqo/hxg5pWf6WAN80h7HSBcU+mss2OhOX8V7rf/mvHzklMchpZYeh\nVKLt+dbXYDdYJCNaVh+vNJTP/Zok3tgI+mCafqa8GAbTYFeNtu5h56vzKmwDHMYB\nwAgAo8oKCXvWKQODwUbvH4WC7OkUh/NtBwBaNULI1chVp+mwfz4cfgkLGYPNZl25\nytGegTG63I6dV8nCAdzFb6udCcMSgj2SPHo5FQvdV8lAw5+oRykTaDyKRIybhrW3\nTlPAKvzyZy+8AYW32ARL6SXH4TySWn02X2e6Hpy1zX0+/6c8OwEKB5az+hp8uibk\n4J4tVs0hpJ8CmKicB8eqsMrfisL3puJEQpH4CQodx2DxjSjhCTK2Rpjrml4w8znk\nXVjBEaK0GMxo/Z9Io3wWuUUz5FlG5IhH+Sh6uGDruxNFjShAJtwsty98HQcCAwEA\nAQKCAgEAgKkZKK4ACXebpZs5/Ny/8voYWJInSM3CFprfz7I0vx+uzj1K8GcTjbk6\nhsJrXfo+CVlCejNissVBX0FuDYXjN8n/WM253wRcjSV72KMz1k94FrXI0FBbZgVN\nP3fNzTeE+OkQvWL6ZqWkPnM3srHJah/ZG3BDi+zXa6uNXjF9TbRsJBfRArawuifM\nss9ATz9sLHn+BFer5YmkMgFgZdo61yXXXC2knx4JoUgbIhAMQimtnyTAP1hj19Nb\n0gV/Cjxzj6JtfxubO5VWmEKemo9YErxRiak9sJKW6gX8U7x2Z7T1dvp7Ob7Vn3Oo\nOK72ppONN08qeByvBKHhmuE0YNA9lSxYklYNn1KZpNVmFXJVrnxRcR+PLyLbe96J\nyV50ccBazd9LxwpLCSubE2UPtqECjW9+0M2UUJ/zfntm3mRDadcLRcbAeCBm8Ouu\nPq/kDNaYwGyVGnRNT8iXW14m2/7kJfKas+kwFHgqheAjNdybFB3Ssf3UQBTkVRDr\nToyRjoUnWz8sKOP2jevpwIQy9xNrOGIlvm6AwccXs2oEe+MN44X7NE5dqDVCZ2y9\n9J3bkSkv+lyYSFLkpEgh2mbzC7gRiIUvt4S8IQmKju8bgH2Q2RK1cfxJVVHXvMGT\nuehCZa5UCzgM06G/+RXN/1M1ddfrlmVNUeTwvnT9tjdAJrLi6yECggEBAOk+zmR3\nBi2ynYYkjjV8Y1/vLFuqVL0UvTeDQCHH3u4BYTROSGAqVAMsuXz8KNdVDSnBGzH3\nkQ6/ASesq6BlI3K2J8AV8vLA8uS2gqwQYA3FVBtvhqU88w21dRHR4KbVGYPIG/iM\nGOgWT+MgpPYggvnr0sLdSEwKhwk6+SYIhyMX/XrJnhaOB2yKpaJct5Dn+sYca2ZP\nBxb1SV6o5kRwyBV34CHRrOX8yvJhUrbCMA6MH8dbXouJG24eERnfeidjdsTauF8e\noYRWrBArjWj1RD1oVkfxMf4mboCWzOp/+PkRE062IMjW+/V0lNdApGPz7v0dNWE7\nU+fFesHsXswL93cCggEBAMHiGcv6qP14cQUG4cltFPaX6z1sXoiRWFdRqjTifMA8\nwTs5VboZM8AsnwvSEO3wQ8Qeg+3iD0JzqNwE8iL12bFy6E0FA4RGnll2ydMBFkpI\n5QKXfahSoG9g937hFty0onue7iABa8SthCpZVrWfwQVnzMm7IHhCOw7QiaSNHAha\nLxnIA5baSmIJ5y7fUrEDqh6HfRCj2Dw3uHLIKDcp4i3JLJUsOTY54qE2kgp9MzJb\n9Vd5U3bCwlle0GG9g0uUdKE9LUOAzQgT4NGLhk/fC9Aj6tB6Bd1MegMePNw9Xs+Z\nyAHe/xc+F4cqEs1pYrcZpmE1BaNEL8VuYPhcCno+ivECggEAZ2C964tRgrmS1dyn\n5w7doKyKFYq2CiQCBXO33gEPTp/v7FXyACVinRGamMnOdDovHl2HZysZ8NY5ddMz\nMmEBSBtyHNHdnzhjr3kxC4Aqgo/+SjaxD9WmyGGvpJlIH8l9iIoN06iMdXlGKR3T\n337jbk/WVyXqoEFePnoT6YaIFsbQQzbPSaHjqnj9FqxPc/tNi7cW5v6J3uQSg9EK\nVjVCiTlbbsHXBwx3CtyV44jH8fqrLxnRGrlHHhRXcgc5xfFwt6lVZFtYLSaZFoWn\nJGjouOrgqvw9My7ndTjhU+IqgIHP8+gHOd0HSXBFc+4jrmV0fF0Qxqqb8rL1SLQy\nA/Ad2wKCAQEAjIvuz2NBpZztsQswGegtTiUKrlgknzNdqs7UZ8nXTTO9j8UcU+95\nCFJQaS06gIGvXjgQwx0gmrdlLTmYnadCy9PUeiCsT/MxTwFBhOhA1FDLUnmm6aIc\nEyFjyGI7RHrdXmfzjtf423Y9XMWuibLpJZX9ai9wdjzsuuyJGvP/4j4d7r6De5N6\nYF91axEQzKkvZToqeymK0vxBhVN7c6G1CCPRYcHRJ3IGy37XlyrzNgpba7HTwz+j\ny01kGbZbuyo+8bN7YHe6KaTfUIeoMbYqxhODYOVT4vxRZnlA/Rav6CY+SrzwhlTI\nkX76alV+7eR2K/lXwObpCmHdgayXG87CwQKCAQBwZBlmMf8mVeUCNNkM4lB2JQqU\nDCsDhIiAI0B4Lijh4le+YTqkws9tDgjOClAKW0PCnHdK9WRE1EAAxoNYH5i460ce\nLtsj5w0oPqTHbD8ExHbk80J+FIsitMxaeVy1SpKSHomEanNGCu/SaOp+yWjw9hAa\nJ6MnuogZLwwc9D6dqUuuFg1bVX+1KG7omX2W9E4VcrvkGuCBmXsTUMmJUum33fqq\nzaaZy3Je1iDOJHmHVJKk5MggQgHyrTjxtGgZAb8641ySz7jdok0PYMs1tEUglIQM\nyZ1mZ3XDzQLRF+7jfJBRYZcoBsQEQhiL0diZ/I9lex635SqIT/8QM57ZLLAc\n-----END RSA PRIVATE KEY-----\n",
            "private_key_pem_pkcs8": "-----BEGIN PRIVATE KEY-----\nMIIJQwIBADANBgkqhkiG9w0BAQEFAASCCS0wggkpAgEAAoICAQCwplqM7cOC6Flb\nWwFg+bEguI27CEkKbRzvrKBfWLFrsHbANKayQBFx/4/CdRbdhKLzxgiyN57wMcra\nkGToX/uybwYMcATJtb1CFGrjd90rQszlNdaYzYlTbYRtEiv+gWHMtPZKK8tipRq/\nIS7FjgiG5q/ltNXMWtO61MMqC+SOxtgKtGQBIqi9jv3wPiTFxUqrur4jAlLTEf3z\nClDGn3NdHROR/wG5xHvMt0s1ZYrkGxfzcQPFVJQAyhqIm12qj+HGDmlZ/pYA3zSH\nsdIFxT6ayzY6E5fxXut/+a8fOSUxyGllh6FUou351tdgN1gkI1pWH680lM/9miTe\n2Aj6YJp+prwYBtNgV4227mHnq/MqbAMcxgHACACjygoJe9YpA4PBRu8fhYLs6RSH\n820HAFo1QsjVyFWn6bB/Phx+CQsZg81mXbnK0Z6BMbrcjp1XycIB3MVvq50JwxKC\nPZI8ejkVC91XyUDDn6hHKRNoPIpEjJuGtbdOU8Aq/PJnL7wBhbfYBEvpJcfhPJJa\nfTZfZ7oenLXNfT7/pzw7AQoHlrP6Gny6JuTgni1WzSGknwKYqJwHx6qwyt+Kwvem\n4kRCkfgJCh3HYPGNKOEJMrZGmOuaXjDzOeRdWMERorQYzGj9n0ijfBa5RTPkWUbk\niEf5KHq4YOu7E0WNKEAm3Cy3L3wdBwIDAQABAoICAQCAqRkorgAJd5ulmzn83L/y\n+hhYkidIzcIWmt/PsjS/H67OPUrwZxONuTqGwmtd+j4JWUJ6M2KyxUFfQW4NheM3\nyf9YzbnfBFyNJXvYozPWT3gWtcjQUFtmBU0/d83NN4T46RC9YvpmpaQ+czeysclq\nH9kbcEOL7Ndrq41eMX1NtGwkF9ECtrC6J8yyz0BPP2wsef4EV6vliaQyAWBl2jrX\nJddcLaSfHgmhSBsiEAxCKa2fJMA/WGPX01vSBX8KPHOPom1/G5s7lVaYQp6aj1gS\nvFGJqT2wkpbqBfxTvHZntPV2+ns5vtWfc6g4rvamk403Typ4HK8EoeGa4TRg0D2V\nLFiSVg2fUpmk1WYVclWufFFxH48vItt73onJXnRxwFrN30vHCksJK5sTZQ+2oQKN\nb37QzZRQn/N+e2beZENp1wtFxsB4IGbw664+r+QM1pjAbJUadE1PyJdbXibb/uQl\n8pqz6TAUeCqF4CM13JsUHdKx/dRAFORVEOtOjJGOhSdbPywo4/aN6+nAhDL3E2s4\nYiW+boDBxxezagR74w3jhfs0Tl2oNUJnbL30nduRKS/6XJhIUuSkSCHaZvMLuBGI\nhS+3hLwhCYqO7xuAfZDZErVx/ElVUde8wZO56EJlrlQLOAzTob/5Fc3/UzV11+uW\nZU1R5PC+dP22N0AmsuLrIQKCAQEA6T7OZHcGLbKdhiSONXxjX+8sW6pUvRS9N4NA\nIcfe7gFhNE5IYCpUAyy5fPwo11UNKcEbMfeRDr8BJ6yroGUjcrYnwBXy8sDy5LaC\nrBBgDcVUG2+GpTzzDbV1EdHgptUZg8gb+IwY6BZP4yCk9iCC+evSwt1ITAqHCTr5\nJgiHIxf9esmeFo4HbIqloly3kOf6xhxrZk8HFvVJXqjmRHDIFXfgIdGs5fzK8mFS\ntsIwDowfx1tei4kbbh4RGd96J2N2xNq4Xx6hhFasECuNaPVEPWhWR/Ex/iZugJbM\n6n/4+RETTrYgyNb79XSU10CkY/Pu/R01YTtT58V6wexezAv3dwKCAQEAweIZy/qo\n/XhxBQbhyW0U9pfrPWxeiJFYV1GqNOJ8wDzBOzlVuhkzwCyfC9IQ7fBDxB6D7eIP\nQnOo3ATyIvXZsXLoTQUDhEaeWXbJ0wEWSkjlApd9qFKgb2D3fuEW3LSie57uIAFr\nxK2EKllWtZ/BBWfMybsgeEI7DtCJpI0cCFovGcgDltpKYgnnLt9SsQOqHod9EKPY\nPDe4csgoNyniLckslSw5NjnioTaSCn0zMlv1V3lTdsLCWV7QYb2DS5R0oT0tQ4DN\nCBPg0YuGT98L0CPq0HoF3Ux6Ax483D1ez5nIAd7/Fz4XhyoSzWlitxmmYTUFo0Qv\nxW5g+FwKej6K8QKCAQBnYL3ri1GCuZLV3KfnDt2grIoVirYKJAIFc7feAQ9On+/s\nVfIAJWKdEZqYyc50Oi8eXYdnKxnw1jl10zMyYQFIG3Ic0d2fOGOveTELgCqCj/5K\nNrEP1abIYa+kmUgfyX2Iig3TqIx1eUYpHdPffuNuT9ZXJeqgQV4+ehPphogWxtBD\nNs9JoeOqeP0WrE9z+02Ltxbm/one5BKD0QpWNUKJOVtuwdcHDHcK3JXjiMfx+qsv\nGdEauUceFFdyBznF8XC3qVVkW1gtJpkWhackaOi46uCq/D0zLud1OOFT4iqAgc/z\n6Ac53QdJcEVz7iOuZXR8XRDGqpvysvVItDID8B3bAoIBAQCMi+7PY0GlnO2xCzAZ\n6C1OJQquWCSfM12qztRnyddNM72PxRxT73kIUlBpLTqAga9eOBDDHSCat2UtOZid\np0LL09R6IKxP8zFPAUGE6EDUUMtSeabpohwTIWPIYjtEet1eZ/OO1/jbdj1cxa6J\nsukllf1qL3B2POy67Ika8//iPh3uvoN7k3pgX3VrERDMqS9lOip7KYrS/EGFU3tz\nobUII9FhwdEncgbLfteXKvM2CltrsdPDP6PLTWQZtlu7Kj7xs3tgd7oppN9Qh6gx\ntirGE4Ng5VPi/FFmeUD9Fq/oJj5KvPCGVMiRfvpqVX7t5HYr+VfA5ukKYd2BrJcb\nzsLBAoIBAHBkGWYx/yZV5QI02QziUHYlCpQMKwOEiIAjQHguKOHiV75hOqTCz20O\nCM4KUApbQ8Kcd0r1ZETUQADGg1gfmLjrRx4u2yPnDSg+pMdsPwTEduTzQn4UiyK0\nzFp5XLVKkpIeiYRqc0YK79Jo6n7JaPD2EBonoye6iBkvDBz0Pp2pS64WDVtVf7Uo\nbuiZfZb0ThVyu+Qa4IGZexNQyYlS6bfd+qrNppnLcl7WIM4keYdUkqTkyCBCAfKt\nOPG0aBkBvzrjXJLPuN2iTQ9gyzW0RSCUhAzJnWZndcPNAtEX7uN8kFFhlygGxARC\nGIvR2Jn8j2V7HrflKohP/xAzntkssBw=\n-----END PRIVATE KEY-----\n",
            "public_key_fingerprint_md5": "da:82:10:0a:36:ff:f6:93:49:3a:cd:46:d6:49:8c:19",
            "public_key_fingerprint_sha256": "SHA256:0DAUbpbM/jkeaHi+QELdB89QjIGf8K8zXxCUwxgJJqA",
            "public_key_openssh": "ssh-rsa AAAAB3NzaC1yc2EAAAADAQABAAACAQCwplqM7cOC6FlbWwFg+bEguI27CEkKbRzvrKBfWLFrsHbANKayQBFx/4/CdRbdhKLzxgiyN57wMcrakGToX/uybwYMcATJtb1CFGrjd90rQszlNdaYzYlTbYRtEiv+gWHMtPZKK8tipRq/IS7FjgiG5q/ltNXMWtO61MMqC+SOxtgKtGQBIqi9jv3wPiTFxUqrur4jAlLTEf3zClDGn3NdHROR/wG5xHvMt0s1ZYrkGxfzcQPFVJQAyhqIm12qj+HGDmlZ/pYA3zSHsdIFxT6ayzY6E5fxXut/+a8fOSUxyGllh6FUou351tdgN1gkI1pWH680lM/9miTe2Aj6YJp+prwYBtNgV4227mHnq/MqbAMcxgHACACjygoJe9YpA4PBRu8fhYLs6RSH820HAFo1QsjVyFWn6bB/Phx+CQsZg81mXbnK0Z6BMbrcjp1XycIB3MVvq50JwxKCPZI8ejkVC91XyUDDn6hHKRNoPIpEjJuGtbdOU8Aq/PJnL7wBhbfYBEvpJcfhPJJafTZfZ7oenLXNfT7/pzw7AQoHlrP6Gny6JuTgni1WzSGknwKYqJwHx6qwyt+Kwvem4kRCkfgJCh3HYPGNKOEJMrZGmOuaXjDzOeRdWMERorQYzGj9n0ijfBa5RTPkWUbkiEf5KHq4YOu7E0WNKEAm3Cy3L3wdBw==\n",
            "public_key_pem": "-----BEGIN PUBLIC KEY-----\nMIICIjANBgkqhkiG9w0BAQEFAAOCAg8AMIICCgKCAgEAsKZajO3DguhZW1sBYPmx\nILiNuwhJCm0c76ygX1ixa7B2wDSmskARcf+PwnUW3YSi88YIsjee8DHK2pBk6F/7\nsm8GDHAEybW9QhRq43fdK0LM5TXWmM2JU22EbRIr/oFhzLT2SivLYqUavyEuxY4I\nhuav5bTVzFrTutTDKgvkjsbYCrRkASKovY798D4kxcVKq7q+IwJS0xH98wpQxp9z\nXR0Tkf8BucR7zLdLNWWK5BsX83EDxVSUAMoaiJtdqo/hxg5pWf6WAN80h7HSBcU+\nmss2OhOX8V7rf/mvHzklMchpZYehVKLt+dbXYDdYJCNaVh+vNJTP/Zok3tgI+mCa\nfqa8GAbTYFeNtu5h56vzKmwDHMYBwAgAo8oKCXvWKQODwUbvH4WC7OkUh/NtBwBa\nNULI1chVp+mwfz4cfgkLGYPNZl25ytGegTG63I6dV8nCAdzFb6udCcMSgj2SPHo5\nFQvdV8lAw5+oRykTaDyKRIybhrW3TlPAKvzyZy+8AYW32ARL6SXH4TySWn02X2e6\nHpy1zX0+/6c8OwEKB5az+hp8uibk4J4tVs0hpJ8CmKicB8eqsMrfisL3puJEQpH4\nCQodx2DxjSjhCTK2Rpjrml4w8znkXVjBEaK0GMxo/Z9Io3wWuUUz5FlG5IhH+Sh6\nuGDruxNFjShAJtwsty98HQcCAwEAAQ==\n-----END PUBLIC KEY-----\n",
            "rsa_bits": 4096
          },
          "sensitive_attributes": [
            [
              {
                "type": "get_attr",
                "value": "private_key_openssh"
              }
            ],
            [
              {
                "type": "get_attr",
                "value": "private_key_pem_pkcs8"
              }
            ],
            [
              {
                "type": "get_attr",
                "value": "private_key_pem"
              }
            ]
          ]
        }
      ]
    },
    {
      "module": "module.router_table",
      "mode": "managed",
      "type": "aws_route",
      "name": "internet-acess",
      "provider": "provider[\"registry.terraform.io/hashicorp/aws\"]",
      "instances": [
        {
          "schema_version": 0,
          "attributes": {
            "carrier_gateway_id": "",
            "core_network_arn": "",
            "destination_cidr_block": "0.0.0.0/0",
            "destination_ipv6_cidr_block": "",
            "destination_prefix_list_id": "",
            "egress_only_gateway_id": "",
            "gateway_id": "igw-02894bfb8d9534b3e",
            "id": "r-rtb-02d568913977f11911080289494",
            "instance_id": "",
            "instance_owner_id": "",
            "local_gateway_id": "",
            "nat_gateway_id": "",
            "network_interface_id": "",
            "origin": "CreateRoute",
            "route_table_id": "rtb-02d568913977f1191",
            "state": "active",
            "timeouts": null,
            "transit_gateway_id": "",
            "vpc_endpoint_id": "",
            "vpc_peering_connection_id": ""
          },
          "sensitive_attributes": [],
          "private": "eyJlMmJmYjczMC1lY2FhLTExZTYtOGY4OC0zNDM2M2JjN2M0YzAiOnsiY3JlYXRlIjozMDAwMDAwMDAwMDAsImRlbGV0ZSI6MzAwMDAwMDAwMDAwLCJ1cGRhdGUiOjEyMDAwMDAwMDAwMH19",
          "dependencies": [
            "module.router_table.aws_route_table.rtb-wattson",
            "module.vpc.aws_internet_gateway.igw-wattson",
            "module.vpc.aws_vpc.vpc-wattson"
          ]
        }
      ]
    },
    {
      "module": "module.router_table",
      "mode": "managed",
      "type": "aws_route_table",
      "name": "rtb-wattson",
      "provider": "provider[\"registry.terraform.io/hashicorp/aws\"]",
      "instances": [
        {
          "schema_version": 0,
          "attributes": {
            "arn": "arn:aws:ec2:us-east-1:005348368148:route-table/rtb-02d568913977f1191",
            "id": "rtb-02d568913977f1191",
            "owner_id": "005348368148",
            "propagating_vgws": [],
            "route": [],
            "tags": {
              "Name": "rtb-wattson"
            },
            "tags_all": {
              "Name": "rtb-wattson"
            },
            "timeouts": null,
            "vpc_id": "vpc-076a55c5753c17fdb"
          },
          "sensitive_attributes": [],
          "private": "eyJlMmJmYjczMC1lY2FhLTExZTYtOGY4OC0zNDM2M2JjN2M0YzAiOnsiY3JlYXRlIjozMDAwMDAwMDAwMDAsImRlbGV0ZSI6MzAwMDAwMDAwMDAwLCJ1cGRhdGUiOjEyMDAwMDAwMDAwMH19",
          "dependencies": [
            "module.vpc.aws_vpc.vpc-wattson"
          ]
        }
      ]
    },
    {
      "module": "module.router_table",
      "mode": "managed",
      "type": "aws_route_table_association",
      "name": "rt_subnet_pub",
      "provider": "provider[\"registry.terraform.io/hashicorp/aws\"]",
      "instances": [
        {
          "schema_version": 0,
          "attributes": {
            "gateway_id": "",
            "id": "rtbassoc-078abd690d23bb501",
            "route_table_id": "rtb-02d568913977f1191",
            "subnet_id": "subnet-09ed5385fb1f8dc68",
            "timeouts": null
          },
          "sensitive_attributes": [],
          "private": "eyJlMmJmYjczMC1lY2FhLTExZTYtOGY4OC0zNDM2M2JjN2M0YzAiOnsiY3JlYXRlIjozMDAwMDAwMDAwMDAsImRlbGV0ZSI6MzAwMDAwMDAwMDAwLCJ1cGRhdGUiOjEyMDAwMDAwMDAwMH19",
          "dependencies": [
            "module.router_table.aws_route_table.rtb-wattson",
            "module.vpc.aws_subnet.sub-pub-wattson",
            "module.vpc.aws_vpc.vpc-wattson"
          ]
        }
      ]
    },
    {
      "module": "module.s3",
      "mode": "data",
      "type": "aws_caller_identity",
      "name": "current",
      "provider": "provider[\"registry.terraform.io/hashicorp/aws\"]",
      "instances": [
        {
          "schema_version": 0,
          "attributes": {
            "account_id": "005348368148",
            "arn": "arn:aws:sts::005348368148:assumed-role/voclabs/user2769566=caetano.domingues@sptech.school",
            "id": "005348368148",
            "user_id": "AROAQCPWJT4KLXGLRZTU5:user2769566=caetano.domingues@sptech.school"
          },
          "sensitive_attributes": []
        }
      ]
    },
    {
      "module": "module.s3",
      "mode": "managed",
      "type": "aws_s3_bucket",
      "name": "bkt-wattson",
      "provider": "provider[\"registry.terraform.io/hashicorp/aws\"]",
      "instances": [
        {
          "index_key": "bkt-wattson-client-005348368148",
          "schema_version": 0,
          "attributes": {
            "acceleration_status": "",
            "acl": null,
            "arn": "arn:aws:s3:::bkt-wattson-client-005348368148",
            "bucket": "bkt-wattson-client-005348368148",
            "bucket_domain_name": "bkt-wattson-client-005348368148.s3.amazonaws.com",
            "bucket_prefix": "",
            "bucket_regional_domain_name": "bkt-wattson-client-005348368148.s3.amazonaws.com",
            "cors_rule": [],
            "force_destroy": false,
            "grant": [
              {
                "id": "5bd02b57c1f06b624d083c6e3f3c5a24b3ed4da3d4ffb2922f4ec5faa96979b2",
                "permissions": [
                  "FULL_CONTROL"
                ],
                "type": "CanonicalUser",
                "uri": ""
              }
            ],
            "hosted_zone_id": "Z3AQBSTGFYJSTF",
            "id": "bkt-wattson-client-005348368148",
            "lifecycle_rule": [],
            "logging": [],
            "object_lock_configuration": [],
            "object_lock_enabled": false,
            "policy": "",
            "region": "us-east-1",
            "replication_configuration": [],
            "request_payer": "BucketOwner",
            "server_side_encryption_configuration": [
              {
                "rule": [
                  {
                    "apply_server_side_encryption_by_default": [
                      {
                        "kms_master_key_id": "",
                        "sse_algorithm": "AES256"
                      }
                    ],
                    "bucket_key_enabled": false
                  }
                ]
              }
            ],
            "tags": {
              "Name": "bkt-wattson-client-005348368148"
            },
            "tags_all": {
              "Name": "bkt-wattson-client-005348368148"
            },
            "timeouts": null,
            "versioning": [
              {
                "enabled": false,
                "mfa_delete": false
              }
            ],
            "website": [],
            "website_domain": null,
            "website_endpoint": null
          },
          "sensitive_attributes": [],
          "private": "eyJlMmJmYjczMC1lY2FhLTExZTYtOGY4OC0zNDM2M2JjN2M0YzAiOnsiY3JlYXRlIjoxMjAwMDAwMDAwMDAwLCJkZWxldGUiOjM2MDAwMDAwMDAwMDAsInJlYWQiOjEyMDAwMDAwMDAwMDAsInVwZGF0ZSI6MTIwMDAwMDAwMDAwMH19",
          "dependencies": [
            "module.s3.data.aws_caller_identity.current"
          ]
        },
        {
          "index_key": "bkt-wattson-raw-005348368148",
          "schema_version": 0,
          "attributes": {
            "acceleration_status": "",
            "acl": null,
            "arn": "arn:aws:s3:::bkt-wattson-raw-005348368148",
            "bucket": "bkt-wattson-raw-005348368148",
            "bucket_domain_name": "bkt-wattson-raw-005348368148.s3.amazonaws.com",
            "bucket_prefix": "",
            "bucket_regional_domain_name": "bkt-wattson-raw-005348368148.s3.amazonaws.com",
            "cors_rule": [],
            "force_destroy": false,
            "grant": [
              {
                "id": "5bd02b57c1f06b624d083c6e3f3c5a24b3ed4da3d4ffb2922f4ec5faa96979b2",
                "permissions": [
                  "FULL_CONTROL"
                ],
                "type": "CanonicalUser",
                "uri": ""
              }
            ],
            "hosted_zone_id": "Z3AQBSTGFYJSTF",
            "id": "bkt-wattson-raw-005348368148",
            "lifecycle_rule": [],
            "logging": [],
            "object_lock_configuration": [],
            "object_lock_enabled": false,
            "policy": "",
            "region": "us-east-1",
            "replication_configuration": [],
            "request_payer": "BucketOwner",
            "server_side_encryption_configuration": [
              {
                "rule": [
                  {
                    "apply_server_side_encryption_by_default": [
                      {
                        "kms_master_key_id": "",
                        "sse_algorithm": "AES256"
                      }
                    ],
                    "bucket_key_enabled": false
                  }
                ]
              }
            ],
            "tags": {
              "Name": "bkt-wattson-raw-005348368148"
            },
            "tags_all": {
              "Name": "bkt-wattson-raw-005348368148"
            },
            "timeouts": null,
            "versioning": [
              {
                "enabled": false,
                "mfa_delete": false
              }
            ],
            "website": [],
            "website_domain": null,
            "website_endpoint": null
          },
          "sensitive_attributes": [],
          "private": "eyJlMmJmYjczMC1lY2FhLTExZTYtOGY4OC0zNDM2M2JjN2M0YzAiOnsiY3JlYXRlIjoxMjAwMDAwMDAwMDAwLCJkZWxldGUiOjM2MDAwMDAwMDAwMDAsInJlYWQiOjEyMDAwMDAwMDAwMDAsInVwZGF0ZSI6MTIwMDAwMDAwMDAwMH19",
          "dependencies": [
            "module.s3.data.aws_caller_identity.current"
          ]
        },
        {
          "index_key": "bkt-wattson-trusted-005348368148",
          "schema_version": 0,
          "attributes": {
            "acceleration_status": "",
            "acl": null,
            "arn": "arn:aws:s3:::bkt-wattson-trusted-005348368148",
            "bucket": "bkt-wattson-trusted-005348368148",
            "bucket_domain_name": "bkt-wattson-trusted-005348368148.s3.amazonaws.com",
            "bucket_prefix": "",
            "bucket_regional_domain_name": "bkt-wattson-trusted-005348368148.s3.amazonaws.com",
            "cors_rule": [],
            "force_destroy": false,
            "grant": [
              {
                "id": "5bd02b57c1f06b624d083c6e3f3c5a24b3ed4da3d4ffb2922f4ec5faa96979b2",
                "permissions": [
                  "FULL_CONTROL"
                ],
                "type": "CanonicalUser",
                "uri": ""
              }
            ],
            "hosted_zone_id": "Z3AQBSTGFYJSTF",
            "id": "bkt-wattson-trusted-005348368148",
            "lifecycle_rule": [],
            "logging": [],
            "object_lock_configuration": [],
            "object_lock_enabled": false,
            "policy": "",
            "region": "us-east-1",
            "replication_configuration": [],
            "request_payer": "BucketOwner",
            "server_side_encryption_configuration": [
              {
                "rule": [
                  {
                    "apply_server_side_encryption_by_default": [
                      {
                        "kms_master_key_id": "",
                        "sse_algorithm": "AES256"
                      }
                    ],
                    "bucket_key_enabled": false
                  }
                ]
              }
            ],
            "tags": {
              "Name": "bkt-wattson-trusted-005348368148"
            },
            "tags_all": {
              "Name": "bkt-wattson-trusted-005348368148"
            },
            "timeouts": null,
            "versioning": [
              {
                "enabled": false,
                "mfa_delete": false
              }
            ],
            "website": [],
            "website_domain": null,
            "website_endpoint": null
          },
          "sensitive_attributes": [],
          "private": "eyJlMmJmYjczMC1lY2FhLTExZTYtOGY4OC0zNDM2M2JjN2M0YzAiOnsiY3JlYXRlIjoxMjAwMDAwMDAwMDAwLCJkZWxldGUiOjM2MDAwMDAwMDAwMDAsInJlYWQiOjEyMDAwMDAwMDAwMDAsInVwZGF0ZSI6MTIwMDAwMDAwMDAwMH19",
          "dependencies": [
            "module.s3.data.aws_caller_identity.current"
          ]
        }
      ]
    },
    {
      "module": "module.s3",
      "mode": "managed",
      "type": "aws_s3_bucket_cors_configuration",
      "name": "bkt-cors-config",
      "provider": "provider[\"registry.terraform.io/hashicorp/aws\"]",
      "instances": [
        {
          "index_key": "bkt-wattson-client-005348368148",
          "schema_version": 0,
          "attributes": {
            "bucket": "bkt-wattson-client-005348368148",
            "cors_rule": [
              {
                "allowed_headers": [
                  "*"
                ],
                "allowed_methods": [
                  "GET"
                ],
                "allowed_origins": [
                  "*"
                ],
                "expose_headers": [],
                "id": "",
                "max_age_seconds": null
              }
            ],
            "expected_bucket_owner": "",
            "id": "bkt-wattson-client-005348368148"
          },
          "sensitive_attributes": [],
          "private": "bnVsbA==",
          "dependencies": [
            "module.s3.aws_s3_bucket.bkt-wattson",
            "module.s3.data.aws_caller_identity.current"
          ]
        },
        {
          "index_key": "bkt-wattson-raw-005348368148",
          "schema_version": 0,
          "attributes": {
            "bucket": "bkt-wattson-raw-005348368148",
            "cors_rule": [
              {
                "allowed_headers": [
                  "*"
                ],
                "allowed_methods": [
                  "GET"
                ],
                "allowed_origins": [
                  "*"
                ],
                "expose_headers": [],
                "id": "",
                "max_age_seconds": null
              }
            ],
            "expected_bucket_owner": "",
            "id": "bkt-wattson-raw-005348368148"
          },
          "sensitive_attributes": [],
          "private": "bnVsbA==",
          "dependencies": [
            "module.s3.aws_s3_bucket.bkt-wattson",
            "module.s3.data.aws_caller_identity.current"
          ]
        },
        {
          "index_key": "bkt-wattson-trusted-005348368148",
          "schema_version": 0,
          "attributes": {
            "bucket": "bkt-wattson-trusted-005348368148",
            "cors_rule": [
              {
                "allowed_headers": [
                  "*"
                ],
                "allowed_methods": [
                  "GET"
                ],
                "allowed_origins": [
                  "*"
                ],
                "expose_headers": [],
                "id": "",
                "max_age_seconds": null
              }
            ],
            "expected_bucket_owner": "",
            "id": "bkt-wattson-trusted-005348368148"
          },
          "sensitive_attributes": [],
          "private": "bnVsbA==",
          "dependencies": [
            "module.s3.aws_s3_bucket.bkt-wattson",
            "module.s3.data.aws_caller_identity.current"
          ]
        }
      ]
    },
    {
      "module": "module.s3",
      "mode": "managed",
      "type": "aws_s3_bucket_policy",
      "name": "bkt_policy_acesso",
      "provider": "provider[\"registry.terraform.io/hashicorp/aws\"]",
      "instances": [
        {
          "index_key": "bkt-wattson-client-005348368148",
          "schema_version": 0,
          "attributes": {
            "bucket": "bkt-wattson-client-005348368148",
            "id": "bkt-wattson-client-005348368148",
            "policy": "{\"Statement\":[{\"Action\":[\"s3:GetObject\",\"s3:PutObject\",\"s3:DeleteObject\"],\"Effect\":\"Allow\",\"Principal\":\"*\",\"Resource\":\"arn:aws:s3:::bkt-wattson-client-005348368148/*\"}],\"Version\":\"2012-10-17\"}"
          },
          "sensitive_attributes": [],
          "private": "bnVsbA==",
          "dependencies": [
            "module.s3.aws_s3_bucket.bkt-wattson",
            "module.s3.data.aws_caller_identity.current"
          ]
        },
        {
          "index_key": "bkt-wattson-raw-005348368148",
          "schema_version": 0,
          "attributes": {
            "bucket": "bkt-wattson-raw-005348368148",
            "id": "bkt-wattson-raw-005348368148",
            "policy": "{\"Statement\":[{\"Action\":[\"s3:GetObject\",\"s3:PutObject\",\"s3:DeleteObject\"],\"Effect\":\"Allow\",\"Principal\":\"*\",\"Resource\":\"arn:aws:s3:::bkt-wattson-raw-005348368148/*\"}],\"Version\":\"2012-10-17\"}"
          },
          "sensitive_attributes": [],
          "private": "bnVsbA==",
          "dependencies": [
            "module.s3.aws_s3_bucket.bkt-wattson",
            "module.s3.data.aws_caller_identity.current"
          ]
        }
      ]
    },
    {
      "module": "module.s3",
      "mode": "managed",
      "type": "aws_s3_bucket_public_access_block",
      "name": "bucket_acessos",
      "provider": "provider[\"registry.terraform.io/hashicorp/aws\"]",
      "instances": [
        {
          "index_key": "bkt-wattson-client-005348368148",
          "schema_version": 0,
          "attributes": {
            "block_public_acls": false,
            "block_public_policy": false,
            "bucket": "bkt-wattson-client-005348368148",
            "id": "bkt-wattson-client-005348368148",
            "ignore_public_acls": false,
            "restrict_public_buckets": false
          },
          "sensitive_attributes": [],
          "private": "bnVsbA==",
          "dependencies": [
            "module.s3.aws_s3_bucket.bkt-wattson",
            "module.s3.data.aws_caller_identity.current"
          ]
        },
        {
          "index_key": "bkt-wattson-raw-005348368148",
          "schema_version": 0,
          "attributes": {
            "block_public_acls": false,
            "block_public_policy": false,
            "bucket": "bkt-wattson-raw-005348368148",
            "id": "bkt-wattson-raw-005348368148",
            "ignore_public_acls": false,
            "restrict_public_buckets": false
          },
          "sensitive_attributes": [],
          "private": "bnVsbA==",
          "dependencies": [
            "module.s3.aws_s3_bucket.bkt-wattson",
            "module.s3.data.aws_caller_identity.current"
          ]
        },
        {
          "index_key": "bkt-wattson-trusted-005348368148",
          "schema_version": 0,
          "attributes": {
            "block_public_acls": false,
            "block_public_policy": false,
            "bucket": "bkt-wattson-trusted-005348368148",
            "id": "bkt-wattson-trusted-005348368148",
            "ignore_public_acls": false,
            "restrict_public_buckets": false
          },
          "sensitive_attributes": [],
          "private": "bnVsbA==",
          "dependencies": [
            "module.s3.aws_s3_bucket.bkt-wattson",
            "module.s3.data.aws_caller_identity.current"
          ]
        }
      ]
    },
    {
      "module": "module.security_group",
      "mode": "managed",
      "type": "aws_security_group",
      "name": "sgp_pub_wattson",
      "provider": "provider[\"registry.terraform.io/hashicorp/aws\"]",
      "instances": [
        {
          "schema_version": 1,
          "attributes": {
            "arn": "arn:aws:ec2:us-east-1:005348368148:security-group/sg-05dbcb48a51e7eba4",
            "description": "Allow SSH acess",
            "egress": [
              {
                "cidr_blocks": [
                  "0.0.0.0/0"
                ],
                "description": "",
                "from_port": 0,
                "ipv6_cidr_blocks": [],
                "prefix_list_ids": [],
                "protocol": "-1",
                "security_groups": [],
                "self": false,
                "to_port": 0
              }
            ],
            "id": "sg-05dbcb48a51e7eba4",
            "ingress": [
              {
                "cidr_blocks": [
                  "0.0.0.0/0"
                ],
                "description": "",
                "from_port": 0,
                "ipv6_cidr_blocks": [],
                "prefix_list_ids": [],
                "protocol": "-1",
                "security_groups": [],
                "self": false,
                "to_port": 0
              }
            ],
            "name": "sgp_pub_wattson",
            "name_prefix": "",
            "owner_id": "005348368148",
            "revoke_rules_on_delete": false,
            "tags": {
              "Name": "sgp_pub_wattson"
            },
            "tags_all": {
              "Name": "sgp_pub_wattson"
            },
            "timeouts": null,
            "vpc_id": "vpc-076a55c5753c17fdb"
          },
          "sensitive_attributes": [],
          "private": "eyJlMmJmYjczMC1lY2FhLTExZTYtOGY4OC0zNDM2M2JjN2M0YzAiOnsiY3JlYXRlIjo2MDAwMDAwMDAwMDAsImRlbGV0ZSI6OTAwMDAwMDAwMDAwfSwic2NoZW1hX3ZlcnNpb24iOiIxIn0=",
          "dependencies": [
            "module.vpc.aws_vpc.vpc-wattson"
          ]
        }
      ]
    },
    {
      "module": "module.vpc",
      "mode": "managed",
      "type": "aws_internet_gateway",
      "name": "igw-wattson",
      "provider": "provider[\"registry.terraform.io/hashicorp/aws\"]",
      "instances": [
        {
          "schema_version": 0,
          "attributes": {
            "arn": "arn:aws:ec2:us-east-1:005348368148:internet-gateway/igw-02894bfb8d9534b3e",
            "id": "igw-02894bfb8d9534b3e",
            "owner_id": "005348368148",
            "tags": {
              "Name": "wattson-igw"
            },
            "tags_all": {
              "Name": "wattson-igw"
            },
            "timeouts": null,
            "vpc_id": "vpc-076a55c5753c17fdb"
          },
          "sensitive_attributes": [],
          "private": "eyJlMmJmYjczMC1lY2FhLTExZTYtOGY4OC0zNDM2M2JjN2M0YzAiOnsiY3JlYXRlIjoxMjAwMDAwMDAwMDAwLCJkZWxldGUiOjEyMDAwMDAwMDAwMDAsInVwZGF0ZSI6MTIwMDAwMDAwMDAwMH19",
          "dependencies": [
            "module.vpc.aws_vpc.vpc-wattson"
          ]
        }
      ]
    },
    {
      "module": "module.vpc",
      "mode": "managed",
      "type": "aws_subnet",
      "name": "sub-pub-wattson",
      "provider": "provider[\"registry.terraform.io/hashicorp/aws\"]",
      "instances": [
        {
          "schema_version": 1,
          "attributes": {
            "arn": "arn:aws:ec2:us-east-1:005348368148:subnet/subnet-09ed5385fb1f8dc68",
            "assign_ipv6_address_on_creation": false,
            "availability_zone": "us-east-1a",
            "availability_zone_id": "use1-az6",
            "cidr_block": "10.0.0.0/26",
            "customer_owned_ipv4_pool": "",
            "enable_dns64": false,
            "enable_lni_at_device_index": 0,
            "enable_resource_name_dns_a_record_on_launch": true,
            "enable_resource_name_dns_aaaa_record_on_launch": false,
            "id": "subnet-09ed5385fb1f8dc68",
            "ipv6_cidr_block": "",
            "ipv6_cidr_block_association_id": "",
            "ipv6_native": false,
            "map_customer_owned_ip_on_launch": false,
            "map_public_ip_on_launch": true,
            "outpost_arn": "",
            "owner_id": "005348368148",
            "private_dns_hostname_type_on_launch": "ip-name",
            "tags": {
              "Name": "sub-pub-wattson"
            },
            "tags_all": {
              "Name": "sub-pub-wattson"
            },
            "timeouts": null,
            "vpc_id": "vpc-076a55c5753c17fdb"
          },
          "sensitive_attributes": [],
          "private": "eyJlMmJmYjczMC1lY2FhLTExZTYtOGY4OC0zNDM2M2JjN2M0YzAiOnsiY3JlYXRlIjo2MDAwMDAwMDAwMDAsImRlbGV0ZSI6MTIwMDAwMDAwMDAwMH0sInNjaGVtYV92ZXJzaW9uIjoiMSJ9",
          "dependencies": [
            "module.vpc.aws_vpc.vpc-wattson"
          ]
        }
      ]
    },
    {
      "module": "module.vpc",
      "mode": "managed",
      "type": "aws_vpc",
      "name": "vpc-wattson",
      "provider": "provider[\"registry.terraform.io/hashicorp/aws\"]",
      "instances": [
        {
          "schema_version": 1,
          "attributes": {
            "arn": "arn:aws:ec2:us-east-1:005348368148:vpc/vpc-076a55c5753c17fdb",
            "assign_generated_ipv6_cidr_block": false,
            "cidr_block": "10.0.0.0/24",
            "default_network_acl_id": "acl-0f545a7456d7b0b30",
            "default_route_table_id": "rtb-0f9893a592e027772",
            "default_security_group_id": "sg-02ee41ab5bfb6883e",
            "dhcp_options_id": "dopt-0d661435d9864e960",
            "enable_classiclink": false,
            "enable_classiclink_dns_support": false,
            "enable_dns_hostnames": true,
            "enable_dns_support": true,
            "enable_network_address_usage_metrics": false,
            "id": "vpc-076a55c5753c17fdb",
            "instance_tenancy": "default",
            "ipv4_ipam_pool_id": null,
            "ipv4_netmask_length": null,
            "ipv6_association_id": "",
            "ipv6_cidr_block": "",
            "ipv6_cidr_block_network_border_group": "",
            "ipv6_ipam_pool_id": "",
            "ipv6_netmask_length": 0,
            "main_route_table_id": "rtb-0f9893a592e027772",
            "owner_id": "005348368148",
            "tags": {
              "Name": "vpc-wattson"
            },
            "tags_all": {
              "Name": "vpc-wattson"
            }
          },
          "sensitive_attributes": [],
          "private": "eyJzY2hlbWFfdmVyc2lvbiI6IjEifQ=="
        }
      ]
    }
  ],
  "check_results": null
}
